{
  "object": {
    "pins": [
      {
        "package": "SwiftMQTT",
        "repositoryURL": "https://github.com/philipparndt/SwiftMQTT",
        "state": {
          "branch": null,
          "revision": "0ea2063b7acbdf0c88cb490bda327f655807a4ab",
          "version": "3.0.2"
        }
      }
    ]
  },
  "version": 1
}
