// !$*UTF8*$!
{
	archiveVersion = 1;
	classes = {
	};
	objectVersion = 51;
	objects = {

/* Begin PBXBuildFile section */
		2202FFE224059D2A00161AD9 /* AuthenticationTypePicker.swift in Sources */ = {isa = PBXBuildFile; fileRef = 2202FFE124059D2A00161AD9 /* AuthenticationTypePicker.swift */; };
		2203571F2445852800A98CD3 /* CocoaMQTTCertificateFiles.swift in Sources */ = {isa = PBXBuildFile; fileRef = 2203571E2445852800A98CD3 /* CocoaMQTTCertificateFiles.swift */; };
		220357212445B2ED00A98CD3 /* MQTTDelegate.swift in Sources */ = {isa = PBXBuildFile; fileRef = 220357202445B2ED00A98CD3 /* MQTTDelegate.swift */; };
		220357232445D6F200A98CD3 /* ClientImplFormView.swift in Sources */ = {isa = PBXBuildFile; fileRef = 220357222445D6F200A98CD3 /* ClientImplFormView.swift */; };
		220357252445DD6E00A98CD3 /* DeprecationBox.swift in Sources */ = {isa = PBXBuildFile; fileRef = 220357242445DD6E00A98CD3 /* DeprecationBox.swift */; };
		2205E5E1238A7EE2001638DF /* ButtonStyle.swift in Sources */ = {isa = PBXBuildFile; fileRef = 2205E5E0238A7EE2001638DF /* ButtonStyle.swift */; };
		2209C86C23B720E7007C1D93 /* HostValidator.swift in Sources */ = {isa = PBXBuildFile; fileRef = 2209C86B23B720E7007C1D93 /* HostValidator.swift */; };
		220CCD632477F12300E8CA39 /* DataMigrationCertificateFiles.swift in Sources */ = {isa = PBXBuildFile; fileRef = 220CCD622477F12300E8CA39 /* DataMigrationCertificateFiles.swift */; };
		221C571C2466847800C0DD02 /* QuestionBox.swift in Sources */ = {isa = PBXBuildFile; fileRef = 221C571B2466847800C0DD02 /* QuestionBox.swift */; };
		221C571E2466C9CD00C0DD02 /* AWSIOTPreset.swift in Sources */ = {isa = PBXBuildFile; fileRef = 221C571D2466C9CD00C0DD02 /* AWSIOTPreset.swift */; };
		221C57202466CC2800C0DD02 /* AWSIOTPresetTests.swift in Sources */ = {isa = PBXBuildFile; fileRef = 221C571F2466CC2800C0DD02 /* AWSIOTPresetTests.swift */; };
		223AF5D12477D575009810E6 /* FileLister.swift in Sources */ = {isa = PBXBuildFile; fileRef = 223AF5D02477D575009810E6 /* FileLister.swift */; };
		223AF5D32477D5CA009810E6 /* FileListView.swift in Sources */ = {isa = PBXBuildFile; fileRef = 223AF5D22477D5CA009810E6 /* FileListView.swift */; };
		223AF5D52477D5F5009810E6 /* FileItemView.swift in Sources */ = {isa = PBXBuildFile; fileRef = 223AF5D42477D5F5009810E6 /* FileItemView.swift */; };
		223AF5D72477D60A009810E6 /* PKCS12HelpView.swift in Sources */ = {isa = PBXBuildFile; fileRef = 223AF5D62477D60A009810E6 /* PKCS12HelpView.swift */; };
		223AF5D92477D620009810E6 /* NoFilesHelpView.swift in Sources */ = {isa = PBXBuildFile; fileRef = 223AF5D82477D620009810E6 /* NoFilesHelpView.swift */; };
		223AF5DB2477D64B009810E6 /* CertificateFileModel.swift in Sources */ = {isa = PBXBuildFile; fileRef = 223AF5DA2477D64B009810E6 /* CertificateFileModel.swift */; };
		223EF0062387084D002ADF3E /* HostSetting.swift in Sources */ = {isa = PBXBuildFile; fileRef = 223EF0052387084D002ADF3E /* HostSetting.swift */; };
		223EF00823870AA5002ADF3E /* CloudKit.framework in Frameworks */ = {isa = PBXBuildFile; fileRef = 223EF00723870AA5002ADF3E /* CloudKit.framework */; };
		2253F8D622C8C007007E35A2 /* AppDelegate.swift in Sources */ = {isa = PBXBuildFile; fileRef = 2253F8D522C8C007007E35A2 /* AppDelegate.swift */; };
		2253F8D822C8C007007E35A2 /* SceneDelegate.swift in Sources */ = {isa = PBXBuildFile; fileRef = 2253F8D722C8C007007E35A2 /* SceneDelegate.swift */; };
		2253F8DB22C8C007007E35A2 /* MQTTAnalyzer.xcdatamodeld in Sources */ = {isa = PBXBuildFile; fileRef = 2253F8D922C8C007007E35A2 /* MQTTAnalyzer.xcdatamodeld */; };
		2253F8DD22C8C007007E35A2 /* TopicsView.swift in Sources */ = {isa = PBXBuildFile; fileRef = 2253F8DC22C8C007007E35A2 /* TopicsView.swift */; };
		2253F8DF22C8C008007E35A2 /* Assets.xcassets in Resources */ = {isa = PBXBuildFile; fileRef = 2253F8DE22C8C008007E35A2 /* Assets.xcassets */; };
		2253F8E222C8C008007E35A2 /* Preview Assets.xcassets in Resources */ = {isa = PBXBuildFile; fileRef = 2253F8E122C8C008007E35A2 /* Preview Assets.xcassets */; };
		2253F8E522C8C008007E35A2 /* LaunchScreen.storyboard in Resources */ = {isa = PBXBuildFile; fileRef = 2253F8E322C8C008007E35A2 /* LaunchScreen.storyboard */; };
		2253F8F022C8C008007E35A2 /* MQTTAnalyzerTests.swift in Sources */ = {isa = PBXBuildFile; fileRef = 2253F8EF22C8C008007E35A2 /* MQTTAnalyzerTests.swift */; };
		2256BDAA246FBE5100F92EFE /* DataMigrationEmptyTopic.swift in Sources */ = {isa = PBXBuildFile; fileRef = 2256BDA9246FBE5100F92EFE /* DataMigrationEmptyTopic.swift */; };
		2263C1D924813B0C00FF14E8 /* CertificateFilesModel.swift in Sources */ = {isa = PBXBuildFile; fileRef = 2263C1D824813B0C00FF14E8 /* CertificateFilesModel.swift */; };
		226A6B50244457E100ACDFC3 /* MqttClient.swift in Sources */ = {isa = PBXBuildFile; fileRef = 226A6B4F244457E100ACDFC3 /* MqttClient.swift */; };
		226A6B5224445BA400ACDFC3 /* CocoaMQTTClient.swift in Sources */ = {isa = PBXBuildFile; fileRef = 226A6B5124445BA400ACDFC3 /* CocoaMQTTClient.swift */; };
		226A6B5424448ECB00ACDFC3 /* MqttClientSharedUtils.swift in Sources */ = {isa = PBXBuildFile; fileRef = 226A6B5324448ECB00ACDFC3 /* MqttClientSharedUtils.swift */; };
		226A6B5624449F5400ACDFC3 /* ProtocolPicker.swift in Sources */ = {isa = PBXBuildFile; fileRef = 226A6B5524449F5400ACDFC3 /* ProtocolPicker.swift */; };
		226A6B5824449F6200ACDFC3 /* ClientImplTypePicker.swift in Sources */ = {isa = PBXBuildFile; fileRef = 226A6B5724449F6200ACDFC3 /* ClientImplTypePicker.swift */; };
		226A6B5D2445748500ACDFC3 /* HostFormModel.swift in Sources */ = {isa = PBXBuildFile; fileRef = 226A6B5C2445748500ACDFC3 /* HostFormModel.swift */; };
		226A6B5F2445754D00ACDFC3 /* ServerFormView.swift in Sources */ = {isa = PBXBuildFile; fileRef = 226A6B5E2445754D00ACDFC3 /* ServerFormView.swift */; };
		226A6B612445757900ACDFC3 /* TopicsFormView.swift in Sources */ = {isa = PBXBuildFile; fileRef = 226A6B602445757900ACDFC3 /* TopicsFormView.swift */; };
		226A6B632445759600ACDFC3 /* ClientIDFormView.swift in Sources */ = {isa = PBXBuildFile; fileRef = 226A6B622445759600ACDFC3 /* ClientIDFormView.swift */; };
		226A6B65244575AF00ACDFC3 /* LimitsFormView.swift in Sources */ = {isa = PBXBuildFile; fileRef = 226A6B64244575AF00ACDFC3 /* LimitsFormView.swift */; };
		226A6B67244575DB00ACDFC3 /* AuthFormView.swift in Sources */ = {isa = PBXBuildFile; fileRef = 226A6B66244575DB00ACDFC3 /* AuthFormView.swift */; };
		2281047623816FD800112F24 /* QuickFilterView.swift in Sources */ = {isa = PBXBuildFile; fileRef = 2281047423816FD800112F24 /* QuickFilterView.swift */; };
		2281047723816FD800112F24 /* QuickFilterTextDebounce.swift in Sources */ = {isa = PBXBuildFile; fileRef = 2281047523816FD800112F24 /* QuickFilterTextDebounce.swift */; };
		228104832381723D00112F24 /* MessageDetailsJsonView.swift in Sources */ = {isa = PBXBuildFile; fileRef = 228104822381723D00112F24 /* MessageDetailsJsonView.swift */; };
		228104852381727B00112F24 /* MessageDetailsPlainTextView.swift in Sources */ = {isa = PBXBuildFile; fileRef = 228104842381727B00112F24 /* MessageDetailsPlainTextView.swift */; };
		22810488238173BB00112F24 /* DataSeriesView.swift in Sources */ = {isa = PBXBuildFile; fileRef = 22810487238173BB00112F24 /* DataSeriesView.swift */; };
		2281048A2381740000112F24 /* MessageView.swift in Sources */ = {isa = PBXBuildFile; fileRef = 228104892381740000112F24 /* MessageView.swift */; };
		2281048C2381744300112F24 /* TopicView.swift in Sources */ = {isa = PBXBuildFile; fileRef = 2281048B2381744300112F24 /* TopicView.swift */; };
		228104912381770000112F24 /* ReconnectView.swift in Sources */ = {isa = PBXBuildFile; fileRef = 228104902381770000112F24 /* ReconnectView.swift */; };
		228104932381773100112F24 /* TopicCellView.swift in Sources */ = {isa = PBXBuildFile; fileRef = 228104922381773100112F24 /* TopicCellView.swift */; };
		228104952381779000112F24 /* TopicToolsView.swift in Sources */ = {isa = PBXBuildFile; fileRef = 228104942381779000112F24 /* TopicToolsView.swift */; };
		228104982381796B00112F24 /* HostCellView.swift in Sources */ = {isa = PBXBuildFile; fileRef = 228104972381796B00112F24 /* HostCellView.swift */; };
		228B069323FC318100E988D0 /* ModelTests.swift in Sources */ = {isa = PBXBuildFile; fileRef = 228B069223FC318100E988D0 /* ModelTests.swift */; };
		229005CF237E7A8600D5A706 /* HostModelPersistence.swift in Sources */ = {isa = PBXBuildFile; fileRef = 229005CE237E7A8600D5A706 /* HostModelPersistence.swift */; };
		2291283C24681CAD006F8256 /* SubscriptionDetailsView.swift in Sources */ = {isa = PBXBuildFile; fileRef = 2291283B24681CAD006F8256 /* SubscriptionDetailsView.swift */; };
		2291283E24682494006F8256 /* TopicCell.swift in Sources */ = {isa = PBXBuildFile; fileRef = 2291283D24682494006F8256 /* TopicCell.swift */; };
		229128412468590D006F8256 /* DataMigrationMultipleTopics.swift in Sources */ = {isa = PBXBuildFile; fileRef = 229128402468590D006F8256 /* DataMigrationMultipleTopics.swift */; };
		2291284324685959006F8256 /* MigrationHelper.swift in Sources */ = {isa = PBXBuildFile; fileRef = 2291284224685959006F8256 /* MigrationHelper.swift */; };
		2291284524685A13006F8256 /* DataMigrationClientImpl.swift in Sources */ = {isa = PBXBuildFile; fileRef = 2291284424685A13006F8256 /* DataMigrationClientImpl.swift */; };
		2291284724685A92006F8256 /* DataMigrationAuth.swift in Sources */ = {isa = PBXBuildFile; fileRef = 2291284624685A92006F8256 /* DataMigrationAuth.swift */; };
		2291284924685AE1006F8256 /* DataMigrationLimits.swift in Sources */ = {isa = PBXBuildFile; fileRef = 2291284824685AE0006F8256 /* DataMigrationLimits.swift */; };
		2291424923BF6ECE0086C251 /* KeyboardResponsiveModifier.swift in Sources */ = {isa = PBXBuildFile; fileRef = 2291424823BF6ECE0086C251 /* KeyboardResponsiveModifier.swift */; };
		2291424C23BF78000086C251 /* AboutView.swift in Sources */ = {isa = PBXBuildFile; fileRef = 2291424B23BF78000086C251 /* AboutView.swift */; };
		2291424F23C0C0370086C251 /* MenuButton.swift in Sources */ = {isa = PBXBuildFile; fileRef = 2291424E23C0C0370086C251 /* MenuButton.swift */; };
		229FCAED247D67BC00490628 /* DocumentPickerView.swift in Sources */ = {isa = PBXBuildFile; fileRef = 229FCAEC247D67BC00490628 /* DocumentPickerView.swift */; };
		229FCAEF247D6E2700490628 /* ImportCertificatePicker.swift in Sources */ = {isa = PBXBuildFile; fileRef = 229FCAEE247D6E2700490628 /* ImportCertificatePicker.swift */; };
		22A386F724093EA200DF8F94 /* UsernamePasswordAuthenticationView.swift in Sources */ = {isa = PBXBuildFile; fileRef = 22A386F624093EA200DF8F94 /* UsernamePasswordAuthenticationView.swift */; };
		22A386F92409404600DF8F94 /* CertificateAuthenticationView.swift in Sources */ = {isa = PBXBuildFile; fileRef = 22A386F82409404600DF8F94 /* CertificateAuthenticationView.swift */; };
		22A386FB240941B600DF8F94 /* CertificateFilePickerView.swift in Sources */ = {isa = PBXBuildFile; fileRef = 22A386FA240941B600DF8F94 /* CertificateFilePickerView.swift */; };
		22A386FD2409440F00DF8F94 /* InfoBox.swift in Sources */ = {isa = PBXBuildFile; fileRef = 22A386FC2409440F00DF8F94 /* InfoBox.swift */; };
		22A387052409768100DF8F94 /* HostModelPersistenceTests.swift in Sources */ = {isa = PBXBuildFile; fileRef = 22A387042409768100DF8F94 /* HostModelPersistenceTests.swift */; };
		22A38707240BD9E600DF8F94 /* TimeSeriesValueUtil.swift in Sources */ = {isa = PBXBuildFile; fileRef = 22A38706240BD9E600DF8F94 /* TimeSeriesValueUtil.swift */; };
		22A38709240BE7D100DF8F94 /* MoscapsuleCertificateFiles.swift in Sources */ = {isa = PBXBuildFile; fileRef = 22A38708240BE7D100DF8F94 /* MoscapsuleCertificateFiles.swift */; };
		22AE64342412636300C2C4FE /* DiagramPath.swift in Sources */ = {isa = PBXBuildFile; fileRef = 22AE64332412636300C2C4FE /* DiagramPath.swift */; };
		22AE64362412637A00C2C4FE /* TimeSeriesValue.swift in Sources */ = {isa = PBXBuildFile; fileRef = 22AE64352412637A00C2C4FE /* TimeSeriesValue.swift */; };
		22AE643824126A7500C2C4FE /* DiagramPathTests.swift in Sources */ = {isa = PBXBuildFile; fileRef = 22AE643724126A7500C2C4FE /* DiagramPathTests.swift */; };
		22AF3AE72388858B001D9F87 /* NewHostFormDialog.swift in Sources */ = {isa = PBXBuildFile; fileRef = 22AF3AE62388858B001D9F87 /* NewHostFormDialog.swift */; };
		22AF3AE9238885AF001D9F87 /* EditHostFormDialog.swift in Sources */ = {isa = PBXBuildFile; fileRef = 22AF3AE8238885AF001D9F87 /* EditHostFormDialog.swift */; };
		22AF3AEB23891267001D9F87 /* HostSettingExamples.swift in Sources */ = {isa = PBXBuildFile; fileRef = 22AF3AEA23891267001D9F87 /* HostSettingExamples.swift */; };
		22C2856224759FD40000C1E8 /* CertificateLocationPicker.swift in Sources */ = {isa = PBXBuildFile; fileRef = 22C2856124759FD40000C1E8 /* CertificateLocationPicker.swift */; };
		22C386A322CB84900054C385 /* RootView.swift in Sources */ = {isa = PBXBuildFile; fileRef = 22C386A222CB84900054C385 /* RootView.swift */; };
		22C7F0D32416A16600534880 /* MQTTAnalyzerUITests.swift in Sources */ = {isa = PBXBuildFile; fileRef = 22C7F0D22416A16600534880 /* MQTTAnalyzerUITests.swift */; };
		22C9F72F23B7486E00892C4B /* .swiftlint.yml in Resources */ = {isa = PBXBuildFile; fileRef = 22C9F72E23B7486E00892C4B /* .swiftlint.yml */; };
		22C9F73123B78F9700892C4B /* PublishMessageFormView.swift in Sources */ = {isa = PBXBuildFile; fileRef = 22C9F73023B78F9700892C4B /* PublishMessageFormView.swift */; };
		22C9F73723B79A1300892C4B /* MessageTextView.swift in Sources */ = {isa = PBXBuildFile; fileRef = 22C9F73623B79A1300892C4B /* MessageTextView.swift */; };
		22C9F73A23B8CCCC00892C4B /* QOSView.swift in Sources */ = {isa = PBXBuildFile; fileRef = 22C9F73923B8CCCC00892C4B /* QOSView.swift */; };
		22C9F73C23BB5E1300892C4B /* MessagesByTopic.swift in Sources */ = {isa = PBXBuildFile; fileRef = 22C9F73B23BB5E1300892C4B /* MessagesByTopic.swift */; };
		22C9F73E23BB5E5C00892C4B /* HostModel.swift in Sources */ = {isa = PBXBuildFile; fileRef = 22C9F73D23BB5E5C00892C4B /* HostModel.swift */; };
		22C9F74023BB5EA700892C4B /* MessageModel.swift in Sources */ = {isa = PBXBuildFile; fileRef = 22C9F73F23BB5EA700892C4B /* MessageModel.swift */; };
		22C9F74223BB5EF100892C4B /* TopicModel.swift in Sources */ = {isa = PBXBuildFile; fileRef = 22C9F74123BB5EF100892C4B /* TopicModel.swift */; };
		22D236F323FEF86E0003D87F /* MultimapTests.swift in Sources */ = {isa = PBXBuildFile; fileRef = 22D236F223FEF86E0003D87F /* MultimapTests.swift */; };
		22D236F523FEF9C50003D87F /* ReadstateTests.swift in Sources */ = {isa = PBXBuildFile; fileRef = 22D236F423FEF9C50003D87F /* ReadstateTests.swift */; };
		22D236F723FEFA970003D87F /* TopicModelTests.swift in Sources */ = {isa = PBXBuildFile; fileRef = 22D236F623FEFA970003D87F /* TopicModelTests.swift */; };
		22D236F923FEFBA10003D87F /* HostFormValidatorTests.swift in Sources */ = {isa = PBXBuildFile; fileRef = 22D236F823FEFBA10003D87F /* HostFormValidatorTests.swift */; };
		22D236FB23FF00E10003D87F /* StringUtilsTests.swift in Sources */ = {isa = PBXBuildFile; fileRef = 22D236FA23FF00E10003D87F /* StringUtilsTests.swift */; };
		22D50F9722CE4C4300F37EAF /* Multimap.swift in Sources */ = {isa = PBXBuildFile; fileRef = 22D50F9622CE4C4300F37EAF /* Multimap.swift */; };
		22DF52AA246AE84B00A24EDD /* ContributorsView.swift in Sources */ = {isa = PBXBuildFile; fileRef = 22DF52A9246AE84B00A24EDD /* ContributorsView.swift */; };
		22DF52AC246AE86900A24EDD /* Contributors.swift in Sources */ = {isa = PBXBuildFile; fileRef = 22DF52AB246AE86900A24EDD /* Contributors.swift */; };
		22DF52AE246AE8E000A24EDD /* NamedLink.swift in Sources */ = {isa = PBXBuildFile; fileRef = 22DF52AD246AE8E000A24EDD /* NamedLink.swift */; };
		22DF52B0246AE90D00A24EDD /* Dependencies.swift in Sources */ = {isa = PBXBuildFile; fileRef = 22DF52AF246AE90D00A24EDD /* Dependencies.swift */; };
		22E469D5237FBEC500D72BD6 /* ReadMarkerView.swift in Sources */ = {isa = PBXBuildFile; fileRef = 22E469D4237FBEC500D72BD6 /* ReadMarkerView.swift */; };
		22E469D7237FC03500D72BD6 /* Readstate.swift in Sources */ = {isa = PBXBuildFile; fileRef = 22E469D6237FC03500D72BD6 /* Readstate.swift */; };
		22E469DB23801CA000D72BD6 /* ArrayUtils.swift in Sources */ = {isa = PBXBuildFile; fileRef = 22E469DA23801CA000D72BD6 /* ArrayUtils.swift */; };
		22E469DE2380459700D72BD6 /* TextWithAttributedString.swift in Sources */ = {isa = PBXBuildFile; fileRef = 22E469DD2380459700D72BD6 /* TextWithAttributedString.swift */; };
		22E469E023813BB000D72BD6 /* AttributedUILabel.swift in Sources */ = {isa = PBXBuildFile; fileRef = 22E469DF23813BB000D72BD6 /* AttributedUILabel.swift */; };
		22E469E2238149FD00D72BD6 /* StringSizeExtension.swift in Sources */ = {isa = PBXBuildFile; fileRef = 22E469E1238149FD00D72BD6 /* StringSizeExtension.swift */; };
		22E469E423814CEF00D72BD6 /* JsonFormatString.swift in Sources */ = {isa = PBXBuildFile; fileRef = 22E469E323814CEF00D72BD6 /* JsonFormatString.swift */; };
		22E8971722CFBFED00A4B8A3 /* TimeSeriesModel.swift in Sources */ = {isa = PBXBuildFile; fileRef = 22E8971622CFBFED00A4B8A3 /* TimeSeriesModel.swift */; };
		22F6057B23D4911000E6338B /* DataMigration.swift in Sources */ = {isa = PBXBuildFile; fileRef = 22F6057A23D4911000E6338B /* DataMigration.swift */; };
		22F67AE124716ED50082C79F /* CloudDataManager.swift in Sources */ = {isa = PBXBuildFile; fileRef = 22F67AE024716ED50082C79F /* CloudDataManager.swift */; };
		22F8BEE723C24A5800422BFF /* StringUtils.swift in Sources */ = {isa = PBXBuildFile; fileRef = 22F8BEE623C24A5800422BFF /* StringUtils.swift */; };
		22F8BEE923C31C3B00422BFF /* MoscapsuleClient.swift in Sources */ = {isa = PBXBuildFile; fileRef = 22F8BEE823C31C3B00422BFF /* MoscapsuleClient.swift */; };
		22F8BEEC23C7871F00422BFF /* LoginDialog.swift in Sources */ = {isa = PBXBuildFile; fileRef = 22F8BEEB23C7871F00422BFF /* LoginDialog.swift */; };
		22FD7CFD22C8D2660078795F /* MessagesView.swift in Sources */ = {isa = PBXBuildFile; fileRef = 22FD7CF622C8D2650078795F /* MessagesView.swift */; };
		22FD7CFE22C8D2660078795F /* MessageDetailsView.swift in Sources */ = {isa = PBXBuildFile; fileRef = 22FD7CF722C8D2650078795F /* MessageDetailsView.swift */; };
		22FD7CFF22C8D2660078795F /* MQTTSessionController.swift in Sources */ = {isa = PBXBuildFile; fileRef = 22FD7CF822C8D2650078795F /* MQTTSessionController.swift */; };
		22FD7D0022C8D2660078795F /* EditHostFormView.swift in Sources */ = {isa = PBXBuildFile; fileRef = 22FD7CF922C8D2650078795F /* EditHostFormView.swift */; };
		22FD7D0222C8D2660078795F /* RootModel.swift in Sources */ = {isa = PBXBuildFile; fileRef = 22FD7CFB22C8D2650078795F /* RootModel.swift */; };
		22FD7D0322C8D2660078795F /* HostsView.swift in Sources */ = {isa = PBXBuildFile; fileRef = 22FD7CFC22C8D2660078795F /* HostsView.swift */; };
		22FD7D0522C8D2820078795F /* DataSeriesDetailsView.swift in Sources */ = {isa = PBXBuildFile; fileRef = 22FD7D0422C8D2810078795F /* DataSeriesDetailsView.swift */; };
		45AEF32312488446BB9A7C50 /* Pods_MQTTAnalyzer.framework in Frameworks */ = {isa = PBXBuildFile; fileRef = 95084FE936763CB7326EC2E0 /* Pods_MQTTAnalyzer.framework */; };
		84D8A3A0947EBE85E059ABC5 /* Pods_MQTTAnalyzerTests.framework in Frameworks */ = {isa = PBXBuildFile; fileRef = AD1959EC6B762FC604113652 /* Pods_MQTTAnalyzerTests.framework */; };
/* End PBXBuildFile section */

/* Begin PBXContainerItemProxy section */
		2253F8EC22C8C008007E35A2 /* PBXContainerItemProxy */ = {
			isa = PBXContainerItemProxy;
			containerPortal = 2253F8CA22C8C007007E35A2 /* Project object */;
			proxyType = 1;
			remoteGlobalIDString = 2253F8D122C8C007007E35A2;
			remoteInfo = MQTTAnalyzer;
		};
		22C7F0D52416A16600534880 /* PBXContainerItemProxy */ = {
			isa = PBXContainerItemProxy;
			containerPortal = 2253F8CA22C8C007007E35A2 /* Project object */;
			proxyType = 1;
			remoteGlobalIDString = 2253F8D122C8C007007E35A2;
			remoteInfo = MQTTAnalyzer;
		};
/* End PBXContainerItemProxy section */

/* Begin PBXFileReference section */
		1C7F7D8A56B0E9F9E2F1B518 /* Pods-MQTTAnalyzer.release.xcconfig */ = {isa = PBXFileReference; includeInIndex = 1; lastKnownFileType = text.xcconfig; name = "Pods-MQTTAnalyzer.release.xcconfig"; path = "Target Support Files/Pods-MQTTAnalyzer/Pods-MQTTAnalyzer.release.xcconfig"; sourceTree = "<group>"; };
		2202FFE124059D2A00161AD9 /* AuthenticationTypePicker.swift */ = {isa = PBXFileReference; lastKnownFileType = sourcecode.swift; path = AuthenticationTypePicker.swift; sourceTree = "<group>"; };
		2203571E2445852800A98CD3 /* CocoaMQTTCertificateFiles.swift */ = {isa = PBXFileReference; lastKnownFileType = sourcecode.swift; path = CocoaMQTTCertificateFiles.swift; sourceTree = "<group>"; };
		220357202445B2ED00A98CD3 /* MQTTDelegate.swift */ = {isa = PBXFileReference; lastKnownFileType = sourcecode.swift; path = MQTTDelegate.swift; sourceTree = "<group>"; };
		220357222445D6F200A98CD3 /* ClientImplFormView.swift */ = {isa = PBXFileReference; lastKnownFileType = sourcecode.swift; path = ClientImplFormView.swift; sourceTree = "<group>"; };
		220357242445DD6E00A98CD3 /* DeprecationBox.swift */ = {isa = PBXFileReference; lastKnownFileType = sourcecode.swift; path = DeprecationBox.swift; sourceTree = "<group>"; };
		2205E5E0238A7EE2001638DF /* ButtonStyle.swift */ = {isa = PBXFileReference; fileEncoding = 4; lastKnownFileType = sourcecode.swift; path = ButtonStyle.swift; sourceTree = "<group>"; };
		2209C86B23B720E7007C1D93 /* HostValidator.swift */ = {isa = PBXFileReference; lastKnownFileType = sourcecode.swift; path = HostValidator.swift; sourceTree = "<group>"; };
		220CCD622477F12300E8CA39 /* DataMigrationCertificateFiles.swift */ = {isa = PBXFileReference; fileEncoding = 4; lastKnownFileType = sourcecode.swift; path = DataMigrationCertificateFiles.swift; sourceTree = "<group>"; };
		221C571B2466847800C0DD02 /* QuestionBox.swift */ = {isa = PBXFileReference; lastKnownFileType = sourcecode.swift; path = QuestionBox.swift; sourceTree = "<group>"; };
		221C571D2466C9CD00C0DD02 /* AWSIOTPreset.swift */ = {isa = PBXFileReference; lastKnownFileType = sourcecode.swift; path = AWSIOTPreset.swift; sourceTree = "<group>"; };
		221C571F2466CC2800C0DD02 /* AWSIOTPresetTests.swift */ = {isa = PBXFileReference; lastKnownFileType = sourcecode.swift; path = AWSIOTPresetTests.swift; sourceTree = "<group>"; };
		222C9BFC6423D4AE9EA3416A /* Pods_MQTTAnalyzerUITests.framework */ = {isa = PBXFileReference; explicitFileType = wrapper.framework; includeInIndex = 0; path = Pods_MQTTAnalyzerUITests.framework; sourceTree = BUILT_PRODUCTS_DIR; };
		223AF5D02477D575009810E6 /* FileLister.swift */ = {isa = PBXFileReference; lastKnownFileType = sourcecode.swift; path = FileLister.swift; sourceTree = "<group>"; };
		223AF5D22477D5CA009810E6 /* FileListView.swift */ = {isa = PBXFileReference; lastKnownFileType = sourcecode.swift; path = FileListView.swift; sourceTree = "<group>"; };
		223AF5D42477D5F5009810E6 /* FileItemView.swift */ = {isa = PBXFileReference; lastKnownFileType = sourcecode.swift; path = FileItemView.swift; sourceTree = "<group>"; };
		223AF5D62477D60A009810E6 /* PKCS12HelpView.swift */ = {isa = PBXFileReference; lastKnownFileType = sourcecode.swift; path = PKCS12HelpView.swift; sourceTree = "<group>"; };
		223AF5D82477D620009810E6 /* NoFilesHelpView.swift */ = {isa = PBXFileReference; lastKnownFileType = sourcecode.swift; path = NoFilesHelpView.swift; sourceTree = "<group>"; };
		223AF5DA2477D64B009810E6 /* CertificateFileModel.swift */ = {isa = PBXFileReference; lastKnownFileType = sourcecode.swift; path = CertificateFileModel.swift; sourceTree = "<group>"; };
		223EF0032382F99A002ADF3E /* MQTTAnalyzer.entitlements */ = {isa = PBXFileReference; lastKnownFileType = text.plist.entitlements; path = MQTTAnalyzer.entitlements; sourceTree = "<group>"; };
		223EF0052387084D002ADF3E /* HostSetting.swift */ = {isa = PBXFileReference; lastKnownFileType = sourcecode.swift; name = HostSetting.swift; path = MQTTAnalyzer/model/HostSetting.swift; sourceTree = SOURCE_ROOT; };
		223EF00723870AA5002ADF3E /* CloudKit.framework */ = {isa = PBXFileReference; lastKnownFileType = wrapper.framework; name = CloudKit.framework; path = System/Library/Frameworks/CloudKit.framework; sourceTree = SDKROOT; };
		2253F8D222C8C007007E35A2 /* MQTTAnalyzer.app */ = {isa = PBXFileReference; explicitFileType = wrapper.application; includeInIndex = 0; path = MQTTAnalyzer.app; sourceTree = BUILT_PRODUCTS_DIR; };
		2253F8D522C8C007007E35A2 /* AppDelegate.swift */ = {isa = PBXFileReference; lastKnownFileType = sourcecode.swift; path = AppDelegate.swift; sourceTree = "<group>"; };
		2253F8D722C8C007007E35A2 /* SceneDelegate.swift */ = {isa = PBXFileReference; lastKnownFileType = sourcecode.swift; path = SceneDelegate.swift; sourceTree = "<group>"; };
		2253F8DA22C8C007007E35A2 /* MQTTAnalyzer.xcdatamodel */ = {isa = PBXFileReference; lastKnownFileType = wrapper.xcdatamodel; path = MQTTAnalyzer.xcdatamodel; sourceTree = "<group>"; };
		2253F8DC22C8C007007E35A2 /* TopicsView.swift */ = {isa = PBXFileReference; lastKnownFileType = sourcecode.swift; path = TopicsView.swift; sourceTree = "<group>"; };
		2253F8DE22C8C008007E35A2 /* Assets.xcassets */ = {isa = PBXFileReference; lastKnownFileType = folder.assetcatalog; path = Assets.xcassets; sourceTree = "<group>"; };
		2253F8E122C8C008007E35A2 /* Preview Assets.xcassets */ = {isa = PBXFileReference; lastKnownFileType = folder.assetcatalog; path = "Preview Assets.xcassets"; sourceTree = "<group>"; };
		2253F8E422C8C008007E35A2 /* Base */ = {isa = PBXFileReference; lastKnownFileType = file.storyboard; name = Base; path = Base.lproj/LaunchScreen.storyboard; sourceTree = "<group>"; };
		2253F8E622C8C008007E35A2 /* Info.plist */ = {isa = PBXFileReference; lastKnownFileType = text.plist.xml; path = Info.plist; sourceTree = "<group>"; };
		2253F8EB22C8C008007E35A2 /* MQTTAnalyzerTests.xctest */ = {isa = PBXFileReference; explicitFileType = wrapper.cfbundle; includeInIndex = 0; path = MQTTAnalyzerTests.xctest; sourceTree = BUILT_PRODUCTS_DIR; };
		2253F8EF22C8C008007E35A2 /* MQTTAnalyzerTests.swift */ = {isa = PBXFileReference; lastKnownFileType = sourcecode.swift; path = MQTTAnalyzerTests.swift; sourceTree = "<group>"; };
		2253F8F122C8C008007E35A2 /* Info.plist */ = {isa = PBXFileReference; lastKnownFileType = text.plist.xml; path = Info.plist; sourceTree = "<group>"; };
		2256BDA9246FBE5100F92EFE /* DataMigrationEmptyTopic.swift */ = {isa = PBXFileReference; lastKnownFileType = sourcecode.swift; path = DataMigrationEmptyTopic.swift; sourceTree = "<group>"; };
		2263C1D824813B0C00FF14E8 /* CertificateFilesModel.swift */ = {isa = PBXFileReference; lastKnownFileType = sourcecode.swift; path = CertificateFilesModel.swift; sourceTree = "<group>"; };
		226A6B4F244457E100ACDFC3 /* MqttClient.swift */ = {isa = PBXFileReference; lastKnownFileType = sourcecode.swift; path = MqttClient.swift; sourceTree = "<group>"; };
		226A6B5124445BA400ACDFC3 /* CocoaMQTTClient.swift */ = {isa = PBXFileReference; lastKnownFileType = sourcecode.swift; path = CocoaMQTTClient.swift; sourceTree = "<group>"; };
		226A6B5324448ECB00ACDFC3 /* MqttClientSharedUtils.swift */ = {isa = PBXFileReference; lastKnownFileType = sourcecode.swift; path = MqttClientSharedUtils.swift; sourceTree = "<group>"; };
		226A6B5524449F5400ACDFC3 /* ProtocolPicker.swift */ = {isa = PBXFileReference; lastKnownFileType = sourcecode.swift; path = ProtocolPicker.swift; sourceTree = "<group>"; };
		226A6B5724449F6200ACDFC3 /* ClientImplTypePicker.swift */ = {isa = PBXFileReference; lastKnownFileType = sourcecode.swift; path = ClientImplTypePicker.swift; sourceTree = "<group>"; };
		226A6B5C2445748500ACDFC3 /* HostFormModel.swift */ = {isa = PBXFileReference; lastKnownFileType = sourcecode.swift; path = HostFormModel.swift; sourceTree = "<group>"; };
		226A6B5E2445754D00ACDFC3 /* ServerFormView.swift */ = {isa = PBXFileReference; lastKnownFileType = sourcecode.swift; path = ServerFormView.swift; sourceTree = "<group>"; };
		226A6B602445757900ACDFC3 /* TopicsFormView.swift */ = {isa = PBXFileReference; lastKnownFileType = sourcecode.swift; path = TopicsFormView.swift; sourceTree = "<group>"; };
		226A6B622445759600ACDFC3 /* ClientIDFormView.swift */ = {isa = PBXFileReference; lastKnownFileType = sourcecode.swift; path = ClientIDFormView.swift; sourceTree = "<group>"; };
		226A6B64244575AF00ACDFC3 /* LimitsFormView.swift */ = {isa = PBXFileReference; lastKnownFileType = sourcecode.swift; path = LimitsFormView.swift; sourceTree = "<group>"; };
		226A6B66244575DB00ACDFC3 /* AuthFormView.swift */ = {isa = PBXFileReference; lastKnownFileType = sourcecode.swift; path = AuthFormView.swift; sourceTree = "<group>"; };
		2281047423816FD800112F24 /* QuickFilterView.swift */ = {isa = PBXFileReference; fileEncoding = 4; lastKnownFileType = sourcecode.swift; path = QuickFilterView.swift; sourceTree = "<group>"; };
		2281047523816FD800112F24 /* QuickFilterTextDebounce.swift */ = {isa = PBXFileReference; fileEncoding = 4; lastKnownFileType = sourcecode.swift; path = QuickFilterTextDebounce.swift; sourceTree = "<group>"; };
		228104822381723D00112F24 /* MessageDetailsJsonView.swift */ = {isa = PBXFileReference; lastKnownFileType = sourcecode.swift; path = MessageDetailsJsonView.swift; sourceTree = "<group>"; };
		228104842381727B00112F24 /* MessageDetailsPlainTextView.swift */ = {isa = PBXFileReference; lastKnownFileType = sourcecode.swift; path = MessageDetailsPlainTextView.swift; sourceTree = "<group>"; };
		22810487238173BB00112F24 /* DataSeriesView.swift */ = {isa = PBXFileReference; lastKnownFileType = sourcecode.swift; path = DataSeriesView.swift; sourceTree = "<group>"; };
		228104892381740000112F24 /* MessageView.swift */ = {isa = PBXFileReference; lastKnownFileType = sourcecode.swift; path = MessageView.swift; sourceTree = "<group>"; };
		2281048B2381744300112F24 /* TopicView.swift */ = {isa = PBXFileReference; lastKnownFileType = sourcecode.swift; path = TopicView.swift; sourceTree = "<group>"; };
		228104902381770000112F24 /* ReconnectView.swift */ = {isa = PBXFileReference; fileEncoding = 4; lastKnownFileType = sourcecode.swift; path = ReconnectView.swift; sourceTree = "<group>"; };
		228104922381773100112F24 /* TopicCellView.swift */ = {isa = PBXFileReference; lastKnownFileType = sourcecode.swift; path = TopicCellView.swift; sourceTree = "<group>"; };
		228104942381779000112F24 /* TopicToolsView.swift */ = {isa = PBXFileReference; lastKnownFileType = sourcecode.swift; path = TopicToolsView.swift; sourceTree = "<group>"; };
		228104972381796B00112F24 /* HostCellView.swift */ = {isa = PBXFileReference; lastKnownFileType = sourcecode.swift; name = HostCellView.swift; path = MQTTAnalyzer/views/HostCellView.swift; sourceTree = SOURCE_ROOT; };
		228B069223FC318100E988D0 /* ModelTests.swift */ = {isa = PBXFileReference; lastKnownFileType = sourcecode.swift; path = ModelTests.swift; sourceTree = "<group>"; };
		229005CE237E7A8600D5A706 /* HostModelPersistence.swift */ = {isa = PBXFileReference; lastKnownFileType = sourcecode.swift; name = HostModelPersistence.swift; path = MQTTAnalyzer/model/persistence/HostModelPersistence.swift; sourceTree = SOURCE_ROOT; };
		2291283B24681CAD006F8256 /* SubscriptionDetailsView.swift */ = {isa = PBXFileReference; lastKnownFileType = sourcecode.swift; path = SubscriptionDetailsView.swift; sourceTree = "<group>"; };
		2291283D24682494006F8256 /* TopicCell.swift */ = {isa = PBXFileReference; lastKnownFileType = sourcecode.swift; path = TopicCell.swift; sourceTree = "<group>"; };
		229128402468590D006F8256 /* DataMigrationMultipleTopics.swift */ = {isa = PBXFileReference; lastKnownFileType = sourcecode.swift; path = DataMigrationMultipleTopics.swift; sourceTree = "<group>"; };
		2291284224685959006F8256 /* MigrationHelper.swift */ = {isa = PBXFileReference; lastKnownFileType = sourcecode.swift; path = MigrationHelper.swift; sourceTree = "<group>"; };
		2291284424685A13006F8256 /* DataMigrationClientImpl.swift */ = {isa = PBXFileReference; lastKnownFileType = sourcecode.swift; path = DataMigrationClientImpl.swift; sourceTree = "<group>"; };
		2291284624685A92006F8256 /* DataMigrationAuth.swift */ = {isa = PBXFileReference; lastKnownFileType = sourcecode.swift; path = DataMigrationAuth.swift; sourceTree = "<group>"; };
		2291284824685AE0006F8256 /* DataMigrationLimits.swift */ = {isa = PBXFileReference; lastKnownFileType = sourcecode.swift; path = DataMigrationLimits.swift; sourceTree = "<group>"; };
		2291424823BF6ECE0086C251 /* KeyboardResponsiveModifier.swift */ = {isa = PBXFileReference; lastKnownFileType = sourcecode.swift; path = KeyboardResponsiveModifier.swift; sourceTree = "<group>"; };
		2291424B23BF78000086C251 /* AboutView.swift */ = {isa = PBXFileReference; lastKnownFileType = sourcecode.swift; path = AboutView.swift; sourceTree = "<group>"; };
		2291424E23C0C0370086C251 /* MenuButton.swift */ = {isa = PBXFileReference; lastKnownFileType = sourcecode.swift; path = MenuButton.swift; sourceTree = "<group>"; };
		229D30C923197D8200632896 /* CocoaAsyncSocket.framework */ = {isa = PBXFileReference; explicitFileType = wrapper.framework; path = CocoaAsyncSocket.framework; sourceTree = BUILT_PRODUCTS_DIR; };
		229D30CA23197D8200632896 /* CocoaMQTT.framework */ = {isa = PBXFileReference; explicitFileType = wrapper.framework; path = CocoaMQTT.framework; sourceTree = BUILT_PRODUCTS_DIR; };
		229FCAEC247D67BC00490628 /* DocumentPickerView.swift */ = {isa = PBXFileReference; lastKnownFileType = sourcecode.swift; path = DocumentPickerView.swift; sourceTree = "<group>"; };
		229FCAEE247D6E2700490628 /* ImportCertificatePicker.swift */ = {isa = PBXFileReference; lastKnownFileType = sourcecode.swift; path = ImportCertificatePicker.swift; sourceTree = "<group>"; };
		22A386F624093EA200DF8F94 /* UsernamePasswordAuthenticationView.swift */ = {isa = PBXFileReference; lastKnownFileType = sourcecode.swift; path = UsernamePasswordAuthenticationView.swift; sourceTree = "<group>"; };
		22A386F82409404600DF8F94 /* CertificateAuthenticationView.swift */ = {isa = PBXFileReference; lastKnownFileType = sourcecode.swift; path = CertificateAuthenticationView.swift; sourceTree = "<group>"; };
		22A386FA240941B600DF8F94 /* CertificateFilePickerView.swift */ = {isa = PBXFileReference; lastKnownFileType = sourcecode.swift; path = CertificateFilePickerView.swift; sourceTree = "<group>"; };
		22A386FC2409440F00DF8F94 /* InfoBox.swift */ = {isa = PBXFileReference; lastKnownFileType = sourcecode.swift; path = InfoBox.swift; sourceTree = "<group>"; };
		22A387042409768100DF8F94 /* HostModelPersistenceTests.swift */ = {isa = PBXFileReference; lastKnownFileType = sourcecode.swift; path = HostModelPersistenceTests.swift; sourceTree = "<group>"; };
		22A38706240BD9E600DF8F94 /* TimeSeriesValueUtil.swift */ = {isa = PBXFileReference; lastKnownFileType = sourcecode.swift; path = TimeSeriesValueUtil.swift; sourceTree = "<group>"; };
		22A38708240BE7D100DF8F94 /* MoscapsuleCertificateFiles.swift */ = {isa = PBXFileReference; lastKnownFileType = sourcecode.swift; path = MoscapsuleCertificateFiles.swift; sourceTree = "<group>"; };
		22AE64332412636300C2C4FE /* DiagramPath.swift */ = {isa = PBXFileReference; lastKnownFileType = sourcecode.swift; path = DiagramPath.swift; sourceTree = "<group>"; };
		22AE64352412637A00C2C4FE /* TimeSeriesValue.swift */ = {isa = PBXFileReference; lastKnownFileType = sourcecode.swift; path = TimeSeriesValue.swift; sourceTree = "<group>"; };
		22AE643724126A7500C2C4FE /* DiagramPathTests.swift */ = {isa = PBXFileReference; lastKnownFileType = sourcecode.swift; path = DiagramPathTests.swift; sourceTree = "<group>"; };
		22AF3AE62388858B001D9F87 /* NewHostFormDialog.swift */ = {isa = PBXFileReference; lastKnownFileType = sourcecode.swift; path = NewHostFormDialog.swift; sourceTree = "<group>"; };
		22AF3AE8238885AF001D9F87 /* EditHostFormDialog.swift */ = {isa = PBXFileReference; lastKnownFileType = sourcecode.swift; path = EditHostFormDialog.swift; sourceTree = "<group>"; };
		22AF3AEA23891267001D9F87 /* HostSettingExamples.swift */ = {isa = PBXFileReference; lastKnownFileType = sourcecode.swift; path = HostSettingExamples.swift; sourceTree = "<group>"; };
		22C2856124759FD40000C1E8 /* CertificateLocationPicker.swift */ = {isa = PBXFileReference; lastKnownFileType = sourcecode.swift; path = CertificateLocationPicker.swift; sourceTree = "<group>"; };
		22C386A222CB84900054C385 /* RootView.swift */ = {isa = PBXFileReference; lastKnownFileType = sourcecode.swift; path = RootView.swift; sourceTree = "<group>"; };
		22C7F0D02416A16600534880 /* MQTTAnalyzerUITests.xctest */ = {isa = PBXFileReference; explicitFileType = wrapper.cfbundle; includeInIndex = 0; path = MQTTAnalyzerUITests.xctest; sourceTree = BUILT_PRODUCTS_DIR; };
		22C7F0D22416A16600534880 /* MQTTAnalyzerUITests.swift */ = {isa = PBXFileReference; lastKnownFileType = sourcecode.swift; path = MQTTAnalyzerUITests.swift; sourceTree = "<group>"; };
		22C7F0D42416A16600534880 /* Info.plist */ = {isa = PBXFileReference; lastKnownFileType = text.plist.xml; path = Info.plist; sourceTree = "<group>"; };
		22C9F72E23B7486E00892C4B /* .swiftlint.yml */ = {isa = PBXFileReference; lastKnownFileType = text.yaml; path = .swiftlint.yml; sourceTree = "<group>"; };
		22C9F73023B78F9700892C4B /* PublishMessageFormView.swift */ = {isa = PBXFileReference; lastKnownFileType = sourcecode.swift; path = PublishMessageFormView.swift; sourceTree = "<group>"; };
		22C9F73623B79A1300892C4B /* MessageTextView.swift */ = {isa = PBXFileReference; lastKnownFileType = sourcecode.swift; path = MessageTextView.swift; sourceTree = "<group>"; };
		22C9F73923B8CCCC00892C4B /* QOSView.swift */ = {isa = PBXFileReference; lastKnownFileType = sourcecode.swift; path = QOSView.swift; sourceTree = "<group>"; };
		22C9F73B23BB5E1300892C4B /* MessagesByTopic.swift */ = {isa = PBXFileReference; lastKnownFileType = sourcecode.swift; path = MessagesByTopic.swift; sourceTree = "<group>"; };
		22C9F73D23BB5E5C00892C4B /* HostModel.swift */ = {isa = PBXFileReference; lastKnownFileType = sourcecode.swift; path = HostModel.swift; sourceTree = "<group>"; };
		22C9F73F23BB5EA700892C4B /* MessageModel.swift */ = {isa = PBXFileReference; lastKnownFileType = sourcecode.swift; path = MessageModel.swift; sourceTree = "<group>"; };
		22C9F74123BB5EF100892C4B /* TopicModel.swift */ = {isa = PBXFileReference; lastKnownFileType = sourcecode.swift; path = TopicModel.swift; sourceTree = "<group>"; };
		22D236F223FEF86E0003D87F /* MultimapTests.swift */ = {isa = PBXFileReference; lastKnownFileType = sourcecode.swift; path = MultimapTests.swift; sourceTree = "<group>"; };
		22D236F423FEF9C50003D87F /* ReadstateTests.swift */ = {isa = PBXFileReference; lastKnownFileType = sourcecode.swift; path = ReadstateTests.swift; sourceTree = "<group>"; };
		22D236F623FEFA970003D87F /* TopicModelTests.swift */ = {isa = PBXFileReference; lastKnownFileType = sourcecode.swift; path = TopicModelTests.swift; sourceTree = "<group>"; };
		22D236F823FEFBA10003D87F /* HostFormValidatorTests.swift */ = {isa = PBXFileReference; lastKnownFileType = sourcecode.swift; path = HostFormValidatorTests.swift; sourceTree = "<group>"; };
		22D236FA23FF00E10003D87F /* StringUtilsTests.swift */ = {isa = PBXFileReference; lastKnownFileType = sourcecode.swift; path = StringUtilsTests.swift; sourceTree = "<group>"; };
		22D50F9622CE4C4300F37EAF /* Multimap.swift */ = {isa = PBXFileReference; lastKnownFileType = sourcecode.swift; path = Multimap.swift; sourceTree = "<group>"; };
		22DF52A9246AE84B00A24EDD /* ContributorsView.swift */ = {isa = PBXFileReference; lastKnownFileType = sourcecode.swift; path = ContributorsView.swift; sourceTree = "<group>"; };
		22DF52AB246AE86900A24EDD /* Contributors.swift */ = {isa = PBXFileReference; lastKnownFileType = sourcecode.swift; path = Contributors.swift; sourceTree = "<group>"; };
		22DF52AD246AE8E000A24EDD /* NamedLink.swift */ = {isa = PBXFileReference; lastKnownFileType = sourcecode.swift; path = NamedLink.swift; sourceTree = "<group>"; };
		22DF52AF246AE90D00A24EDD /* Dependencies.swift */ = {isa = PBXFileReference; lastKnownFileType = sourcecode.swift; path = Dependencies.swift; sourceTree = "<group>"; };
		22E469D4237FBEC500D72BD6 /* ReadMarkerView.swift */ = {isa = PBXFileReference; lastKnownFileType = sourcecode.swift; path = ReadMarkerView.swift; sourceTree = "<group>"; };
		22E469D6237FC03500D72BD6 /* Readstate.swift */ = {isa = PBXFileReference; lastKnownFileType = sourcecode.swift; path = Readstate.swift; sourceTree = "<group>"; };
		22E469DA23801CA000D72BD6 /* ArrayUtils.swift */ = {isa = PBXFileReference; lastKnownFileType = sourcecode.swift; path = ArrayUtils.swift; sourceTree = "<group>"; };
		22E469DD2380459700D72BD6 /* TextWithAttributedString.swift */ = {isa = PBXFileReference; lastKnownFileType = sourcecode.swift; path = TextWithAttributedString.swift; sourceTree = "<group>"; };
		22E469DF23813BB000D72BD6 /* AttributedUILabel.swift */ = {isa = PBXFileReference; lastKnownFileType = sourcecode.swift; path = AttributedUILabel.swift; sourceTree = "<group>"; };
		22E469E1238149FD00D72BD6 /* StringSizeExtension.swift */ = {isa = PBXFileReference; lastKnownFileType = sourcecode.swift; path = StringSizeExtension.swift; sourceTree = "<group>"; };
		22E469E323814CEF00D72BD6 /* JsonFormatString.swift */ = {isa = PBXFileReference; lastKnownFileType = sourcecode.swift; path = JsonFormatString.swift; sourceTree = "<group>"; };
		22E8971622CFBFED00A4B8A3 /* TimeSeriesModel.swift */ = {isa = PBXFileReference; lastKnownFileType = sourcecode.swift; path = TimeSeriesModel.swift; sourceTree = "<group>"; };
		22F6057A23D4911000E6338B /* DataMigration.swift */ = {isa = PBXFileReference; lastKnownFileType = sourcecode.swift; path = DataMigration.swift; sourceTree = "<group>"; };
		22F67AE024716ED50082C79F /* CloudDataManager.swift */ = {isa = PBXFileReference; lastKnownFileType = sourcecode.swift; path = CloudDataManager.swift; sourceTree = "<group>"; };
		22F8BEE623C24A5800422BFF /* StringUtils.swift */ = {isa = PBXFileReference; lastKnownFileType = sourcecode.swift; path = StringUtils.swift; sourceTree = "<group>"; };
		22F8BEE823C31C3B00422BFF /* MoscapsuleClient.swift */ = {isa = PBXFileReference; lastKnownFileType = sourcecode.swift; path = MoscapsuleClient.swift; sourceTree = "<group>"; };
		22F8BEEB23C7871F00422BFF /* LoginDialog.swift */ = {isa = PBXFileReference; lastKnownFileType = sourcecode.swift; path = LoginDialog.swift; sourceTree = "<group>"; };
		22FD7CF622C8D2650078795F /* MessagesView.swift */ = {isa = PBXFileReference; fileEncoding = 4; lastKnownFileType = sourcecode.swift; path = MessagesView.swift; sourceTree = "<group>"; };
		22FD7CF722C8D2650078795F /* MessageDetailsView.swift */ = {isa = PBXFileReference; fileEncoding = 4; lastKnownFileType = sourcecode.swift; path = MessageDetailsView.swift; sourceTree = "<group>"; };
		22FD7CF822C8D2650078795F /* MQTTSessionController.swift */ = {isa = PBXFileReference; fileEncoding = 4; lastKnownFileType = sourcecode.swift; path = MQTTSessionController.swift; sourceTree = "<group>"; };
		22FD7CF922C8D2650078795F /* EditHostFormView.swift */ = {isa = PBXFileReference; fileEncoding = 4; lastKnownFileType = sourcecode.swift; path = EditHostFormView.swift; sourceTree = "<group>"; };
		22FD7CFB22C8D2650078795F /* RootModel.swift */ = {isa = PBXFileReference; fileEncoding = 4; lastKnownFileType = sourcecode.swift; path = RootModel.swift; sourceTree = "<group>"; };
		22FD7CFC22C8D2660078795F /* HostsView.swift */ = {isa = PBXFileReference; fileEncoding = 4; lastKnownFileType = sourcecode.swift; path = HostsView.swift; sourceTree = "<group>"; };
		22FD7D0422C8D2810078795F /* DataSeriesDetailsView.swift */ = {isa = PBXFileReference; fileEncoding = 4; lastKnownFileType = sourcecode.swift; path = DataSeriesDetailsView.swift; sourceTree = "<group>"; };
		8B42B9C30600D622C153D92A /* Pods-MQTTAnalyzerUITests.debug.xcconfig */ = {isa = PBXFileReference; includeInIndex = 1; lastKnownFileType = text.xcconfig; name = "Pods-MQTTAnalyzerUITests.debug.xcconfig"; path = "Target Support Files/Pods-MQTTAnalyzerUITests/Pods-MQTTAnalyzerUITests.debug.xcconfig"; sourceTree = "<group>"; };
		95084FE936763CB7326EC2E0 /* Pods_MQTTAnalyzer.framework */ = {isa = PBXFileReference; explicitFileType = wrapper.framework; includeInIndex = 0; path = Pods_MQTTAnalyzer.framework; sourceTree = BUILT_PRODUCTS_DIR; };
		AD1959EC6B762FC604113652 /* Pods_MQTTAnalyzerTests.framework */ = {isa = PBXFileReference; explicitFileType = wrapper.framework; includeInIndex = 0; path = Pods_MQTTAnalyzerTests.framework; sourceTree = BUILT_PRODUCTS_DIR; };
		ADD905BC87C9FF6E5A2FB478 /* Pods-MQTTAnalyzer.debug.xcconfig */ = {isa = PBXFileReference; includeInIndex = 1; lastKnownFileType = text.xcconfig; name = "Pods-MQTTAnalyzer.debug.xcconfig"; path = "Target Support Files/Pods-MQTTAnalyzer/Pods-MQTTAnalyzer.debug.xcconfig"; sourceTree = "<group>"; };
		E01573E4AFB043C24894F363 /* Pods-MQTTAnalyzerTests.release.xcconfig */ = {isa = PBXFileReference; includeInIndex = 1; lastKnownFileType = text.xcconfig; name = "Pods-MQTTAnalyzerTests.release.xcconfig"; path = "Target Support Files/Pods-MQTTAnalyzerTests/Pods-MQTTAnalyzerTests.release.xcconfig"; sourceTree = "<group>"; };
		E24A1B1B076FFC9BCADD4C40 /* Pods-MQTTAnalyzerUITests.release.xcconfig */ = {isa = PBXFileReference; includeInIndex = 1; lastKnownFileType = text.xcconfig; name = "Pods-MQTTAnalyzerUITests.release.xcconfig"; path = "Target Support Files/Pods-MQTTAnalyzerUITests/Pods-MQTTAnalyzerUITests.release.xcconfig"; sourceTree = "<group>"; };
		F916BCD72867FFAA5DFDDE16 /* Pods-MQTTAnalyzerTests.debug.xcconfig */ = {isa = PBXFileReference; includeInIndex = 1; lastKnownFileType = text.xcconfig; name = "Pods-MQTTAnalyzerTests.debug.xcconfig"; path = "Target Support Files/Pods-MQTTAnalyzerTests/Pods-MQTTAnalyzerTests.debug.xcconfig"; sourceTree = "<group>"; };
/* End PBXFileReference section */

/* Begin PBXFrameworksBuildPhase section */
		2253F8CF22C8C007007E35A2 /* Frameworks */ = {
			isa = PBXFrameworksBuildPhase;
			buildActionMask = 2147483647;
			files = (
				223EF00823870AA5002ADF3E /* CloudKit.framework in Frameworks */,
				45AEF32312488446BB9A7C50 /* Pods_MQTTAnalyzer.framework in Frameworks */,
			);
			runOnlyForDeploymentPostprocessing = 0;
		};
		2253F8E822C8C008007E35A2 /* Frameworks */ = {
			isa = PBXFrameworksBuildPhase;
			buildActionMask = 2147483647;
			files = (
				84D8A3A0947EBE85E059ABC5 /* Pods_MQTTAnalyzerTests.framework in Frameworks */,
			);
			runOnlyForDeploymentPostprocessing = 0;
		};
		22C7F0CD2416A16600534880 /* Frameworks */ = {
			isa = PBXFrameworksBuildPhase;
			buildActionMask = 2147483647;
			files = (
			);
			runOnlyForDeploymentPostprocessing = 0;
		};
/* End PBXFrameworksBuildPhase section */

/* Begin PBXGroup section */
		2203571C2445850000A98CD3 /* moscapsule */ = {
			isa = PBXGroup;
			children = (
				22F8BEE823C31C3B00422BFF /* MoscapsuleClient.swift */,
				22A38708240BE7D100DF8F94 /* MoscapsuleCertificateFiles.swift */,
			);
			path = moscapsule;
			sourceTree = "<group>";
		};
		2203571D2445850F00A98CD3 /* cocoamqtt */ = {
			isa = PBXGroup;
			children = (
				226A6B5124445BA400ACDFC3 /* CocoaMQTTClient.swift */,
				2203571E2445852800A98CD3 /* CocoaMQTTCertificateFiles.swift */,
				220357202445B2ED00A98CD3 /* MQTTDelegate.swift */,
			);
			path = cocoamqtt;
			sourceTree = "<group>";
		};
		223AF5CE2477D521009810E6 /* certificates */ = {
			isa = PBXGroup;
			children = (
				22A386F82409404600DF8F94 /* CertificateAuthenticationView.swift */,
				22A386FA240941B600DF8F94 /* CertificateFilePickerView.swift */,
				22C2856124759FD40000C1E8 /* CertificateLocationPicker.swift */,
				223AF5D22477D5CA009810E6 /* FileListView.swift */,
				223AF5D42477D5F5009810E6 /* FileItemView.swift */,
				223AF5D62477D60A009810E6 /* PKCS12HelpView.swift */,
				223AF5D82477D620009810E6 /* NoFilesHelpView.swift */,
				229FCAEC247D67BC00490628 /* DocumentPickerView.swift */,
				229FCAEE247D6E2700490628 /* ImportCertificatePicker.swift */,
				2263C1D824813B0C00FF14E8 /* CertificateFilesModel.swift */,
			);
			path = certificates;
			sourceTree = "<group>";
		};
		223AF5CF2477D55C009810E6 /* icloud */ = {
			isa = PBXGroup;
			children = (
				22F67AE024716ED50082C79F /* CloudDataManager.swift */,
				223AF5D02477D575009810E6 /* FileLister.swift */,
				223AF5DA2477D64B009810E6 /* CertificateFileModel.swift */,
			);
			path = icloud;
			sourceTree = "<group>";
		};
		223EF0042387082E002ADF3E /* persistence */ = {
			isa = PBXGroup;
			children = (
				2291283F246858FB006F8256 /* migration */,
				223EF0052387084D002ADF3E /* HostSetting.swift */,
				229005CE237E7A8600D5A706 /* HostModelPersistence.swift */,
				22AF3AEA23891267001D9F87 /* HostSettingExamples.swift */,
			);
			path = persistence;
			sourceTree = "<group>";
		};
		2253F8C922C8C007007E35A2 = {
			isa = PBXGroup;
			children = (
				22C9F72E23B7486E00892C4B /* .swiftlint.yml */,
				2253F8D422C8C007007E35A2 /* MQTTAnalyzer */,
				2253F8EE22C8C008007E35A2 /* MQTTAnalyzerTests */,
				22C7F0D12416A16600534880 /* MQTTAnalyzerUITests */,
				2253F8D322C8C007007E35A2 /* Products */,
				B2BAC619436C49079AC0498E /* Pods */,
				45E8AFAA8B14B8DFB865D13B /* Frameworks */,
			);
			sourceTree = "<group>";
			usesTabs = 1;
		};
		2253F8D322C8C007007E35A2 /* Products */ = {
			isa = PBXGroup;
			children = (
				2253F8D222C8C007007E35A2 /* MQTTAnalyzer.app */,
				2253F8EB22C8C008007E35A2 /* MQTTAnalyzerTests.xctest */,
				22C7F0D02416A16600534880 /* MQTTAnalyzerUITests.xctest */,
			);
			name = Products;
			sourceTree = "<group>";
		};
		2253F8D422C8C007007E35A2 /* MQTTAnalyzer */ = {
			isa = PBXGroup;
			children = (
				223EF0032382F99A002ADF3E /* MQTTAnalyzer.entitlements */,
				22FD7D0722C8D39D0078795F /* model */,
				228104782381708E00112F24 /* views */,
				22810479238170A200112F24 /* extensions */,
				22FD7D0622C8D3760078795F /* mqtt */,
				223AF5CF2477D55C009810E6 /* icloud */,
				2253F8D722C8C007007E35A2 /* SceneDelegate.swift */,
				2253F8D522C8C007007E35A2 /* AppDelegate.swift */,
				2253F8DE22C8C008007E35A2 /* Assets.xcassets */,
				2253F8E322C8C008007E35A2 /* LaunchScreen.storyboard */,
				2253F8E622C8C008007E35A2 /* Info.plist */,
				2253F8D922C8C007007E35A2 /* MQTTAnalyzer.xcdatamodeld */,
				2253F8E022C8C008007E35A2 /* Preview Content */,
			);
			path = MQTTAnalyzer;
			sourceTree = "<group>";
		};
		2253F8E022C8C008007E35A2 /* Preview Content */ = {
			isa = PBXGroup;
			children = (
				2253F8E122C8C008007E35A2 /* Preview Assets.xcassets */,
			);
			path = "Preview Content";
			sourceTree = "<group>";
		};
		2253F8EE22C8C008007E35A2 /* MQTTAnalyzerTests */ = {
			isa = PBXGroup;
			children = (
				2253F8EF22C8C008007E35A2 /* MQTTAnalyzerTests.swift */,
				2253F8F122C8C008007E35A2 /* Info.plist */,
				228B069223FC318100E988D0 /* ModelTests.swift */,
				22D236F223FEF86E0003D87F /* MultimapTests.swift */,
				22D236F423FEF9C50003D87F /* ReadstateTests.swift */,
				22D236F623FEFA970003D87F /* TopicModelTests.swift */,
				22D236F823FEFBA10003D87F /* HostFormValidatorTests.swift */,
				22D236FA23FF00E10003D87F /* StringUtilsTests.swift */,
				22A387042409768100DF8F94 /* HostModelPersistenceTests.swift */,
				22AE643724126A7500C2C4FE /* DiagramPathTests.swift */,
				221C571F2466CC2800C0DD02 /* AWSIOTPresetTests.swift */,
			);
			path = MQTTAnalyzerTests;
			sourceTree = "<group>";
		};
		226A6B5B2445740C00ACDFC3 /* form */ = {
			isa = PBXGroup;
			children = (
				226A6B682445761200ACDFC3 /* server */,
				226A6B692445763A00ACDFC3 /* auth */,
				226A6B6A2445765C00ACDFC3 /* topic */,
				226A6B6B2445767800ACDFC3 /* more */,
				226A6B5C2445748500ACDFC3 /* HostFormModel.swift */,
				22FD7CF922C8D2650078795F /* EditHostFormView.swift */,
				22AF3AE62388858B001D9F87 /* NewHostFormDialog.swift */,
				22AF3AE8238885AF001D9F87 /* EditHostFormDialog.swift */,
				221C571D2466C9CD00C0DD02 /* AWSIOTPreset.swift */,
			);
			path = form;
			sourceTree = "<group>";
		};
		226A6B682445761200ACDFC3 /* server */ = {
			isa = PBXGroup;
			children = (
				2209C86B23B720E7007C1D93 /* HostValidator.swift */,
				226A6B5E2445754D00ACDFC3 /* ServerFormView.swift */,
				226A6B5524449F5400ACDFC3 /* ProtocolPicker.swift */,
			);
			path = server;
			sourceTree = "<group>";
		};
		226A6B692445763A00ACDFC3 /* auth */ = {
			isa = PBXGroup;
			children = (
				223AF5CE2477D521009810E6 /* certificates */,
				22A386F624093EA200DF8F94 /* UsernamePasswordAuthenticationView.swift */,
				226A6B66244575DB00ACDFC3 /* AuthFormView.swift */,
				2202FFE124059D2A00161AD9 /* AuthenticationTypePicker.swift */,
			);
			path = auth;
			sourceTree = "<group>";
		};
		226A6B6A2445765C00ACDFC3 /* topic */ = {
			isa = PBXGroup;
			children = (
				226A6B602445757900ACDFC3 /* TopicsFormView.swift */,
				2291283B24681CAD006F8256 /* SubscriptionDetailsView.swift */,
				2291283D24682494006F8256 /* TopicCell.swift */,
			);
			path = topic;
			sourceTree = "<group>";
		};
		226A6B6B2445767800ACDFC3 /* more */ = {
			isa = PBXGroup;
			children = (
				226A6B64244575AF00ACDFC3 /* LimitsFormView.swift */,
				226A6B622445759600ACDFC3 /* ClientIDFormView.swift */,
				220357222445D6F200A98CD3 /* ClientImplFormView.swift */,
				226A6B5724449F6200ACDFC3 /* ClientImplTypePicker.swift */,
			);
			path = more;
			sourceTree = "<group>";
		};
		228104782381708E00112F24 /* views */ = {
			isa = PBXGroup;
			children = (
				22F8BEEA23C7870C00422BFF /* login */,
				2291424D23C0C0270086C251 /* common */,
				2291424A23BF77DC0086C251 /* about */,
				228104962381780D00112F24 /* host */,
				2281048E2381769700112F24 /* topic */,
				22810481238171FA00112F24 /* message */,
				22C9F74723BB71E200892C4B /* message-publish */,
				2281048D2381765200112F24 /* message-details */,
				22C9F73823B79BFD00892C4B /* multiline-text */,
				22E469DC2380457800D72BD6 /* json-text */,
				22C386A222CB84900054C385 /* RootView.swift */,
				2291424823BF6ECE0086C251 /* KeyboardResponsiveModifier.swift */,
			);
			path = views;
			sourceTree = "<group>";
		};
		22810479238170A200112F24 /* extensions */ = {
			isa = PBXGroup;
			children = (
				22E469DA23801CA000D72BD6 /* ArrayUtils.swift */,
				22E469E323814CEF00D72BD6 /* JsonFormatString.swift */,
				22F8BEE623C24A5800422BFF /* StringUtils.swift */,
			);
			path = extensions;
			sourceTree = "<group>";
		};
		2281047E2381713000112F24 /* quickfilter */ = {
			isa = PBXGroup;
			children = (
				2281047523816FD800112F24 /* QuickFilterTextDebounce.swift */,
				2281047423816FD800112F24 /* QuickFilterView.swift */,
			);
			path = quickfilter;
			sourceTree = "<group>";
		};
		22810481238171FA00112F24 /* message */ = {
			isa = PBXGroup;
			children = (
				22FD7CF622C8D2650078795F /* MessagesView.swift */,
				22810487238173BB00112F24 /* DataSeriesView.swift */,
				22FD7D0422C8D2810078795F /* DataSeriesDetailsView.swift */,
				228104892381740000112F24 /* MessageView.swift */,
				2281048B2381744300112F24 /* TopicView.swift */,
				22C9F73923B8CCCC00892C4B /* QOSView.swift */,
			);
			path = message;
			sourceTree = "<group>";
		};
		2281048D2381765200112F24 /* message-details */ = {
			isa = PBXGroup;
			children = (
				22FD7CF722C8D2650078795F /* MessageDetailsView.swift */,
				228104822381723D00112F24 /* MessageDetailsJsonView.swift */,
				228104842381727B00112F24 /* MessageDetailsPlainTextView.swift */,
			);
			path = "message-details";
			sourceTree = "<group>";
		};
		2281048E2381769700112F24 /* topic */ = {
			isa = PBXGroup;
			children = (
				2281047E2381713000112F24 /* quickfilter */,
				2253F8DC22C8C007007E35A2 /* TopicsView.swift */,
				228104922381773100112F24 /* TopicCellView.swift */,
				228104902381770000112F24 /* ReconnectView.swift */,
				228104942381779000112F24 /* TopicToolsView.swift */,
				22E469D4237FBEC500D72BD6 /* ReadMarkerView.swift */,
			);
			path = topic;
			sourceTree = "<group>";
		};
		228104962381780D00112F24 /* host */ = {
			isa = PBXGroup;
			children = (
				226A6B5B2445740C00ACDFC3 /* form */,
				2205E5E0238A7EE2001638DF /* ButtonStyle.swift */,
				22FD7CFC22C8D2660078795F /* HostsView.swift */,
				228104972381796B00112F24 /* HostCellView.swift */,
			);
			path = host;
			sourceTree = "<group>";
		};
		228911CF22CF86B20095301F /* timeseries */ = {
			isa = PBXGroup;
			children = (
				22E8971622CFBFED00A4B8A3 /* TimeSeriesModel.swift */,
				22A38706240BD9E600DF8F94 /* TimeSeriesValueUtil.swift */,
				22AE64332412636300C2C4FE /* DiagramPath.swift */,
				22AE64352412637A00C2C4FE /* TimeSeriesValue.swift */,
			);
			path = timeseries;
			sourceTree = "<group>";
		};
		2291283F246858FB006F8256 /* migration */ = {
			isa = PBXGroup;
			children = (
				22F6057A23D4911000E6338B /* DataMigration.swift */,
				2291284224685959006F8256 /* MigrationHelper.swift */,
				2291284824685AE0006F8256 /* DataMigrationLimits.swift */,
				2291284624685A92006F8256 /* DataMigrationAuth.swift */,
				2291284424685A13006F8256 /* DataMigrationClientImpl.swift */,
				229128402468590D006F8256 /* DataMigrationMultipleTopics.swift */,
				2256BDA9246FBE5100F92EFE /* DataMigrationEmptyTopic.swift */,
				220CCD622477F12300E8CA39 /* DataMigrationCertificateFiles.swift */,
			);
			path = migration;
			sourceTree = "<group>";
		};
		2291424A23BF77DC0086C251 /* about */ = {
			isa = PBXGroup;
			children = (
				22DF52AD246AE8E000A24EDD /* NamedLink.swift */,
				22DF52AB246AE86900A24EDD /* Contributors.swift */,
				22DF52AF246AE90D00A24EDD /* Dependencies.swift */,
				2291424B23BF78000086C251 /* AboutView.swift */,
				22DF52A9246AE84B00A24EDD /* ContributorsView.swift */,
			);
			path = about;
			sourceTree = "<group>";
		};
		2291424D23C0C0270086C251 /* common */ = {
			isa = PBXGroup;
			children = (
				22A386FC2409440F00DF8F94 /* InfoBox.swift */,
				221C571B2466847800C0DD02 /* QuestionBox.swift */,
				2291424E23C0C0370086C251 /* MenuButton.swift */,
				220357242445DD6E00A98CD3 /* DeprecationBox.swift */,
			);
			path = common;
			sourceTree = "<group>";
		};
		22C7F0D12416A16600534880 /* MQTTAnalyzerUITests */ = {
			isa = PBXGroup;
			children = (
				22C7F0D22416A16600534880 /* MQTTAnalyzerUITests.swift */,
				22C7F0D42416A16600534880 /* Info.plist */,
			);
			path = MQTTAnalyzerUITests;
			sourceTree = "<group>";
		};
		22C9F73823B79BFD00892C4B /* multiline-text */ = {
			isa = PBXGroup;
			children = (
				22C9F73623B79A1300892C4B /* MessageTextView.swift */,
			);
			path = "multiline-text";
			sourceTree = "<group>";
		};
		22C9F74723BB71E200892C4B /* message-publish */ = {
			isa = PBXGroup;
			children = (
				22C9F73023B78F9700892C4B /* PublishMessageFormView.swift */,
			);
			path = "message-publish";
			sourceTree = "<group>";
		};
		22E469DC2380457800D72BD6 /* json-text */ = {
			isa = PBXGroup;
			children = (
				22E469DD2380459700D72BD6 /* TextWithAttributedString.swift */,
				22E469DF23813BB000D72BD6 /* AttributedUILabel.swift */,
				22E469E1238149FD00D72BD6 /* StringSizeExtension.swift */,
			);
			path = "json-text";
			sourceTree = "<group>";
		};
		22F8BEEA23C7870C00422BFF /* login */ = {
			isa = PBXGroup;
			children = (
				22F8BEEB23C7871F00422BFF /* LoginDialog.swift */,
			);
			path = login;
			sourceTree = "<group>";
		};
		22FD7D0622C8D3760078795F /* mqtt */ = {
			isa = PBXGroup;
			children = (
				2203571D2445850F00A98CD3 /* cocoamqtt */,
				2203571C2445850000A98CD3 /* moscapsule */,
				22FD7CF822C8D2650078795F /* MQTTSessionController.swift */,
				226A6B4F244457E100ACDFC3 /* MqttClient.swift */,
				226A6B5324448ECB00ACDFC3 /* MqttClientSharedUtils.swift */,
			);
			path = mqtt;
			sourceTree = "<group>";
		};
		22FD7D0722C8D39D0078795F /* model */ = {
			isa = PBXGroup;
			children = (
				223EF0042387082E002ADF3E /* persistence */,
				228911CF22CF86B20095301F /* timeseries */,
				22FD7CFB22C8D2650078795F /* RootModel.swift */,
				22D50F9622CE4C4300F37EAF /* Multimap.swift */,
				22E469D6237FC03500D72BD6 /* Readstate.swift */,
				22C9F73B23BB5E1300892C4B /* MessagesByTopic.swift */,
				22C9F73D23BB5E5C00892C4B /* HostModel.swift */,
				22C9F73F23BB5EA700892C4B /* MessageModel.swift */,
				22C9F74123BB5EF100892C4B /* TopicModel.swift */,
			);
			path = model;
			sourceTree = "<group>";
		};
		45E8AFAA8B14B8DFB865D13B /* Frameworks */ = {
			isa = PBXGroup;
			children = (
				223EF00723870AA5002ADF3E /* CloudKit.framework */,
				229D30C923197D8200632896 /* CocoaAsyncSocket.framework */,
				229D30CA23197D8200632896 /* CocoaMQTT.framework */,
				95084FE936763CB7326EC2E0 /* Pods_MQTTAnalyzer.framework */,
				AD1959EC6B762FC604113652 /* Pods_MQTTAnalyzerTests.framework */,
				222C9BFC6423D4AE9EA3416A /* Pods_MQTTAnalyzerUITests.framework */,
			);
			name = Frameworks;
			sourceTree = "<group>";
		};
		B2BAC619436C49079AC0498E /* Pods */ = {
			isa = PBXGroup;
			children = (
				ADD905BC87C9FF6E5A2FB478 /* Pods-MQTTAnalyzer.debug.xcconfig */,
				1C7F7D8A56B0E9F9E2F1B518 /* Pods-MQTTAnalyzer.release.xcconfig */,
				F916BCD72867FFAA5DFDDE16 /* Pods-MQTTAnalyzerTests.debug.xcconfig */,
				E01573E4AFB043C24894F363 /* Pods-MQTTAnalyzerTests.release.xcconfig */,
				8B42B9C30600D622C153D92A /* Pods-MQTTAnalyzerUITests.debug.xcconfig */,
				E24A1B1B076FFC9BCADD4C40 /* Pods-MQTTAnalyzerUITests.release.xcconfig */,
			);
			path = Pods;
			sourceTree = "<group>";
		};
/* End PBXGroup section */

/* Begin PBXNativeTarget section */
		2253F8D122C8C007007E35A2 /* MQTTAnalyzer */ = {
			isa = PBXNativeTarget;
			buildConfigurationList = 2253F8FF22C8C008007E35A2 /* Build configuration list for PBXNativeTarget "MQTTAnalyzer" */;
			buildPhases = (
				22028AB8B9CD857A52E78BC9 /* [CP] Check Pods Manifest.lock */,
				2253F8CE22C8C007007E35A2 /* Sources */,
				2253F8CF22C8C007007E35A2 /* Frameworks */,
				2253F8D022C8C007007E35A2 /* Resources */,
				8F55D991EFBBD962437E4AFE /* [CP] Embed Pods Frameworks */,
				22C9F72D23B747E800892C4B /* ShellScript */,
			);
			buildRules = (
			);
			dependencies = (
			);
			name = MQTTAnalyzer;
			productName = MQTTAnalyzer;
			productReference = 2253F8D222C8C007007E35A2 /* MQTTAnalyzer.app */;
			productType = "com.apple.product-type.application";
		};
		2253F8EA22C8C008007E35A2 /* MQTTAnalyzerTests */ = {
			isa = PBXNativeTarget;
			buildConfigurationList = 2253F90222C8C008007E35A2 /* Build configuration list for PBXNativeTarget "MQTTAnalyzerTests" */;
			buildPhases = (
				0A37B0064B6C77EFED782FEE /* [CP] Check Pods Manifest.lock */,
				2253F8E722C8C008007E35A2 /* Sources */,
				2253F8E822C8C008007E35A2 /* Frameworks */,
				2253F8E922C8C008007E35A2 /* Resources */,
			);
			buildRules = (
			);
			dependencies = (
				2253F8ED22C8C008007E35A2 /* PBXTargetDependency */,
			);
			name = MQTTAnalyzerTests;
			productName = MQTTAnalyzerTests;
			productReference = 2253F8EB22C8C008007E35A2 /* MQTTAnalyzerTests.xctest */;
			productType = "com.apple.product-type.bundle.unit-test";
		};
		22C7F0CF2416A16600534880 /* MQTTAnalyzerUITests */ = {
			isa = PBXNativeTarget;
			buildConfigurationList = 22C7F0D72416A16600534880 /* Build configuration list for PBXNativeTarget "MQTTAnalyzerUITests" */;
			buildPhases = (
				22C7F0CC2416A16600534880 /* Sources */,
				22C7F0CD2416A16600534880 /* Frameworks */,
				22C7F0CE2416A16600534880 /* Resources */,
			);
			buildRules = (
			);
			dependencies = (
				22C7F0D62416A16600534880 /* PBXTargetDependency */,
			);
			name = MQTTAnalyzerUITests;
			productName = MQTTAnalyzerUITests;
			productReference = 22C7F0D02416A16600534880 /* MQTTAnalyzerUITests.xctest */;
			productType = "com.apple.product-type.bundle.ui-testing";
		};
/* End PBXNativeTarget section */

/* Begin PBXProject section */
		2253F8CA22C8C007007E35A2 /* Project object */ = {
			isa = PBXProject;
			attributes = {
				LastSwiftUpdateCheck = 1130;
				LastUpgradeCheck = 1100;
				ORGANIZATIONNAME = "Philipp Arndt";
				TargetAttributes = {
					2253F8D122C8C007007E35A2 = {
						CreatedOnToolsVersion = 11.0;
					};
					2253F8EA22C8C008007E35A2 = {
						CreatedOnToolsVersion = 11.0;
						TestTargetID = 2253F8D122C8C007007E35A2;
					};
					22C7F0CF2416A16600534880 = {
						CreatedOnToolsVersion = 11.3.1;
						TestTargetID = 2253F8D122C8C007007E35A2;
					};
				};
			};
			buildConfigurationList = 2253F8CD22C8C007007E35A2 /* Build configuration list for PBXProject "MQTTAnalyzer" */;
			compatibilityVersion = "Xcode 9.3";
			developmentRegion = en;
			hasScannedForEncodings = 0;
			knownRegions = (
				en,
				Base,
			);
			mainGroup = 2253F8C922C8C007007E35A2;
			productRefGroup = 2253F8D322C8C007007E35A2 /* Products */;
			projectDirPath = "";
			projectRoot = "";
			targets = (
				2253F8D122C8C007007E35A2 /* MQTTAnalyzer */,
				2253F8EA22C8C008007E35A2 /* MQTTAnalyzerTests */,
				22C7F0CF2416A16600534880 /* MQTTAnalyzerUITests */,
			);
		};
/* End PBXProject section */

/* Begin PBXResourcesBuildPhase section */
		2253F8D022C8C007007E35A2 /* Resources */ = {
			isa = PBXResourcesBuildPhase;
			buildActionMask = 2147483647;
			files = (
				22C9F72F23B7486E00892C4B /* .swiftlint.yml in Resources */,
				2253F8E522C8C008007E35A2 /* LaunchScreen.storyboard in Resources */,
				2253F8E222C8C008007E35A2 /* Preview Assets.xcassets in Resources */,
				2253F8DF22C8C008007E35A2 /* Assets.xcassets in Resources */,
			);
			runOnlyForDeploymentPostprocessing = 0;
		};
		2253F8E922C8C008007E35A2 /* Resources */ = {
			isa = PBXResourcesBuildPhase;
			buildActionMask = 2147483647;
			files = (
			);
			runOnlyForDeploymentPostprocessing = 0;
		};
		22C7F0CE2416A16600534880 /* Resources */ = {
			isa = PBXResourcesBuildPhase;
			buildActionMask = 2147483647;
			files = (
			);
			runOnlyForDeploymentPostprocessing = 0;
		};
/* End PBXResourcesBuildPhase section */

/* Begin PBXShellScriptBuildPhase section */
		0A37B0064B6C77EFED782FEE /* [CP] Check Pods Manifest.lock */ = {
			isa = PBXShellScriptBuildPhase;
			buildActionMask = 2147483647;
			files = (
			);
			inputFileListPaths = (
			);
			inputPaths = (
				"${PODS_PODFILE_DIR_PATH}/Podfile.lock",
				"${PODS_ROOT}/Manifest.lock",
			);
			name = "[CP] Check Pods Manifest.lock";
			outputFileListPaths = (
			);
			outputPaths = (
				"$(DERIVED_FILE_DIR)/Pods-MQTTAnalyzerTests-checkManifestLockResult.txt",
			);
			runOnlyForDeploymentPostprocessing = 0;
			shellPath = /bin/sh;
			shellScript = "diff \"${PODS_PODFILE_DIR_PATH}/Podfile.lock\" \"${PODS_ROOT}/Manifest.lock\" > /dev/null\nif [ $? != 0 ] ; then\n    # print error to STDERR\n    echo \"error: The sandbox is not in sync with the Podfile.lock. Run 'pod install' or update your CocoaPods installation.\" >&2\n    exit 1\nfi\n# This output is used by Xcode 'outputs' to avoid re-running this script phase.\necho \"SUCCESS\" > \"${SCRIPT_OUTPUT_FILE_0}\"\n";
			showEnvVarsInLog = 0;
		};
		22028AB8B9CD857A52E78BC9 /* [CP] Check Pods Manifest.lock */ = {
			isa = PBXShellScriptBuildPhase;
			buildActionMask = 2147483647;
			files = (
			);
			inputFileListPaths = (
			);
			inputPaths = (
				"${PODS_PODFILE_DIR_PATH}/Podfile.lock",
				"${PODS_ROOT}/Manifest.lock",
			);
			name = "[CP] Check Pods Manifest.lock";
			outputFileListPaths = (
			);
			outputPaths = (
				"$(DERIVED_FILE_DIR)/Pods-MQTTAnalyzer-checkManifestLockResult.txt",
			);
			runOnlyForDeploymentPostprocessing = 0;
			shellPath = /bin/sh;
			shellScript = "diff \"${PODS_PODFILE_DIR_PATH}/Podfile.lock\" \"${PODS_ROOT}/Manifest.lock\" > /dev/null\nif [ $? != 0 ] ; then\n    # print error to STDERR\n    echo \"error: The sandbox is not in sync with the Podfile.lock. Run 'pod install' or update your CocoaPods installation.\" >&2\n    exit 1\nfi\n# This output is used by Xcode 'outputs' to avoid re-running this script phase.\necho \"SUCCESS\" > \"${SCRIPT_OUTPUT_FILE_0}\"\n";
			showEnvVarsInLog = 0;
		};
		22C9F72D23B747E800892C4B /* ShellScript */ = {
			isa = PBXShellScriptBuildPhase;
			buildActionMask = 2147483647;
			files = (
			);
			inputFileListPaths = (
			);
			inputPaths = (
			);
			outputFileListPaths = (
			);
			outputPaths = (
			);
			runOnlyForDeploymentPostprocessing = 0;
			shellPath = /bin/sh;
			shellScript = "\"${PODS_ROOT}/SwiftLint/swiftlint\"\n";
		};
		8F55D991EFBBD962437E4AFE /* [CP] Embed Pods Frameworks */ = {
			isa = PBXShellScriptBuildPhase;
			buildActionMask = 2147483647;
			files = (
			);
			inputFileListPaths = (
				"${PODS_ROOT}/Target Support Files/Pods-MQTTAnalyzer/Pods-MQTTAnalyzer-frameworks-${CONFIGURATION}-input-files.xcfilelist",
			);
			name = "[CP] Embed Pods Frameworks";
			outputFileListPaths = (
				"${PODS_ROOT}/Target Support Files/Pods-MQTTAnalyzer/Pods-MQTTAnalyzer-frameworks-${CONFIGURATION}-output-files.xcfilelist",
			);
			runOnlyForDeploymentPostprocessing = 0;
			shellPath = /bin/sh;
			shellScript = "\"${PODS_ROOT}/Target Support Files/Pods-MQTTAnalyzer/Pods-MQTTAnalyzer-frameworks.sh\"\n";
			showEnvVarsInLog = 0;
		};
/* End PBXShellScriptBuildPhase section */

/* Begin PBXSourcesBuildPhase section */
		2253F8CE22C8C007007E35A2 /* Sources */ = {
			isa = PBXSourcesBuildPhase;
			buildActionMask = 2147483647;
			files = (
				22E8971722CFBFED00A4B8A3 /* TimeSeriesModel.swift in Sources */,
				22E469E023813BB000D72BD6 /* AttributedUILabel.swift in Sources */,
				22E469E2238149FD00D72BD6 /* StringSizeExtension.swift in Sources */,
				22DF52AA246AE84B00A24EDD /* ContributorsView.swift in Sources */,
				22A38707240BD9E600DF8F94 /* TimeSeriesValueUtil.swift in Sources */,
				2202FFE224059D2A00161AD9 /* AuthenticationTypePicker.swift in Sources */,
				2281048C2381744300112F24 /* TopicView.swift in Sources */,
				22FD7CFD22C8D2660078795F /* MessagesView.swift in Sources */,
				229128412468590D006F8256 /* DataMigrationMultipleTopics.swift in Sources */,
				226A6B5D2445748500ACDFC3 /* HostFormModel.swift in Sources */,
				22C9F73A23B8CCCC00892C4B /* QOSView.swift in Sources */,
				22F8BEE723C24A5800422BFF /* StringUtils.swift in Sources */,
				2203571F2445852800A98CD3 /* CocoaMQTTCertificateFiles.swift in Sources */,
				228104982381796B00112F24 /* HostCellView.swift in Sources */,
				229FCAEF247D6E2700490628 /* ImportCertificatePicker.swift in Sources */,
				229005CF237E7A8600D5A706 /* HostModelPersistence.swift in Sources */,
				22AF3AE72388858B001D9F87 /* NewHostFormDialog.swift in Sources */,
				226A6B5224445BA400ACDFC3 /* CocoaMQTTClient.swift in Sources */,
				2253F8D622C8C007007E35A2 /* AppDelegate.swift in Sources */,
				226A6B5824449F6200ACDFC3 /* ClientImplTypePicker.swift in Sources */,
				22A386FD2409440F00DF8F94 /* InfoBox.swift in Sources */,
				22C9F74223BB5EF100892C4B /* TopicModel.swift in Sources */,
				2281047723816FD800112F24 /* QuickFilterTextDebounce.swift in Sources */,
				22A386FB240941B600DF8F94 /* CertificateFilePickerView.swift in Sources */,
				22FD7D0222C8D2660078795F /* RootModel.swift in Sources */,
				22C2856224759FD40000C1E8 /* CertificateLocationPicker.swift in Sources */,
				228104912381770000112F24 /* ReconnectView.swift in Sources */,
				223AF5D32477D5CA009810E6 /* FileListView.swift in Sources */,
				22D50F9722CE4C4300F37EAF /* Multimap.swift in Sources */,
				220CCD632477F12300E8CA39 /* DataMigrationCertificateFiles.swift in Sources */,
				22810488238173BB00112F24 /* DataSeriesView.swift in Sources */,
				223AF5D72477D60A009810E6 /* PKCS12HelpView.swift in Sources */,
				2281048A2381740000112F24 /* MessageView.swift in Sources */,
				2253F8D822C8C007007E35A2 /* SceneDelegate.swift in Sources */,
				22C9F73C23BB5E1300892C4B /* MessagesByTopic.swift in Sources */,
				22C9F74023BB5EA700892C4B /* MessageModel.swift in Sources */,
				2256BDAA246FBE5100F92EFE /* DataMigrationEmptyTopic.swift in Sources */,
				22E469D5237FBEC500D72BD6 /* ReadMarkerView.swift in Sources */,
				2291283C24681CAD006F8256 /* SubscriptionDetailsView.swift in Sources */,
				22FD7CFF22C8D2660078795F /* MQTTSessionController.swift in Sources */,
				2291424F23C0C0370086C251 /* MenuButton.swift in Sources */,
				22C9F73E23BB5E5C00892C4B /* HostModel.swift in Sources */,
				2209C86C23B720E7007C1D93 /* HostValidator.swift in Sources */,
				22C9F73123B78F9700892C4B /* PublishMessageFormView.swift in Sources */,
				2253F8DD22C8C007007E35A2 /* TopicsView.swift in Sources */,
				22E469DE2380459700D72BD6 /* TextWithAttributedString.swift in Sources */,
				226A6B5424448ECB00ACDFC3 /* MqttClientSharedUtils.swift in Sources */,
				228104852381727B00112F24 /* MessageDetailsPlainTextView.swift in Sources */,
				221C571C2466847800C0DD02 /* QuestionBox.swift in Sources */,
				229FCAED247D67BC00490628 /* DocumentPickerView.swift in Sources */,
				221C571E2466C9CD00C0DD02 /* AWSIOTPreset.swift in Sources */,
				22FD7D0322C8D2660078795F /* HostsView.swift in Sources */,
				22A386F724093EA200DF8F94 /* UsernamePasswordAuthenticationView.swift in Sources */,
				22F8BEE923C31C3B00422BFF /* MoscapsuleClient.swift in Sources */,
				22A386F92409404600DF8F94 /* CertificateAuthenticationView.swift in Sources */,
				22DF52B0246AE90D00A24EDD /* Dependencies.swift in Sources */,
				2291284324685959006F8256 /* MigrationHelper.swift in Sources */,
				2291284724685A92006F8256 /* DataMigrationAuth.swift in Sources */,
				2263C1D924813B0C00FF14E8 /* CertificateFilesModel.swift in Sources */,
				22FD7D0522C8D2820078795F /* DataSeriesDetailsView.swift in Sources */,
				22C386A322CB84900054C385 /* RootView.swift in Sources */,
				220357212445B2ED00A98CD3 /* MQTTDelegate.swift in Sources */,
				2291284924685AE1006F8256 /* DataMigrationLimits.swift in Sources */,
				228104932381773100112F24 /* TopicCellView.swift in Sources */,
				228104832381723D00112F24 /* MessageDetailsJsonView.swift in Sources */,
				22E469D7237FC03500D72BD6 /* Readstate.swift in Sources */,
				2291283E24682494006F8256 /* TopicCell.swift in Sources */,
				2253F8DB22C8C007007E35A2 /* MQTTAnalyzer.xcdatamodeld in Sources */,
				223EF0062387084D002ADF3E /* HostSetting.swift in Sources */,
				22FD7CFE22C8D2660078795F /* MessageDetailsView.swift in Sources */,
				22AF3AEB23891267001D9F87 /* HostSettingExamples.swift in Sources */,
				226A6B50244457E100ACDFC3 /* MqttClient.swift in Sources */,
				22F6057B23D4911000E6338B /* DataMigration.swift in Sources */,
				2291284524685A13006F8256 /* DataMigrationClientImpl.swift in Sources */,
				228104952381779000112F24 /* TopicToolsView.swift in Sources */,
				2205E5E1238A7EE2001638DF /* ButtonStyle.swift in Sources */,
				22AF3AE9238885AF001D9F87 /* EditHostFormDialog.swift in Sources */,
				22AE64342412636300C2C4FE /* DiagramPath.swift in Sources */,
				220357232445D6F200A98CD3 /* ClientImplFormView.swift in Sources */,
				2281047623816FD800112F24 /* QuickFilterView.swift in Sources */,
				22F67AE124716ED50082C79F /* CloudDataManager.swift in Sources */,
				226A6B612445757900ACDFC3 /* TopicsFormView.swift in Sources */,
				22F8BEEC23C7871F00422BFF /* LoginDialog.swift in Sources */,
				226A6B65244575AF00ACDFC3 /* LimitsFormView.swift in Sources */,
				22A38709240BE7D100DF8F94 /* MoscapsuleCertificateFiles.swift in Sources */,
				22DF52AC246AE86900A24EDD /* Contributors.swift in Sources */,
				226A6B5F2445754D00ACDFC3 /* ServerFormView.swift in Sources */,
				22E469E423814CEF00D72BD6 /* JsonFormatString.swift in Sources */,
				2291424C23BF78000086C251 /* AboutView.swift in Sources */,
				22AE64362412637A00C2C4FE /* TimeSeriesValue.swift in Sources */,
				22C9F73723B79A1300892C4B /* MessageTextView.swift in Sources */,
				22DF52AE246AE8E000A24EDD /* NamedLink.swift in Sources */,
				223AF5D92477D620009810E6 /* NoFilesHelpView.swift in Sources */,
				223AF5D52477D5F5009810E6 /* FileItemView.swift in Sources */,
				22E469DB23801CA000D72BD6 /* ArrayUtils.swift in Sources */,
				226A6B632445759600ACDFC3 /* ClientIDFormView.swift in Sources */,
				226A6B67244575DB00ACDFC3 /* AuthFormView.swift in Sources */,
				2291424923BF6ECE0086C251 /* KeyboardResponsiveModifier.swift in Sources */,
				226A6B5624449F5400ACDFC3 /* ProtocolPicker.swift in Sources */,
				220357252445DD6E00A98CD3 /* DeprecationBox.swift in Sources */,
				223AF5D12477D575009810E6 /* FileLister.swift in Sources */,
				223AF5DB2477D64B009810E6 /* CertificateFileModel.swift in Sources */,
				22FD7D0022C8D2660078795F /* EditHostFormView.swift in Sources */,
			);
			runOnlyForDeploymentPostprocessing = 0;
		};
		2253F8E722C8C008007E35A2 /* Sources */ = {
			isa = PBXSourcesBuildPhase;
			buildActionMask = 2147483647;
			files = (
				228B069323FC318100E988D0 /* ModelTests.swift in Sources */,
				221C57202466CC2800C0DD02 /* AWSIOTPresetTests.swift in Sources */,
				22A387052409768100DF8F94 /* HostModelPersistenceTests.swift in Sources */,
				22D236F323FEF86E0003D87F /* MultimapTests.swift in Sources */,
				22D236F523FEF9C50003D87F /* ReadstateTests.swift in Sources */,
				22D236FB23FF00E10003D87F /* StringUtilsTests.swift in Sources */,
				22D236F923FEFBA10003D87F /* HostFormValidatorTests.swift in Sources */,
				22AE643824126A7500C2C4FE /* DiagramPathTests.swift in Sources */,
				2253F8F022C8C008007E35A2 /* MQTTAnalyzerTests.swift in Sources */,
				22D236F723FEFA970003D87F /* TopicModelTests.swift in Sources */,
			);
			runOnlyForDeploymentPostprocessing = 0;
		};
		22C7F0CC2416A16600534880 /* Sources */ = {
			isa = PBXSourcesBuildPhase;
			buildActionMask = 2147483647;
			files = (
				22C7F0D32416A16600534880 /* MQTTAnalyzerUITests.swift in Sources */,
			);
			runOnlyForDeploymentPostprocessing = 0;
		};
/* End PBXSourcesBuildPhase section */

/* Begin PBXTargetDependency section */
		2253F8ED22C8C008007E35A2 /* PBXTargetDependency */ = {
			isa = PBXTargetDependency;
			target = 2253F8D122C8C007007E35A2 /* MQTTAnalyzer */;
			targetProxy = 2253F8EC22C8C008007E35A2 /* PBXContainerItemProxy */;
		};
		22C7F0D62416A16600534880 /* PBXTargetDependency */ = {
			isa = PBXTargetDependency;
			target = 2253F8D122C8C007007E35A2 /* MQTTAnalyzer */;
			targetProxy = 22C7F0D52416A16600534880 /* PBXContainerItemProxy */;
		};
/* End PBXTargetDependency section */

/* Begin PBXVariantGroup section */
		2253F8E322C8C008007E35A2 /* LaunchScreen.storyboard */ = {
			isa = PBXVariantGroup;
			children = (
				2253F8E422C8C008007E35A2 /* Base */,
			);
			name = LaunchScreen.storyboard;
			sourceTree = "<group>";
		};
/* End PBXVariantGroup section */

/* Begin XCBuildConfiguration section */
		2253F8FD22C8C008007E35A2 /* Debug */ = {
			isa = XCBuildConfiguration;
			buildSettings = {
				ALWAYS_SEARCH_USER_PATHS = NO;
				CLANG_ANALYZER_NONNULL = YES;
				CLANG_ANALYZER_NUMBER_OBJECT_CONVERSION = YES_AGGRESSIVE;
				CLANG_CXX_LANGUAGE_STANDARD = "gnu++14";
				CLANG_CXX_LIBRARY = "libc++";
				CLANG_ENABLE_MODULES = YES;
				CLANG_ENABLE_OBJC_ARC = YES;
				CLANG_ENABLE_OBJC_WEAK = YES;
				CLANG_WARN_BLOCK_CAPTURE_AUTORELEASING = YES;
				CLANG_WARN_BOOL_CONVERSION = YES;
				CLANG_WARN_COMMA = YES;
				CLANG_WARN_CONSTANT_CONVERSION = YES;
				CLANG_WARN_DEPRECATED_OBJC_IMPLEMENTATIONS = YES;
				CLANG_WARN_DIRECT_OBJC_ISA_USAGE = YES_ERROR;
				CLANG_WARN_DOCUMENTATION_COMMENTS = YES;
				CLANG_WARN_EMPTY_BODY = YES;
				CLANG_WARN_ENUM_CONVERSION = YES;
				CLANG_WARN_INFINITE_RECURSION = YES;
				CLANG_WARN_INT_CONVERSION = YES;
				CLANG_WARN_NON_LITERAL_NULL_CONVERSION = YES;
				CLANG_WARN_OBJC_IMPLICIT_RETAIN_SELF = YES;
				CLANG_WARN_OBJC_LITERAL_CONVERSION = YES;
				CLANG_WARN_OBJC_ROOT_CLASS = YES_ERROR;
				CLANG_WARN_RANGE_LOOP_ANALYSIS = YES;
				CLANG_WARN_STRICT_PROTOTYPES = YES;
				CLANG_WARN_SUSPICIOUS_MOVE = YES;
				CLANG_WARN_UNGUARDED_AVAILABILITY = YES_AGGRESSIVE;
				CLANG_WARN_UNREACHABLE_CODE = YES;
				CLANG_WARN__DUPLICATE_METHOD_MATCH = YES;
				COPY_PHASE_STRIP = NO;
				DEBUG_INFORMATION_FORMAT = dwarf;
				ENABLE_STRICT_OBJC_MSGSEND = YES;
				ENABLE_TESTABILITY = YES;
				GCC_C_LANGUAGE_STANDARD = gnu11;
				GCC_DYNAMIC_NO_PIC = NO;
				GCC_NO_COMMON_BLOCKS = YES;
				GCC_OPTIMIZATION_LEVEL = 0;
				GCC_PREPROCESSOR_DEFINITIONS = (
					"DEBUG=1",
					"$(inherited)",
				);
				GCC_WARN_64_TO_32_BIT_CONVERSION = YES;
				GCC_WARN_ABOUT_RETURN_TYPE = YES_ERROR;
				GCC_WARN_UNDECLARED_SELECTOR = YES;
				GCC_WARN_UNINITIALIZED_AUTOS = YES_AGGRESSIVE;
				GCC_WARN_UNUSED_FUNCTION = YES;
				GCC_WARN_UNUSED_VARIABLE = YES;
				IPHONEOS_DEPLOYMENT_TARGET = 13.0;
				MTL_ENABLE_DEBUG_INFO = INCLUDE_SOURCE;
				MTL_FAST_MATH = YES;
				ONLY_ACTIVE_ARCH = YES;
				SDKROOT = iphoneos;
				SWIFT_ACTIVE_COMPILATION_CONDITIONS = DEBUG;
				SWIFT_OPTIMIZATION_LEVEL = "-Onone";
			};
			name = Debug;
		};
		2253F8FE22C8C008007E35A2 /* Release */ = {
			isa = XCBuildConfiguration;
			buildSettings = {
				ALWAYS_SEARCH_USER_PATHS = NO;
				CLANG_ANALYZER_NONNULL = YES;
				CLANG_ANALYZER_NUMBER_OBJECT_CONVERSION = YES_AGGRESSIVE;
				CLANG_CXX_LANGUAGE_STANDARD = "gnu++14";
				CLANG_CXX_LIBRARY = "libc++";
				CLANG_ENABLE_MODULES = YES;
				CLANG_ENABLE_OBJC_ARC = YES;
				CLANG_ENABLE_OBJC_WEAK = YES;
				CLANG_WARN_BLOCK_CAPTURE_AUTORELEASING = YES;
				CLANG_WARN_BOOL_CONVERSION = YES;
				CLANG_WARN_COMMA = YES;
				CLANG_WARN_CONSTANT_CONVERSION = YES;
				CLANG_WARN_DEPRECATED_OBJC_IMPLEMENTATIONS = YES;
				CLANG_WARN_DIRECT_OBJC_ISA_USAGE = YES_ERROR;
				CLANG_WARN_DOCUMENTATION_COMMENTS = YES;
				CLANG_WARN_EMPTY_BODY = YES;
				CLANG_WARN_ENUM_CONVERSION = YES;
				CLANG_WARN_INFINITE_RECURSION = YES;
				CLANG_WARN_INT_CONVERSION = YES;
				CLANG_WARN_NON_LITERAL_NULL_CONVERSION = YES;
				CLANG_WARN_OBJC_IMPLICIT_RETAIN_SELF = YES;
				CLANG_WARN_OBJC_LITERAL_CONVERSION = YES;
				CLANG_WARN_OBJC_ROOT_CLASS = YES_ERROR;
				CLANG_WARN_RANGE_LOOP_ANALYSIS = YES;
				CLANG_WARN_STRICT_PROTOTYPES = YES;
				CLANG_WARN_SUSPICIOUS_MOVE = YES;
				CLANG_WARN_UNGUARDED_AVAILABILITY = YES_AGGRESSIVE;
				CLANG_WARN_UNREACHABLE_CODE = YES;
				CLANG_WARN__DUPLICATE_METHOD_MATCH = YES;
				COPY_PHASE_STRIP = NO;
				DEBUG_INFORMATION_FORMAT = "dwarf-with-dsym";
				ENABLE_NS_ASSERTIONS = NO;
				ENABLE_STRICT_OBJC_MSGSEND = YES;
				GCC_C_LANGUAGE_STANDARD = gnu11;
				GCC_NO_COMMON_BLOCKS = YES;
				GCC_WARN_64_TO_32_BIT_CONVERSION = YES;
				GCC_WARN_ABOUT_RETURN_TYPE = YES_ERROR;
				GCC_WARN_UNDECLARED_SELECTOR = YES;
				GCC_WARN_UNINITIALIZED_AUTOS = YES_AGGRESSIVE;
				GCC_WARN_UNUSED_FUNCTION = YES;
				GCC_WARN_UNUSED_VARIABLE = YES;
				IPHONEOS_DEPLOYMENT_TARGET = 13.0;
				MTL_ENABLE_DEBUG_INFO = NO;
				MTL_FAST_MATH = YES;
				SDKROOT = iphoneos;
				SWIFT_COMPILATION_MODE = wholemodule;
				SWIFT_OPTIMIZATION_LEVEL = "-O";
				VALIDATE_PRODUCT = YES;
			};
			name = Release;
		};
		2253F90022C8C008007E35A2 /* Debug */ = {
			isa = XCBuildConfiguration;
			baseConfigurationReference = ADD905BC87C9FF6E5A2FB478 /* Pods-MQTTAnalyzer.debug.xcconfig */;
			buildSettings = {
				ASSETCATALOG_COMPILER_APPICON_NAME = AppIcon;
				CODE_SIGN_ENTITLEMENTS = MQTTAnalyzer/MQTTAnalyzer.entitlements;
				CODE_SIGN_STYLE = Automatic;
				CURRENT_PROJECT_VERSION = 53;
				DEAD_CODE_STRIPPING = NO;
				DEVELOPMENT_ASSET_PATHS = "MQTTAnalyzer/Preview\\ Content";
				DEVELOPMENT_TEAM = 643R6YSRER;
				ENABLE_PREVIEWS = YES;
				INFOPLIST_FILE = MQTTAnalyzer/Info.plist;
				LD_RUNPATH_SEARCH_PATHS = (
					"$(inherited)",
					"@executable_path/Frameworks",
				);
				MARKETING_VERSION = 1.7.0;
				PRODUCT_BUNDLE_IDENTIFIER = de.rnd7.MQTTAnalyzer;
				PRODUCT_NAME = "$(TARGET_NAME)";
				SWIFT_VERSION = 5.0;
				TARGETED_DEVICE_FAMILY = "1,2";
			};
			name = Debug;
		};
		2253F90122C8C008007E35A2 /* Release */ = {
			isa = XCBuildConfiguration;
			baseConfigurationReference = 1C7F7D8A56B0E9F9E2F1B518 /* Pods-MQTTAnalyzer.release.xcconfig */;
			buildSettings = {
				ASSETCATALOG_COMPILER_APPICON_NAME = AppIcon;
				CODE_SIGN_ENTITLEMENTS = MQTTAnalyzer/MQTTAnalyzer.entitlements;
				CODE_SIGN_STYLE = Automatic;
				CURRENT_PROJECT_VERSION = 53;
				DEAD_CODE_STRIPPING = NO;
				DEVELOPMENT_ASSET_PATHS = "MQTTAnalyzer/Preview\\ Content";
				DEVELOPMENT_TEAM = 643R6YSRER;
				ENABLE_PREVIEWS = YES;
				INFOPLIST_FILE = MQTTAnalyzer/Info.plist;
				LD_RUNPATH_SEARCH_PATHS = (
					"$(inherited)",
					"@executable_path/Frameworks",
				);
				MARKETING_VERSION = 1.7.0;
				PRODUCT_BUNDLE_IDENTIFIER = de.rnd7.MQTTAnalyzer;
				PRODUCT_NAME = "$(TARGET_NAME)";
				SWIFT_VERSION = 5.0;
				TARGETED_DEVICE_FAMILY = "1,2";
			};
			name = Release;
		};
		2253F90322C8C008007E35A2 /* Debug */ = {
			isa = XCBuildConfiguration;
			baseConfigurationReference = F916BCD72867FFAA5DFDDE16 /* Pods-MQTTAnalyzerTests.debug.xcconfig */;
			buildSettings = {
				ALWAYS_EMBED_SWIFT_STANDARD_LIBRARIES = YES;
				BUNDLE_LOADER = "$(TEST_HOST)";
				CODE_SIGN_STYLE = Automatic;
				DEVELOPMENT_TEAM = 643R6YSRER;
				INFOPLIST_FILE = MQTTAnalyzerTests/Info.plist;
				LD_RUNPATH_SEARCH_PATHS = (
					"$(inherited)",
					"@executable_path/Frameworks",
					"@loader_path/Frameworks",
				);
				PRODUCT_BUNDLE_IDENTIFIER = de.rnd7.MQTTAnalyzerTests;
				PRODUCT_NAME = "$(TARGET_NAME)";
				SWIFT_VERSION = 5.0;
				TARGETED_DEVICE_FAMILY = "1,2";
				TEST_HOST = "$(BUILT_PRODUCTS_DIR)/MQTTAnalyzer.app/MQTTAnalyzer";
			};
			name = Debug;
		};
		2253F90422C8C008007E35A2 /* Release */ = {
			isa = XCBuildConfiguration;
			baseConfigurationReference = E01573E4AFB043C24894F363 /* Pods-MQTTAnalyzerTests.release.xcconfig */;
			buildSettings = {
				ALWAYS_EMBED_SWIFT_STANDARD_LIBRARIES = YES;
				BUNDLE_LOADER = "$(TEST_HOST)";
				CODE_SIGN_STYLE = Automatic;
				DEVELOPMENT_TEAM = 643R6YSRER;
				INFOPLIST_FILE = MQTTAnalyzerTests/Info.plist;
				LD_RUNPATH_SEARCH_PATHS = (
					"$(inherited)",
					"@executable_path/Frameworks",
					"@loader_path/Frameworks",
				);
				PRODUCT_BUNDLE_IDENTIFIER = de.rnd7.MQTTAnalyzerTests;
				PRODUCT_NAME = "$(TARGET_NAME)";
				SWIFT_VERSION = 5.0;
				TARGETED_DEVICE_FAMILY = "1,2";
				TEST_HOST = "$(BUILT_PRODUCTS_DIR)/MQTTAnalyzer.app/MQTTAnalyzer";
			};
			name = Release;
		};
		22C7F0D82416A16600534880 /* Debug */ = {
			isa = XCBuildConfiguration;
			buildSettings = {
				CODE_SIGN_STYLE = Automatic;
				DEVELOPMENT_TEAM = 643R6YSRER;
				INFOPLIST_FILE = MQTTAnalyzerUITests/Info.plist;
				IPHONEOS_DEPLOYMENT_TARGET = 13.2;
				LD_RUNPATH_SEARCH_PATHS = (
					"$(inherited)",
					"@executable_path/Frameworks",
					"@loader_path/Frameworks",
				);
				PRODUCT_BUNDLE_IDENTIFIER = de.rnd7.MQTTAnalyzerUITests;
				PRODUCT_NAME = "$(TARGET_NAME)";
				SWIFT_VERSION = 5.0;
				TARGETED_DEVICE_FAMILY = "1,2";
				TEST_TARGET_NAME = MQTTAnalyzer;
			};
			name = Debug;
		};
		22C7F0D92416A16600534880 /* Release */ = {
			isa = XCBuildConfiguration;
			buildSettings = {
				CODE_SIGN_STYLE = Automatic;
				DEVELOPMENT_TEAM = 643R6YSRER;
				INFOPLIST_FILE = MQTTAnalyzerUITests/Info.plist;
				IPHONEOS_DEPLOYMENT_TARGET = 13.2;
				LD_RUNPATH_SEARCH_PATHS = (
					"$(inherited)",
					"@executable_path/Frameworks",
					"@loader_path/Frameworks",
				);
				PRODUCT_BUNDLE_IDENTIFIER = de.rnd7.MQTTAnalyzerUITests;
				PRODUCT_NAME = "$(TARGET_NAME)";
				SWIFT_VERSION = 5.0;
				TARGETED_DEVICE_FAMILY = "1,2";
				TEST_TARGET_NAME = MQTTAnalyzer;
			};
			name = Release;
		};
/* End XCBuildConfiguration section */

/* Begin XCConfigurationList section */
		2253F8CD22C8C007007E35A2 /* Build configuration list for PBXProject "MQTTAnalyzer" */ = {
			isa = XCConfigurationList;
			buildConfigurations = (
				2253F8FD22C8C008007E35A2 /* Debug */,
				2253F8FE22C8C008007E35A2 /* Release */,
			);
			defaultConfigurationIsVisible = 0;
			defaultConfigurationName = Release;
		};
		2253F8FF22C8C008007E35A2 /* Build configuration list for PBXNativeTarget "MQTTAnalyzer" */ = {
			isa = XCConfigurationList;
			buildConfigurations = (
				2253F90022C8C008007E35A2 /* Debug */,
				2253F90122C8C008007E35A2 /* Release */,
			);
			defaultConfigurationIsVisible = 0;
			defaultConfigurationName = Release;
		};
		2253F90222C8C008007E35A2 /* Build configuration list for PBXNativeTarget "MQTTAnalyzerTests" */ = {
			isa = XCConfigurationList;
			buildConfigurations = (
				2253F90322C8C008007E35A2 /* Debug */,
				2253F90422C8C008007E35A2 /* Release */,
			);
			defaultConfigurationIsVisible = 0;
			defaultConfigurationName = Release;
		};
		22C7F0D72416A16600534880 /* Build configuration list for PBXNativeTarget "MQTTAnalyzerUITests" */ = {
			isa = XCConfigurationList;
			buildConfigurations = (
				22C7F0D82416A16600534880 /* Debug */,
				22C7F0D92416A16600534880 /* Release */,
			);
			defaultConfigurationIsVisible = 0;
			defaultConfigurationName = Release;
		};
/* End XCConfigurationList section */

/* Begin XCVersionGroup section */
		2253F8D922C8C007007E35A2 /* MQTTAnalyzer.xcdatamodeld */ = {
			isa = XCVersionGroup;
			children = (
				2253F8DA22C8C007007E35A2 /* MQTTAnalyzer.xcdatamodel */,
			);
			currentVersion = 2253F8DA22C8C007007E35A2 /* MQTTAnalyzer.xcdatamodel */;
			path = MQTTAnalyzer.xcdatamodeld;
			sourceTree = "<group>";
			versionGroupType = wrapper.xcdatamodel;
		};
/* End XCVersionGroup section */
	};
	rootObject = 2253F8CA22C8C007007E35A2 /* Project object */;
}
