// !$*UTF8*$!
{
	archiveVersion = 1;
	classes = {
	};
	objectVersion = 74;
	objects = {

/* Begin PBXBuildFile section */
		1A8957EAF2D466362FB7395C /* Cocoa.framework in Frameworks */ = {isa = PBXBuildFile; fileRef = 9F511F20AD2C23A782996AC1 /* Cocoa.framework */; };
		223EF00823870AA5002ADF3E /* CloudKit.framework in Frameworks */ = {isa = PBXBuildFile; fileRef = 223EF00723870AA5002ADF3E /* CloudKit.framework */; };
		2282D9DF28102EB100F79E65 /* Intents.framework in Frameworks */ = {isa = PBXBuildFile; fileRef = 2282D9DE28102EB000F79E65 /* Intents.framework */; };
		2282D9EA28102EB100F79E65 /* IntentsUI.framework in Frameworks */ = {isa = PBXBuildFile; fileRef = 2282D9E928102EB100F79E65 /* IntentsUI.framework */; };
		2282D9F428102EB100F79E65 /* MQTTAnalyzerIntentUI.appex in Embed Foundation Extensions */ = {isa = PBXBuildFile; fileRef = 2282D9E828102EB100F79E65 /* MQTTAnalyzerIntentUI.appex */; platformFilter = ios; settings = {ATTRIBUTES = (RemoveHeadersOnCopy, ); }; };
		2282D9F828102EB100F79E65 /* MQTTAnalyzerIntent.appex in Embed Foundation Extensions */ = {isa = PBXBuildFile; fileRef = 2282D9DD28102EB000F79E65 /* MQTTAnalyzerIntent.appex */; platformFilter = ios; settings = {ATTRIBUTES = (RemoveHeadersOnCopy, ); }; };
		228466D52F59586600027A13 /* GRDB in Frameworks */ = {isa = PBXBuildFile; productRef = 228466D42F59586600027A13 /* GRDB */; };
		228466D72F59586600027A13 /* CocoaMQTT in Frameworks */ = {isa = PBXBuildFile; productRef = 228466D62F59586600027A13 /* CocoaMQTT */; };
		228466D92F59586600027A13 /* CocoaMQTTWebSocket in Frameworks */ = {isa = PBXBuildFile; productRef = 228466D82F59586600027A13 /* CocoaMQTTWebSocket */; };
		22COCOA0327C60000MQTT03 /* CocoaMQTT in Frameworks */ = {isa = PBXBuildFile; productRef = 22COCOA0227C60000MQTT02 /* CocoaMQTT */; };
		22COCOA0527C60000MQTT05 /* CocoaMQTTWebSocket in Frameworks */ = {isa = PBXBuildFile; productRef = 22COCOA0427C60000MQTT04 /* CocoaMQTTWebSocket */; };
		22COCOA0727C60000MQTT07 /* CocoaMQTT in Frameworks */ = {isa = PBXBuildFile; productRef = 22COCOA0627C60000MQTT06 /* CocoaMQTT */; };
		22COCOA0927C60000MQTT09 /* CocoaMQTTWebSocket in Frameworks */ = {isa = PBXBuildFile; productRef = 22COCOA0827C60000MQTT08 /* CocoaMQTTWebSocket */; };
		22COCOA0B27C60000MQTT0B /* CocoaMQTT in Frameworks */ = {isa = PBXBuildFile; productRef = 22COCOA0A27C60000MQTT0A /* CocoaMQTT */; };
		22COCOA0D27C60000MQTT0D /* CocoaMQTTWebSocket in Frameworks */ = {isa = PBXBuildFile; productRef = 22COCOA0C27C60000MQTT0C /* CocoaMQTTWebSocket */; };
		22COCOA0F27C60000MQTT0F /* CocoaMQTT in Frameworks */ = {isa = PBXBuildFile; productRef = 22COCOA0E27C60000MQTT0E /* CocoaMQTT */; };
		22COCOA1127C60000MQTT11 /* CocoaMQTTWebSocket in Frameworks */ = {isa = PBXBuildFile; productRef = 22COCOA1027C60000MQTT10 /* CocoaMQTTWebSocket */; };
		22E84D442F802E83009DBA15 /* AppIcon.icon in Resources */ = {isa = PBXBuildFile; fileRef = 22E84D432F802E83009DBA15 /* AppIcon.icon */; };
		22E84D452F802E83009DBA15 /* AppIcon.icon in Resources */ = {isa = PBXBuildFile; fileRef = 22E84D432F802E83009DBA15 /* AppIcon.icon */; };
		22GRDB00327C50000SWIFT03 /* GRDB in Frameworks */ = {isa = PBXBuildFile; productRef = 22GRDB00227C50000SWIFT02 /* GRDB */; };
		22GRDB00527C50000SWIFT05 /* GRDB in Frameworks */ = {isa = PBXBuildFile; productRef = 22GRDB00427C50000SWIFT04 /* GRDB */; };
		2688D1A6D86E24361A16A0DC /* CocoaMQTT in Frameworks */ = {isa = PBXBuildFile; productRef = 45F49BADF6B84BA4053B9800 /* CocoaMQTT */; };
		2E9F28CFBF4D7222B8836D0C /* MQTTAnalyzerCLI in Embed CLI Tool */ = {isa = PBXBuildFile; fileRef = 92F56339F599C39578CFB429 /* MQTTAnalyzerCLI */; settings = {ATTRIBUTES = (CodeSignOnCopy, ); }; };
		3634E194E66FC2DF43F8D74B /* ArgumentParser in Frameworks */ = {isa = PBXBuildFile; productRef = 3008872BD482F48069158E5A /* ArgumentParser */; };
		46932A4725A3C76B9CAC1E4F /* CocoaMQTT in Frameworks */ = {isa = PBXBuildFile; productRef = 08F59FB5EA634AF890270790 /* CocoaMQTT */; };
		575833715730ECA22CBE4044 /* CocoaMQTTWebSocket in Frameworks */ = {isa = PBXBuildFile; productRef = B0CF8F19D36778510A5298FA /* CocoaMQTTWebSocket */; };
		673953FAB23CE81B1780645C /* CloudKit.framework in Frameworks */ = {isa = PBXBuildFile; fileRef = 223EF00723870AA5002ADF3E /* CloudKit.framework */; };
		ADAE325EED8A4808F834AA9F /* CocoaMQTTWebSocket in Frameworks */ = {isa = PBXBuildFile; productRef = 692B9BA67F244871BE8F2032 /* CocoaMQTTWebSocket */; };
		B256F967210484D716EDE609 /* Cocoa.framework in Frameworks */ = {isa = PBXBuildFile; fileRef = 9F511F20AD2C23A782996AC1 /* Cocoa.framework */; };
		C2C66A86A51DDA232701D609 /* ArgumentParser in Frameworks */ = {isa = PBXBuildFile; productRef = 584F3A5C2B99BC379DB4D038 /* ArgumentParser */; };
		D70244C553EFCCBB4B6AA2CD /* Cocoa.framework in Frameworks */ = {isa = PBXBuildFile; fileRef = 9F511F20AD2C23A782996AC1 /* Cocoa.framework */; };
/* End PBXBuildFile section */

/* Begin PBXContainerItemProxy section */
		2253F8EC22C8C008007E35A2 /* PBXContainerItemProxy */ = {
			isa = PBXContainerItemProxy;
			containerPortal = 2253F8CA22C8C007007E35A2 /* Project object */;
			proxyType = 1;
			remoteGlobalIDString = 2253F8D122C8C007007E35A2;
			remoteInfo = MQTTAnalyzer;
		};
		2282D9F228102EB100F79E65 /* PBXContainerItemProxy */ = {
			isa = PBXContainerItemProxy;
			containerPortal = 2253F8CA22C8C007007E35A2 /* Project object */;
			proxyType = 1;
			remoteGlobalIDString = 2282D9E728102EB100F79E65;
			remoteInfo = MQTTAnalyzerIntentUI;
		};
		2282D9F628102EB100F79E65 /* PBXContainerItemProxy */ = {
			isa = PBXContainerItemProxy;
			containerPortal = 2253F8CA22C8C007007E35A2 /* Project object */;
			proxyType = 1;
			remoteGlobalIDString = 2282D9DC28102EB000F79E65;
			remoteInfo = MQTTAnalyzerIntent;
		};
		22C7F0D52416A16600534880 /* PBXContainerItemProxy */ = {
			isa = PBXContainerItemProxy;
			containerPortal = 2253F8CA22C8C007007E35A2 /* Project object */;
			proxyType = 1;
			remoteGlobalIDString = 2253F8D122C8C007007E35A2;
			remoteInfo = MQTTAnalyzer;
		};
		22C96E2B28141B9900A4F627 /* PBXContainerItemProxy */ = {
			isa = PBXContainerItemProxy;
			containerPortal = 2253F8CA22C8C007007E35A2 /* Project object */;
			proxyType = 1;
			remoteGlobalIDString = 2253F8D122C8C007007E35A2;
			remoteInfo = MQTTAnalyzer;
		};
		DAEC5E9C10CCEAC58E5FFC4C /* PBXContainerItemProxy */ = {
			isa = PBXContainerItemProxy;
			containerPortal = 2253F8CA22C8C007007E35A2 /* Project object */;
			proxyType = 1;
			remoteGlobalIDString = 19097DD56A61267315E1BF26;
			remoteInfo = MQTTAnalyzerCLI;
		};
/* End PBXContainerItemProxy section */

/* Begin PBXCopyFilesBuildPhase section */
		2282D9FA28102EB100F79E65 /* Embed Foundation Extensions */ = {
			isa = PBXCopyFilesBuildPhase;
			buildActionMask = 2147483647;
			dstPath = "";
			dstSubfolderSpec = 13;
			files = (
				2282D9F828102EB100F79E65 /* MQTTAnalyzerIntent.appex in Embed Foundation Extensions */,
				2282D9F428102EB100F79E65 /* MQTTAnalyzerIntentUI.appex in Embed Foundation Extensions */,
			);
			name = "Embed Foundation Extensions";
			runOnlyForDeploymentPostprocessing = 0;
		};
		2282DA0828103DB400F79E65 /* Embed Frameworks */ = {
			isa = PBXCopyFilesBuildPhase;
			buildActionMask = 2147483647;
			dstPath = "";
			dstSubfolderSpec = 10;
			files = (
			);
			name = "Embed Frameworks";
			runOnlyForDeploymentPostprocessing = 0;
		};
		992F9AC662E162C0BB2B5841 /* Embed CLI Tool */ = {
			isa = PBXCopyFilesBuildPhase;
			buildActionMask = 2147483647;
			dstPath = "";
			dstSubfolderSpec = 6;
			files = (
				2E9F28CFBF4D7222B8836D0C /* MQTTAnalyzerCLI in Embed CLI Tool */,
			);
			name = "Embed CLI Tool";
			runOnlyForDeploymentPostprocessing = 0;
		};
/* End PBXCopyFilesBuildPhase section */

/* Begin PBXFileReference section */
		223EF00723870AA5002ADF3E /* CloudKit.framework */ = {isa = PBXFileReference; lastKnownFileType = wrapper.framework; name = CloudKit.framework; path = System/Library/Frameworks/CloudKit.framework; sourceTree = SDKROOT; };
		2240835027AD701000AA4A42 /* CocoaMQTT.framework */ = {isa = PBXFileReference; explicitFileType = wrapper.framework; path = CocoaMQTT.framework; sourceTree = BUILT_PRODUCTS_DIR; };
		2253F8D222C8C007007E35A2 /* MQTTAnalyzer.app */ = {isa = PBXFileReference; explicitFileType = wrapper.application; includeInIndex = 0; path = MQTTAnalyzer.app; sourceTree = BUILT_PRODUCTS_DIR; };
		2253F8EB22C8C008007E35A2 /* MQTTAnalyzerTests.xctest */ = {isa = PBXFileReference; explicitFileType = wrapper.cfbundle; includeInIndex = 0; path = MQTTAnalyzerTests.xctest; sourceTree = BUILT_PRODUCTS_DIR; };
		2282D9DD28102EB000F79E65 /* MQTTAnalyzerIntent.appex */ = {isa = PBXFileReference; explicitFileType = "wrapper.app-extension"; includeInIndex = 0; path = MQTTAnalyzerIntent.appex; sourceTree = BUILT_PRODUCTS_DIR; };
		2282D9DE28102EB000F79E65 /* Intents.framework */ = {isa = PBXFileReference; lastKnownFileType = wrapper.framework; name = Intents.framework; path = System/Library/Frameworks/Intents.framework; sourceTree = SDKROOT; };
		2282D9E828102EB100F79E65 /* MQTTAnalyzerIntentUI.appex */ = {isa = PBXFileReference; explicitFileType = "wrapper.app-extension"; includeInIndex = 0; path = MQTTAnalyzerIntentUI.appex; sourceTree = BUILT_PRODUCTS_DIR; };
		2282D9E928102EB100F79E65 /* IntentsUI.framework */ = {isa = PBXFileReference; lastKnownFileType = wrapper.framework; name = IntentsUI.framework; path = System/Library/Frameworks/IntentsUI.framework; sourceTree = SDKROOT; };
		2282DA0928103DF200F79E65 /* CocoaMQTT.framework */ = {isa = PBXFileReference; explicitFileType = wrapper.framework; path = CocoaMQTT.framework; sourceTree = BUILT_PRODUCTS_DIR; };
		229D30C923197D8200632896 /* CocoaAsyncSocket.framework */ = {isa = PBXFileReference; explicitFileType = wrapper.framework; path = CocoaAsyncSocket.framework; sourceTree = BUILT_PRODUCTS_DIR; };
		229D30CA23197D8200632896 /* CocoaMQTT.framework */ = {isa = PBXFileReference; explicitFileType = wrapper.framework; path = CocoaMQTT.framework; sourceTree = BUILT_PRODUCTS_DIR; };
		22C7F0D02416A16600534880 /* MQTTAnalyzerUITests.xctest */ = {isa = PBXFileReference; explicitFileType = wrapper.cfbundle; includeInIndex = 0; path = MQTTAnalyzerUITests.xctest; sourceTree = BUILT_PRODUCTS_DIR; };
		22C96E2728141B9900A4F627 /* MQTTAnalyzerIntegrationTests.xctest */ = {isa = PBXFileReference; explicitFileType = wrapper.cfbundle; includeInIndex = 0; path = MQTTAnalyzerIntegrationTests.xctest; sourceTree = BUILT_PRODUCTS_DIR; };
		22C9F72E23B7486E00892C4B /* .swiftlint.yml */ = {isa = PBXFileReference; lastKnownFileType = text.yaml; path = .swiftlint.yml; sourceTree = "<group>"; };
		22E84D432F802E83009DBA15 /* AppIcon.icon */ = {isa = PBXFileReference; lastKnownFileType = folder.iconcomposer.icon; path = AppIcon.icon; sourceTree = "<group>"; };
		630CEA549212E560C3771A48 /* MQTTAnalyzer.app */ = {isa = PBXFileReference; explicitFileType = wrapper.application; includeInIndex = 0; path = MQTTAnalyzer.app; sourceTree = BUILT_PRODUCTS_DIR; };
		833EFDD6BBC29B58F52FFD5A /* MQTTAnalyzerCLITests.xctest */ = {isa = PBXFileReference; explicitFileType = wrapper.cfbundle; includeInIndex = 0; path = MQTTAnalyzerCLITests.xctest; sourceTree = BUILT_PRODUCTS_DIR; };
		92F56339F599C39578CFB429 /* MQTTAnalyzerCLI */ = {isa = PBXFileReference; includeInIndex = 0; lastKnownFileType = text; name = MQTTAnalyzerCLI; path = "mqtt-analyzer"; sourceTree = BUILT_PRODUCTS_DIR; };
		9F511F20AD2C23A782996AC1 /* Cocoa.framework */ = {isa = PBXFileReference; lastKnownFileType = wrapper.framework; name = Cocoa.framework; path = Platforms/MacOSX.platform/Developer/SDKs/MacOSX15.0.sdk/System/Library/Frameworks/Cocoa.framework; sourceTree = DEVELOPER_DIR; };
/* End PBXFileReference section */

/* Begin PBXFileSystemSynchronizedBuildFileExceptionSet section */
		22BB9F3A2F8443DA007DE024 /* PBXFileSystemSynchronizedBuildFileExceptionSet */ = {
			isa = PBXFileSystemSynchronizedBuildFileExceptionSet;
			membershipExceptions = (
				json/JSONUtils.swift,
			);
			target = 2253F8EA22C8C008007E35A2 /* MQTTAnalyzerTests */;
		};
		22BB9F3B2F8443DA007DE024 /* PBXFileSystemSynchronizedBuildFileExceptionSet */ = {
			isa = PBXFileSystemSynchronizedBuildFileExceptionSet;
			membershipExceptions = (
				Info.plist,
			);
			target = 2282D9DC28102EB000F79E65 /* MQTTAnalyzerIntent */;
		};
		22BB9F3C2F8443DA007DE024 /* PBXFileSystemSynchronizedBuildFileExceptionSet */ = {
			isa = PBXFileSystemSynchronizedBuildFileExceptionSet;
			membershipExceptions = (
				Info.plist,
			);
			platformFiltersByRelativePath = {
				/Localized/LaunchScreen.storyboard = (
					ios,
				);
			};
			target = 2253F8D122C8C007007E35A2 /* MQTTAnalyzer */;
		};
		22BB9F3D2F8443DA007DE024 /* PBXFileSystemSynchronizedBuildFileExceptionSet */ = {
			isa = PBXFileSystemSynchronizedBuildFileExceptionSet;
			membershipExceptions = (
				/Localized/LaunchScreen.storyboard,
				Info.plist,
				model/v2/TreeModelTimeseriesExtension.swift,
			);
			target = CE912A11F9A5DE33BF183696 /* MQTTAnalyzer-macOS */;
		};
		22BB9F3E2F8443DA007DE024 /* PBXFileSystemSynchronizedBuildFileExceptionSet */ = {
			isa = PBXFileSystemSynchronizedBuildFileExceptionSet;
			membershipExceptions = (
				main.swift,
			);
			target = 3FBCE08525DE05FCE1EE0815 /* MQTTAnalyzerCLITests */;
		};
		22BB9F3F2F8443DA007DE024 /* PBXFileSystemSynchronizedBuildFileExceptionSet */ = {
			isa = PBXFileSystemSynchronizedBuildFileExceptionSet;
			membershipExceptions = (
				Info.plist,
			);
			target = 2253F8EA22C8C008007E35A2 /* MQTTAnalyzerTests */;
		};
		22BB9F402F8443DA007DE024 /* PBXFileSystemSynchronizedBuildFileExceptionSet */ = {
			isa = PBXFileSystemSynchronizedBuildFileExceptionSet;
			membershipExceptions = (
				MQTTAnalyzer.xcdatamodeld,
			);
			target = 22C7F0CF2416A16600534880 /* MQTTAnalyzerUITests */;
		};
		22BB9F412F8443DA007DE024 /* PBXFileSystemSynchronizedBuildFileExceptionSet */ = {
			isa = PBXFileSystemSynchronizedBuildFileExceptionSet;
			membershipExceptions = (
				Info.plist,
			);
			target = 22C7F0CF2416A16600534880 /* MQTTAnalyzerUITests */;
		};
		22BB9F422F8443DA007DE024 /* PBXFileSystemSynchronizedBuildFileExceptionSet */ = {
			isa = PBXFileSystemSynchronizedBuildFileExceptionSet;
			membershipExceptions = (
				diagnostics/checks/CertificateChainCheck.swift,
				diagnostics/checks/CertificateExpiryCheck.swift,
				diagnostics/checks/DNSResolutionCheck.swift,
				diagnostics/checks/EKUCheck.swift,
				diagnostics/checks/MQTTProtocolCheck.swift,
				diagnostics/checks/PortCheck.swift,
				diagnostics/checks/ReachabilityCheck.swift,
				diagnostics/checks/SANCheck.swift,
				diagnostics/checks/TLSVersionCheck.swift,
				diagnostics/DiagnosticCheck.swift,
				diagnostics/DiagnosticContext.swift,
				diagnostics/DiagnosticRunner.swift,
				diagnostics/DiagnosticTLSHelper.swift,
				model/persistence/migration/ModelMigration.swift,
			);
			target = 2282D9DC28102EB000F79E65 /* MQTTAnalyzerIntent */;
		};
		22BB9F432F8443DA007DE024 /* PBXFileSystemSynchronizedBuildFileExceptionSet */ = {
			isa = PBXFileSystemSynchronizedBuildFileExceptionSet;
			membershipExceptions = (
				Intents.intentdefinition,
				platform/PlatformCompat.swift,
			);
			target = 2282D9E728102EB100F79E65 /* MQTTAnalyzerIntentUI */;
		};
		22BB9F442F8443DA007DE024 /* PBXFileSystemSynchronizedBuildFileExceptionSet */ = {
			isa = PBXFileSystemSynchronizedBuildFileExceptionSet;
			membershipExceptions = (
				MQTTAnalyzer.xcdatamodeld,
			);
			target = 19097DD56A61267315E1BF26 /* MQTTAnalyzerCLI */;
		};
		22BB9F452F8443DA007DE024 /* PBXFileSystemSynchronizedBuildFileExceptionSet */ = {
			isa = PBXFileSystemSynchronizedBuildFileExceptionSet;
			membershipExceptions = (
				MQTTAnalyzer.xcdatamodeld,
			);
			target = 3FBCE08525DE05FCE1EE0815 /* MQTTAnalyzerCLITests */;
		};
		22BB9F462F8443DA007DE024 /* PBXFileSystemSynchronizedBuildFileExceptionSet */ = {
			isa = PBXFileSystemSynchronizedBuildFileExceptionSet;
			membershipExceptions = (
				/Localized/MainInterface.storyboard,
				IntentViewController.swift,
			);
			target = 2282D9E728102EB100F79E65 /* MQTTAnalyzerIntentUI */;
		};
/* End PBXFileSystemSynchronizedBuildFileExceptionSet section */

/* Begin PBXFileSystemSynchronizedRootGroup section */
		22BB9B962F8443D9007DE024 /* MQTTAnalyzerCLITests */ = {isa = PBXFileSystemSynchronizedRootGroup; explicitFileTypes = {}; explicitFolders = (); path = MQTTAnalyzerCLITests; sourceTree = "<group>"; };
		22BB9BA12F8443D9007DE024 /* MQTTAnalyzerIntent */ = {isa = PBXFileSystemSynchronizedRootGroup; exceptions = (22BB9F3B2F8443DA007DE024 /* PBXFileSystemSynchronizedBuildFileExceptionSet */, ); explicitFileTypes = {}; explicitFolders = (); path = MQTTAnalyzerIntent; sourceTree = "<group>"; };
		22BB9C122F8443D9007DE024 /* Common */ = {isa = PBXFileSystemSynchronizedRootGroup; exceptions = (22BB9F3A2F8443DA007DE024 /* PBXFileSystemSynchronizedBuildFileExceptionSet */, 22BB9F402F8443DA007DE024 /* PBXFileSystemSynchronizedBuildFileExceptionSet */, 22BB9F422F8443DA007DE024 /* PBXFileSystemSynchronizedBuildFileExceptionSet */, 22BB9F432F8443DA007DE024 /* PBXFileSystemSynchronizedBuildFileExceptionSet */, 22BB9F442F8443DA007DE024 /* PBXFileSystemSynchronizedBuildFileExceptionSet */, 22BB9F452F8443DA007DE024 /* PBXFileSystemSynchronizedBuildFileExceptionSet */, ); explicitFileTypes = {}; explicitFolders = (); path = Common; sourceTree = "<group>"; };
		22BB9D2C2F8443D9007DE024 /* MQTTAnalyzerCLI */ = {isa = PBXFileSystemSynchronizedRootGroup; exceptions = (22BB9F3E2F8443DA007DE024 /* PBXFileSystemSynchronizedBuildFileExceptionSet */, ); explicitFileTypes = {}; explicitFolders = (); path = MQTTAnalyzerCLI; sourceTree = "<group>"; };
		22BB9D612F8443D9007DE024 /* MQTTAnalyzerUITests */ = {isa = PBXFileSystemSynchronizedRootGroup; exceptions = (22BB9F412F8443DA007DE024 /* PBXFileSystemSynchronizedBuildFileExceptionSet */, ); explicitFileTypes = {}; explicitFolders = (); path = MQTTAnalyzerUITests; sourceTree = "<group>"; };
		22BB9D872F8443D9007DE024 /* MQTTAnalyzerIntentUI */ = {isa = PBXFileSystemSynchronizedRootGroup; exceptions = (22BB9F462F8443DA007DE024 /* PBXFileSystemSynchronizedBuildFileExceptionSet */, ); explicitFileTypes = {}; explicitFolders = (); path = MQTTAnalyzerIntentUI; sourceTree = "<group>"; };
		22BB9DA72F8443D9007DE024 /* MQTTAnalyzerTests */ = {isa = PBXFileSystemSynchronizedRootGroup; exceptions = (22BB9F3F2F8443DA007DE024 /* PBXFileSystemSynchronizedBuildFileExceptionSet */, ); explicitFileTypes = {}; explicitFolders = (); path = MQTTAnalyzerTests; sourceTree = "<group>"; };
		22BB9DC72F8443D9007DE024 /* MQTTAnalyzerIntegrationTests */ = {isa = PBXFileSystemSynchronizedRootGroup; explicitFileTypes = {}; explicitFolders = (); path = MQTTAnalyzerIntegrationTests; sourceTree = "<group>"; };
		22BB9E592F8443D9007DE024 /* MQTTAnalyzer */ = {isa = PBXFileSystemSynchronizedRootGroup; exceptions = (22BB9F3C2F8443DA007DE024 /* PBXFileSystemSynchronizedBuildFileExceptionSet */, 22BB9F3D2F8443DA007DE024 /* PBXFileSystemSynchronizedBuildFileExceptionSet */, ); explicitFileTypes = {}; explicitFolders = (); path = MQTTAnalyzer; sourceTree = "<group>"; };
/* End PBXFileSystemSynchronizedRootGroup section */

/* Begin PBXFrameworksBuildPhase section */
		2253F8CF22C8C007007E35A2 /* Frameworks */ = {
			isa = PBXFrameworksBuildPhase;
			buildActionMask = 2147483647;
			files = (
				22GRDB00327C50000SWIFT03 /* GRDB in Frameworks */,
				22COCOA0327C60000MQTT03 /* CocoaMQTT in Frameworks */,
				22COCOA0527C60000MQTT05 /* CocoaMQTTWebSocket in Frameworks */,
				223EF00823870AA5002ADF3E /* CloudKit.framework in Frameworks */,
			);
			runOnlyForDeploymentPostprocessing = 0;
		};
		2253F8E822C8C008007E35A2 /* Frameworks */ = {
			isa = PBXFrameworksBuildPhase;
			buildActionMask = 2147483647;
			files = (
				22COCOA0B27C60000MQTT0B /* CocoaMQTT in Frameworks */,
				22COCOA0D27C60000MQTT0D /* CocoaMQTTWebSocket in Frameworks */,
			);
			runOnlyForDeploymentPostprocessing = 0;
		};
		2282D9DA28102EB000F79E65 /* Frameworks */ = {
			isa = PBXFrameworksBuildPhase;
			buildActionMask = 2147483647;
			files = (
				22GRDB00527C50000SWIFT05 /* GRDB in Frameworks */,
				22COCOA0727C60000MQTT07 /* CocoaMQTT in Frameworks */,
				22COCOA0927C60000MQTT09 /* CocoaMQTTWebSocket in Frameworks */,
				2282D9DF28102EB100F79E65 /* Intents.framework in Frameworks */,
			);
			runOnlyForDeploymentPostprocessing = 0;
		};
		2282D9E528102EB100F79E65 /* Frameworks */ = {
			isa = PBXFrameworksBuildPhase;
			buildActionMask = 2147483647;
			files = (
				2282D9EA28102EB100F79E65 /* IntentsUI.framework in Frameworks */,
			);
			runOnlyForDeploymentPostprocessing = 0;
		};
		22C7F0CD2416A16600534880 /* Frameworks */ = {
			isa = PBXFrameworksBuildPhase;
			buildActionMask = 2147483647;
			files = (
				22COCOA0F27C60000MQTT0F /* CocoaMQTT in Frameworks */,
				22COCOA1127C60000MQTT11 /* CocoaMQTTWebSocket in Frameworks */,
			);
			runOnlyForDeploymentPostprocessing = 0;
		};
		22C96E2428141B9900A4F627 /* Frameworks */ = {
			isa = PBXFrameworksBuildPhase;
			buildActionMask = 2147483647;
			files = (
			);
			runOnlyForDeploymentPostprocessing = 0;
		};
		472AC0F596F88BF00222583F /* Frameworks */ = {
			isa = PBXFrameworksBuildPhase;
			buildActionMask = 2147483647;
			files = (
				B256F967210484D716EDE609 /* Cocoa.framework in Frameworks */,
				C2C66A86A51DDA232701D609 /* ArgumentParser in Frameworks */,
				2688D1A6D86E24361A16A0DC /* CocoaMQTT in Frameworks */,
				575833715730ECA22CBE4044 /* CocoaMQTTWebSocket in Frameworks */,
			);
			runOnlyForDeploymentPostprocessing = 0;
		};
		5D1D24573110169F782DBEDF /* Frameworks */ = {
			isa = PBXFrameworksBuildPhase;
			buildActionMask = 2147483647;
			files = (
				D70244C553EFCCBB4B6AA2CD /* Cocoa.framework in Frameworks */,
				3634E194E66FC2DF43F8D74B /* ArgumentParser in Frameworks */,
				46932A4725A3C76B9CAC1E4F /* CocoaMQTT in Frameworks */,
				ADAE325EED8A4808F834AA9F /* CocoaMQTTWebSocket in Frameworks */,
			);
			runOnlyForDeploymentPostprocessing = 0;
		};
		9E8A8A2D9E7F8B755CC9510B /* Frameworks */ = {
			isa = PBXFrameworksBuildPhase;
			buildActionMask = 2147483647;
			files = (
				1A8957EAF2D466362FB7395C /* Cocoa.framework in Frameworks */,
				228466D92F59586600027A13 /* CocoaMQTTWebSocket in Frameworks */,
				228466D72F59586600027A13 /* CocoaMQTT in Frameworks */,
				228466D52F59586600027A13 /* GRDB in Frameworks */,
				673953FAB23CE81B1780645C /* CloudKit.framework in Frameworks */,
			);
			runOnlyForDeploymentPostprocessing = 0;
		};
/* End PBXFrameworksBuildPhase section */

/* Begin PBXGroup section */
		2253F8C922C8C007007E35A2 = {
			isa = PBXGroup;
			children = (
				22E84D432F802E83009DBA15 /* AppIcon.icon */,
				22C9F72E23B7486E00892C4B /* .swiftlint.yml */,
				22BB9C122F8443D9007DE024 /* Common */,
				22BB9E592F8443D9007DE024 /* MQTTAnalyzer */,
				22BB9DA72F8443D9007DE024 /* MQTTAnalyzerTests */,
				22BB9DC72F8443D9007DE024 /* MQTTAnalyzerIntegrationTests */,
				22BB9D612F8443D9007DE024 /* MQTTAnalyzerUITests */,
				22BB9BA12F8443D9007DE024 /* MQTTAnalyzerIntent */,
				22BB9D872F8443D9007DE024 /* MQTTAnalyzerIntentUI */,
				2253F8D322C8C007007E35A2 /* Products */,
				45E8AFAA8B14B8DFB865D13B /* Frameworks */,
				22BB9D2C2F8443D9007DE024 /* MQTTAnalyzerCLI */,
				22BB9B962F8443D9007DE024 /* MQTTAnalyzerCLITests */,
			);
			sourceTree = "<group>";
			usesTabs = 1;
		};
		2253F8D322C8C007007E35A2 /* Products */ = {
			isa = PBXGroup;
			children = (
				2253F8D222C8C007007E35A2 /* MQTTAnalyzer.app */,
				2253F8EB22C8C008007E35A2 /* MQTTAnalyzerTests.xctest */,
				22C7F0D02416A16600534880 /* MQTTAnalyzerUITests.xctest */,
				2282D9DD28102EB000F79E65 /* MQTTAnalyzerIntent.appex */,
				2282D9E828102EB100F79E65 /* MQTTAnalyzerIntentUI.appex */,
				22C96E2728141B9900A4F627 /* MQTTAnalyzerIntegrationTests.xctest */,
				630CEA549212E560C3771A48 /* MQTTAnalyzer.app */,
				92F56339F599C39578CFB429 /* MQTTAnalyzerCLI */,
				833EFDD6BBC29B58F52FFD5A /* MQTTAnalyzerCLITests.xctest */,
			);
			name = Products;
			sourceTree = "<group>";
		};
		45E8AFAA8B14B8DFB865D13B /* Frameworks */ = {
			isa = PBXGroup;
			children = (
				2282DA0928103DF200F79E65 /* CocoaMQTT.framework */,
				2240835027AD701000AA4A42 /* CocoaMQTT.framework */,
				223EF00723870AA5002ADF3E /* CloudKit.framework */,
				229D30C923197D8200632896 /* CocoaAsyncSocket.framework */,
				229D30CA23197D8200632896 /* CocoaMQTT.framework */,
				2282D9DE28102EB000F79E65 /* Intents.framework */,
				2282D9E928102EB100F79E65 /* IntentsUI.framework */,
				4961A09980489B528885588F /* OS X */,
			);
			name = Frameworks;
			sourceTree = "<group>";
		};
		4961A09980489B528885588F /* OS X */ = {
			isa = PBXGroup;
			children = (
				9F511F20AD2C23A782996AC1 /* Cocoa.framework */,
			);
			name = "OS X";
			sourceTree = "<group>";
		};
/* End PBXGroup section */

/* Begin PBXNativeTarget section */
		19097DD56A61267315E1BF26 /* MQTTAnalyzerCLI */ = {
			isa = PBXNativeTarget;
			buildConfigurationList = C39B70DBFE49DE17FA5F8D35 /* Build configuration list for PBXNativeTarget "MQTTAnalyzerCLI" */;
			buildPhases = (
				85ED05884870DD91B27C32C4 /* Sources */,
				5D1D24573110169F782DBEDF /* Frameworks */,
			);
			buildRules = (
			);
			dependencies = (
			);
			fileSystemSynchronizedGroups = (
				22BB9D2C2F8443D9007DE024 /* MQTTAnalyzerCLI */,
			);
			name = MQTTAnalyzerCLI;
			packageProductDependencies = (
				3008872BD482F48069158E5A /* ArgumentParser */,
				08F59FB5EA634AF890270790 /* CocoaMQTT */,
				692B9BA67F244871BE8F2032 /* CocoaMQTTWebSocket */,
			);
			productName = MQTTAnalyzerCLI;
			productReference = 92F56339F599C39578CFB429 /* MQTTAnalyzerCLI */;
			productType = "com.apple.product-type.tool";
		};
		2253F8D122C8C007007E35A2 /* MQTTAnalyzer */ = {
			isa = PBXNativeTarget;
			buildConfigurationList = 2253F8FF22C8C008007E35A2 /* Build configuration list for PBXNativeTarget "MQTTAnalyzer" */;
			buildPhases = (
				2253F8CE22C8C007007E35A2 /* Sources */,
				2253F8CF22C8C007007E35A2 /* Frameworks */,
				2253F8D022C8C007007E35A2 /* Resources */,
				22C9F72D23B747E800892C4B /* ShellScript */,
				2282D9FA28102EB100F79E65 /* Embed Foundation Extensions */,
			);
			buildRules = (
			);
			dependencies = (
				2282D9F328102EB100F79E65 /* PBXTargetDependency */,
				2282D9F728102EB100F79E65 /* PBXTargetDependency */,
			);
			fileSystemSynchronizedGroups = (
				22BB9C122F8443D9007DE024 /* Common */,
				22BB9E592F8443D9007DE024 /* MQTTAnalyzer */,
			);
			name = MQTTAnalyzer;
			packageProductDependencies = (
				22GRDB00227C50000SWIFT02 /* GRDB */,
				22COCOA0227C60000MQTT02 /* CocoaMQTT */,
				22COCOA0427C60000MQTT04 /* CocoaMQTTWebSocket */,
			);
			productName = MQTTAnalyzer;
			productReference = 2253F8D222C8C007007E35A2 /* MQTTAnalyzer.app */;
			productType = "com.apple.product-type.application";
		};
		2253F8EA22C8C008007E35A2 /* MQTTAnalyzerTests */ = {
			isa = PBXNativeTarget;
			buildConfigurationList = 2253F90222C8C008007E35A2 /* Build configuration list for PBXNativeTarget "MQTTAnalyzerTests" */;
			buildPhases = (
				2253F8E722C8C008007E35A2 /* Sources */,
				2253F8E822C8C008007E35A2 /* Frameworks */,
				2253F8E922C8C008007E35A2 /* Resources */,
			);
			buildRules = (
			);
			dependencies = (
				2253F8ED22C8C008007E35A2 /* PBXTargetDependency */,
			);
			fileSystemSynchronizedGroups = (
				22BB9DA72F8443D9007DE024 /* MQTTAnalyzerTests */,
			);
			name = MQTTAnalyzerTests;
			packageProductDependencies = (
				22COCOA0A27C60000MQTT0A /* CocoaMQTT */,
				22COCOA0C27C60000MQTT0C /* CocoaMQTTWebSocket */,
			);
			productName = MQTTAnalyzerTests;
			productReference = 2253F8EB22C8C008007E35A2 /* MQTTAnalyzerTests.xctest */;
			productType = "com.apple.product-type.bundle.unit-test";
		};
		2282D9DC28102EB000F79E65 /* MQTTAnalyzerIntent */ = {
			isa = PBXNativeTarget;
			buildConfigurationList = 2282DA0028102EB100F79E65 /* Build configuration list for PBXNativeTarget "MQTTAnalyzerIntent" */;
			buildPhases = (
				2282D9D928102EB000F79E65 /* Sources */,
				2282D9DA28102EB000F79E65 /* Frameworks */,
				2282D9DB28102EB000F79E65 /* Resources */,
				2282DA0828103DB400F79E65 /* Embed Frameworks */,
			);
			buildRules = (
			);
			dependencies = (
			);
			fileSystemSynchronizedGroups = (
				22BB9BA12F8443D9007DE024 /* MQTTAnalyzerIntent */,
				22BB9C122F8443D9007DE024 /* Common */,
			);
			name = MQTTAnalyzerIntent;
			packageProductDependencies = (
				22GRDB00427C50000SWIFT04 /* GRDB */,
				22COCOA0627C60000MQTT06 /* CocoaMQTT */,
				22COCOA0827C60000MQTT08 /* CocoaMQTTWebSocket */,
			);
			productName = MQTTAnalyzerIntent;
			productReference = 2282D9DD28102EB000F79E65 /* MQTTAnalyzerIntent.appex */;
			productType = "com.apple.product-type.app-extension";
		};
		2282D9E728102EB100F79E65 /* MQTTAnalyzerIntentUI */ = {
			isa = PBXNativeTarget;
			buildConfigurationList = 2282D9FF28102EB100F79E65 /* Build configuration list for PBXNativeTarget "MQTTAnalyzerIntentUI" */;
			buildPhases = (
				2282D9E428102EB100F79E65 /* Sources */,
				2282D9E528102EB100F79E65 /* Frameworks */,
				2282D9E628102EB100F79E65 /* Resources */,
			);
			buildRules = (
			);
			dependencies = (
			);
			name = MQTTAnalyzerIntentUI;
			productName = MQTTAnalyzerIntentUI;
			productReference = 2282D9E828102EB100F79E65 /* MQTTAnalyzerIntentUI.appex */;
			productType = "com.apple.product-type.app-extension";
		};
		22C7F0CF2416A16600534880 /* MQTTAnalyzerUITests */ = {
			isa = PBXNativeTarget;
			buildConfigurationList = 22C7F0D72416A16600534880 /* Build configuration list for PBXNativeTarget "MQTTAnalyzerUITests" */;
			buildPhases = (
				22C7F0CC2416A16600534880 /* Sources */,
				22C7F0CD2416A16600534880 /* Frameworks */,
				22C7F0CE2416A16600534880 /* Resources */,
			);
			buildRules = (
			);
			dependencies = (
				22C7F0D62416A16600534880 /* PBXTargetDependency */,
			);
			fileSystemSynchronizedGroups = (
				22BB9D612F8443D9007DE024 /* MQTTAnalyzerUITests */,
			);
			name = MQTTAnalyzerUITests;
			packageProductDependencies = (
				22COCOA0E27C60000MQTT0E /* CocoaMQTT */,
				22COCOA1027C60000MQTT10 /* CocoaMQTTWebSocket */,
			);
			productName = MQTTAnalyzerUITests;
			productReference = 22C7F0D02416A16600534880 /* MQTTAnalyzerUITests.xctest */;
			productType = "com.apple.product-type.bundle.ui-testing";
		};
		22C96E2628141B9900A4F627 /* MQTTAnalyzerIntegrationTests */ = {
			isa = PBXNativeTarget;
			buildConfigurationList = 22C96E2F28141B9900A4F627 /* Build configuration list for PBXNativeTarget "MQTTAnalyzerIntegrationTests" */;
			buildPhases = (
				22C96E2328141B9900A4F627 /* Sources */,
				22C96E2428141B9900A4F627 /* Frameworks */,
				22C96E2528141B9900A4F627 /* Resources */,
			);
			buildRules = (
			);
			dependencies = (
				22C96E2C28141B9900A4F627 /* PBXTargetDependency */,
			);
			fileSystemSynchronizedGroups = (
				22BB9DC72F8443D9007DE024 /* MQTTAnalyzerIntegrationTests */,
			);
			name = MQTTAnalyzerIntegrationTests;
			productName = MQTTAnalyzerIntegrationTests;
			productReference = 22C96E2728141B9900A4F627 /* MQTTAnalyzerIntegrationTests.xctest */;
			productType = "com.apple.product-type.bundle.unit-test";
		};
		3FBCE08525DE05FCE1EE0815 /* MQTTAnalyzerCLITests */ = {
			isa = PBXNativeTarget;
			buildConfigurationList = 4F6EC4E86006E6FEB07D1E60 /* Build configuration list for PBXNativeTarget "MQTTAnalyzerCLITests" */;
			buildPhases = (
				BDE0DC63EF5B13FFA91C6E7E /* Sources */,
				472AC0F596F88BF00222583F /* Frameworks */,
				DA48CABB16428AC9EA774860 /* Resources */,
			);
			buildRules = (
			);
			dependencies = (
			);
			fileSystemSynchronizedGroups = (
				22BB9B962F8443D9007DE024 /* MQTTAnalyzerCLITests */,
				22BB9D2C2F8443D9007DE024 /* MQTTAnalyzerCLI */,
			);
			name = MQTTAnalyzerCLITests;
			packageProductDependencies = (
				584F3A5C2B99BC379DB4D038 /* ArgumentParser */,
				45F49BADF6B84BA4053B9800 /* CocoaMQTT */,
				B0CF8F19D36778510A5298FA /* CocoaMQTTWebSocket */,
			);
			productName = MQTTAnalyzerCLITests;
			productReference = 833EFDD6BBC29B58F52FFD5A /* MQTTAnalyzerCLITests.xctest */;
			productType = "com.apple.product-type.bundle.unit-test";
		};
		CE912A11F9A5DE33BF183696 /* MQTTAnalyzer-macOS */ = {
			isa = PBXNativeTarget;
			buildConfigurationList = 16BC91015DAC16879E0981CC /* Build configuration list for PBXNativeTarget "MQTTAnalyzer-macOS" */;
			buildPhases = (
				D368AC53AE45BFC6A2B8B2C6 /* Sources */,
				9E8A8A2D9E7F8B755CC9510B /* Frameworks */,
				7954002347D8BA3EDE0A660C /* Resources */,
				992F9AC662E162C0BB2B5841 /* Embed CLI Tool */,
			);
			buildRules = (
			);
			dependencies = (
				08267E05923B849060ED865F /* PBXTargetDependency */,
			);
			fileSystemSynchronizedGroups = (
				22BB9C122F8443D9007DE024 /* Common */,
				22BB9E592F8443D9007DE024 /* MQTTAnalyzer */,
			);
			name = "MQTTAnalyzer-macOS";
			productName = "MQTTAnalyzer-macOS";
			productReference = 630CEA549212E560C3771A48 /* MQTTAnalyzer.app */;
			productType = "com.apple.product-type.application";
		};
/* End PBXNativeTarget section */

/* Begin PBXProject section */
		2253F8CA22C8C007007E35A2 /* Project object */ = {
			isa = PBXProject;
			attributes = {
				BuildIndependentTargetsInParallel = YES;
				LastSwiftUpdateCheck = 1330;
				LastUpgradeCheck = 2640;
				ORGANIZATIONNAME = "Philipp Arndt";
				TargetAttributes = {
					2253F8D122C8C007007E35A2 = {
						CreatedOnToolsVersion = 11.0;
					};
					2253F8EA22C8C008007E35A2 = {
						CreatedOnToolsVersion = 11.0;
						TestTargetID = 2253F8D122C8C007007E35A2;
					};
					2282D9DC28102EB000F79E65 = {
						CreatedOnToolsVersion = 13.3.1;
					};
					2282D9E728102EB100F79E65 = {
						CreatedOnToolsVersion = 13.3.1;
					};
					22C7F0CF2416A16600534880 = {
						CreatedOnToolsVersion = 11.3.1;
						TestTargetID = 2253F8D122C8C007007E35A2;
					};
					22C96E2628141B9900A4F627 = {
						CreatedOnToolsVersion = 13.3.1;
						TestTargetID = 2253F8D122C8C007007E35A2;
					};
				};
			};
			buildConfigurationList = 2253F8CD22C8C007007E35A2 /* Build configuration list for PBXProject "MQTTAnalyzer" */;
			developmentRegion = en;
			hasScannedForEncodings = 0;
			knownRegions = (
				en,
				Base,
			);
			mainGroup = 2253F8C922C8C007007E35A2;
			packageReferences = (
				22GRDB00127C50000SWIFT01 /* XCRemoteSwiftPackageReference "GRDB" */,
				22COCOA0127C60000MQTT01 /* XCRemoteSwiftPackageReference "CocoaMQTT" */,
				08B1C977709A6CD8AAE921D6 /* XCRemoteSwiftPackageReference "swift-argument-parser" */,
			);
			preferredProjectObjectVersion = 50;
			productRefGroup = 2253F8D322C8C007007E35A2 /* Products */;
			projectDirPath = "";
			projectRoot = "";
			targets = (
				2253F8D122C8C007007E35A2 /* MQTTAnalyzer */,
				2253F8EA22C8C008007E35A2 /* MQTTAnalyzerTests */,
				22C96E2628141B9900A4F627 /* MQTTAnalyzerIntegrationTests */,
				22C7F0CF2416A16600534880 /* MQTTAnalyzerUITests */,
				2282D9DC28102EB000F79E65 /* MQTTAnalyzerIntent */,
				2282D9E728102EB100F79E65 /* MQTTAnalyzerIntentUI */,
				CE912A11F9A5DE33BF183696 /* MQTTAnalyzer-macOS */,
				19097DD56A61267315E1BF26 /* MQTTAnalyzerCLI */,
				3FBCE08525DE05FCE1EE0815 /* MQTTAnalyzerCLITests */,
			);
		};
/* End PBXProject section */

/* Begin PBXResourcesBuildPhase section */
		2253F8D022C8C007007E35A2 /* Resources */ = {
			isa = PBXResourcesBuildPhase;
			buildActionMask = 2147483647;
			files = (
				22E84D452F802E83009DBA15 /* AppIcon.icon in Resources */,
			);
			runOnlyForDeploymentPostprocessing = 0;
		};
		2253F8E922C8C008007E35A2 /* Resources */ = {
			isa = PBXResourcesBuildPhase;
			buildActionMask = 2147483647;
			files = (
			);
			runOnlyForDeploymentPostprocessing = 0;
		};
		2282D9DB28102EB000F79E65 /* Resources */ = {
			isa = PBXResourcesBuildPhase;
			buildActionMask = 2147483647;
			files = (
			);
			runOnlyForDeploymentPostprocessing = 0;
		};
		2282D9E628102EB100F79E65 /* Resources */ = {
			isa = PBXResourcesBuildPhase;
			buildActionMask = 2147483647;
			files = (
			);
			runOnlyForDeploymentPostprocessing = 0;
		};
		22C7F0CE2416A16600534880 /* Resources */ = {
			isa = PBXResourcesBuildPhase;
			buildActionMask = 2147483647;
			files = (
			);
			runOnlyForDeploymentPostprocessing = 0;
		};
		22C96E2528141B9900A4F627 /* Resources */ = {
			isa = PBXResourcesBuildPhase;
			buildActionMask = 2147483647;
			files = (
			);
			runOnlyForDeploymentPostprocessing = 0;
		};
		7954002347D8BA3EDE0A660C /* Resources */ = {
			isa = PBXResourcesBuildPhase;
			buildActionMask = 2147483647;
			files = (
				22E84D442F802E83009DBA15 /* AppIcon.icon in Resources */,
			);
			runOnlyForDeploymentPostprocessing = 0;
		};
		DA48CABB16428AC9EA774860 /* Resources */ = {
			isa = PBXResourcesBuildPhase;
			buildActionMask = 2147483647;
			files = (
			);
			runOnlyForDeploymentPostprocessing = 0;
		};
/* End PBXResourcesBuildPhase section */

/* Begin PBXShellScriptBuildPhase section */
		22C9F72D23B747E800892C4B /* ShellScript */ = {
			isa = PBXShellScriptBuildPhase;
			alwaysOutOfDate = 1;
			buildActionMask = 2147483647;
			files = (
			);
			inputFileListPaths = (
			);
			inputPaths = (
			);
			outputFileListPaths = (
			);
			outputPaths = (
			);
			runOnlyForDeploymentPostprocessing = 0;
			shellPath = /bin/sh;
			shellScript = "export PATH=\"/opt/homebrew/bin:$PATH\"\nif which swiftlint > /dev/null; then\n  swiftlint\nelse\n  echo \"warning: SwiftLint not installed, install via: brew install swiftlint\"\nfi\n";
		};
/* End PBXShellScriptBuildPhase section */

/* Begin PBXSourcesBuildPhase section */
		2253F8CE22C8C007007E35A2 /* Sources */ = {
			isa = PBXSourcesBuildPhase;
			buildActionMask = 2147483647;
			files = (
			);
			runOnlyForDeploymentPostprocessing = 0;
		};
		2253F8E722C8C008007E35A2 /* Sources */ = {
			isa = PBXSourcesBuildPhase;
			buildActionMask = 2147483647;
			files = (
			);
			runOnlyForDeploymentPostprocessing = 0;
		};
		2282D9D928102EB000F79E65 /* Sources */ = {
			isa = PBXSourcesBuildPhase;
			buildActionMask = 2147483647;
			files = (
			);
			runOnlyForDeploymentPostprocessing = 0;
		};
		2282D9E428102EB100F79E65 /* Sources */ = {
			isa = PBXSourcesBuildPhase;
			buildActionMask = 2147483647;
			files = (
			);
			runOnlyForDeploymentPostprocessing = 0;
		};
		22C7F0CC2416A16600534880 /* Sources */ = {
			isa = PBXSourcesBuildPhase;
			buildActionMask = 2147483647;
			files = (
			);
			runOnlyForDeploymentPostprocessing = 0;
		};
		22C96E2328141B9900A4F627 /* Sources */ = {
			isa = PBXSourcesBuildPhase;
			buildActionMask = 2147483647;
			files = (
			);
			runOnlyForDeploymentPostprocessing = 0;
		};
		85ED05884870DD91B27C32C4 /* Sources */ = {
			isa = PBXSourcesBuildPhase;
			buildActionMask = 2147483647;
			files = (
			);
			runOnlyForDeploymentPostprocessing = 0;
		};
		BDE0DC63EF5B13FFA91C6E7E /* Sources */ = {
			isa = PBXSourcesBuildPhase;
			buildActionMask = 2147483647;
			files = (
			);
			runOnlyForDeploymentPostprocessing = 0;
		};
		D368AC53AE45BFC6A2B8B2C6 /* Sources */ = {
			isa = PBXSourcesBuildPhase;
			buildActionMask = 2147483647;
			files = (
			);
			runOnlyForDeploymentPostprocessing = 0;
		};
/* End PBXSourcesBuildPhase section */

/* Begin PBXTargetDependency section */
		08267E05923B849060ED865F /* PBXTargetDependency */ = {
			isa = PBXTargetDependency;
			name = MQTTAnalyzerCLI;
			target = 19097DD56A61267315E1BF26 /* MQTTAnalyzerCLI */;
			targetProxy = DAEC5E9C10CCEAC58E5FFC4C /* PBXContainerItemProxy */;
		};
		2253F8ED22C8C008007E35A2 /* PBXTargetDependency */ = {
			isa = PBXTargetDependency;
			target = 2253F8D122C8C007007E35A2 /* MQTTAnalyzer */;
			targetProxy = 2253F8EC22C8C008007E35A2 /* PBXContainerItemProxy */;
		};
		2282D9F328102EB100F79E65 /* PBXTargetDependency */ = {
			isa = PBXTargetDependency;
			platformFilter = ios;
			target = 2282D9E728102EB100F79E65 /* MQTTAnalyzerIntentUI */;
			targetProxy = 2282D9F228102EB100F79E65 /* PBXContainerItemProxy */;
		};
		2282D9F728102EB100F79E65 /* PBXTargetDependency */ = {
			isa = PBXTargetDependency;
			platformFilter = ios;
			target = 2282D9DC28102EB000F79E65 /* MQTTAnalyzerIntent */;
			targetProxy = 2282D9F628102EB100F79E65 /* PBXContainerItemProxy */;
		};
		22C7F0D62416A16600534880 /* PBXTargetDependency */ = {
			isa = PBXTargetDependency;
			target = 2253F8D122C8C007007E35A2 /* MQTTAnalyzer */;
			targetProxy = 22C7F0D52416A16600534880 /* PBXContainerItemProxy */;
		};
		22C96E2C28141B9900A4F627 /* PBXTargetDependency */ = {
			isa = PBXTargetDependency;
			target = 2253F8D122C8C007007E35A2 /* MQTTAnalyzer */;
			targetProxy = 22C96E2B28141B9900A4F627 /* PBXContainerItemProxy */;
		};
/* End PBXTargetDependency section */

/* Begin XCBuildConfiguration section */
		2253F8FD22C8C008007E35A2 /* Debug */ = {
			isa = XCBuildConfiguration;
			buildSettings = {
				ALWAYS_SEARCH_USER_PATHS = NO;
				CLANG_ANALYZER_NONNULL = YES;
				CLANG_ANALYZER_NUMBER_OBJECT_CONVERSION = YES_AGGRESSIVE;
				CLANG_CXX_LANGUAGE_STANDARD = "gnu++14";
				CLANG_CXX_LIBRARY = "libc++";
				CLANG_ENABLE_MODULES = YES;
				CLANG_ENABLE_OBJC_ARC = YES;
				CLANG_ENABLE_OBJC_WEAK = YES;
				CLANG_WARN_BLOCK_CAPTURE_AUTORELEASING = YES;
				CLANG_WARN_BOOL_CONVERSION = YES;
				CLANG_WARN_COMMA = YES;
				CLANG_WARN_CONSTANT_CONVERSION = YES;
				CLANG_WARN_DEPRECATED_OBJC_IMPLEMENTATIONS = YES;
				CLANG_WARN_DIRECT_OBJC_ISA_USAGE = YES_ERROR;
				CLANG_WARN_DOCUMENTATION_COMMENTS = YES;
				CLANG_WARN_EMPTY_BODY = YES;
				CLANG_WARN_ENUM_CONVERSION = YES;
				CLANG_WARN_INFINITE_RECURSION = YES;
				CLANG_WARN_INT_CONVERSION = YES;
				CLANG_WARN_NON_LITERAL_NULL_CONVERSION = YES;
				CLANG_WARN_OBJC_IMPLICIT_RETAIN_SELF = YES;
				CLANG_WARN_OBJC_LITERAL_CONVERSION = YES;
				CLANG_WARN_OBJC_ROOT_CLASS = YES_ERROR;
				CLANG_WARN_QUOTED_INCLUDE_IN_FRAMEWORK_HEADER = YES;
				CLANG_WARN_RANGE_LOOP_ANALYSIS = YES;
				CLANG_WARN_STRICT_PROTOTYPES = YES;
				CLANG_WARN_SUSPICIOUS_MOVE = YES;
				CLANG_WARN_UNGUARDED_AVAILABILITY = YES_AGGRESSIVE;
				CLANG_WARN_UNREACHABLE_CODE = YES;
				CLANG_WARN__DUPLICATE_METHOD_MATCH = YES;
				COPY_PHASE_STRIP = NO;
				DEBUG_INFORMATION_FORMAT = dwarf;
				DEVELOPMENT_TEAM = 643R6YSRER;
				ENABLE_STRICT_OBJC_MSGSEND = YES;
				ENABLE_TESTABILITY = YES;
				ENABLE_USER_SCRIPT_SANDBOXING = NO;
				GCC_C_LANGUAGE_STANDARD = gnu11;
				GCC_DYNAMIC_NO_PIC = NO;
				GCC_NO_COMMON_BLOCKS = YES;
				GCC_OPTIMIZATION_LEVEL = 0;
				GCC_PREPROCESSOR_DEFINITIONS = (
					"DEBUG=1",
					"$(inherited)",
				);
				GCC_WARN_64_TO_32_BIT_CONVERSION = YES;
				GCC_WARN_ABOUT_RETURN_TYPE = YES_ERROR;
				GCC_WARN_UNDECLARED_SELECTOR = YES;
				GCC_WARN_UNINITIALIZED_AUTOS = YES_AGGRESSIVE;
				GCC_WARN_UNUSED_FUNCTION = YES;
				GCC_WARN_UNUSED_VARIABLE = YES;
				IPHONEOS_DEPLOYMENT_TARGET = 18.0;
				MTL_ENABLE_DEBUG_INFO = INCLUDE_SOURCE;
				MTL_FAST_MATH = YES;
				ONLY_ACTIVE_ARCH = YES;
				SDKROOT = iphoneos;
				STRING_CATALOG_GENERATE_SYMBOLS = YES;
				SWIFT_ACTIVE_COMPILATION_CONDITIONS = DEBUG;
				SWIFT_OPTIMIZATION_LEVEL = "-Onone";
			};
			name = Debug;
		};
		2253F8FE22C8C008007E35A2 /* Release */ = {
			isa = XCBuildConfiguration;
			buildSettings = {
				ALWAYS_SEARCH_USER_PATHS = NO;
				CLANG_ANALYZER_NONNULL = YES;
				CLANG_ANALYZER_NUMBER_OBJECT_CONVERSION = YES_AGGRESSIVE;
				CLANG_CXX_LANGUAGE_STANDARD = "gnu++14";
				CLANG_CXX_LIBRARY = "libc++";
				CLANG_ENABLE_MODULES = YES;
				CLANG_ENABLE_OBJC_ARC = YES;
				CLANG_ENABLE_OBJC_WEAK = YES;
				CLANG_WARN_BLOCK_CAPTURE_AUTORELEASING = YES;
				CLANG_WARN_BOOL_CONVERSION = YES;
				CLANG_WARN_COMMA = YES;
				CLANG_WARN_CONSTANT_CONVERSION = YES;
				CLANG_WARN_DEPRECATED_OBJC_IMPLEMENTATIONS = YES;
				CLANG_WARN_DIRECT_OBJC_ISA_USAGE = YES_ERROR;
				CLANG_WARN_DOCUMENTATION_COMMENTS = YES;
				CLANG_WARN_EMPTY_BODY = YES;
				CLANG_WARN_ENUM_CONVERSION = YES;
				CLANG_WARN_INFINITE_RECURSION = YES;
				CLANG_WARN_INT_CONVERSION = YES;
				CLANG_WARN_NON_LITERAL_NULL_CONVERSION = YES;
				CLANG_WARN_OBJC_IMPLICIT_RETAIN_SELF = YES;
				CLANG_WARN_OBJC_LITERAL_CONVERSION = YES;
				CLANG_WARN_OBJC_ROOT_CLASS = YES_ERROR;
				CLANG_WARN_QUOTED_INCLUDE_IN_FRAMEWORK_HEADER = YES;
				CLANG_WARN_RANGE_LOOP_ANALYSIS = YES;
				CLANG_WARN_STRICT_PROTOTYPES = YES;
				CLANG_WARN_SUSPICIOUS_MOVE = YES;
				CLANG_WARN_UNGUARDED_AVAILABILITY = YES_AGGRESSIVE;
				CLANG_WARN_UNREACHABLE_CODE = YES;
				CLANG_WARN__DUPLICATE_METHOD_MATCH = YES;
				COPY_PHASE_STRIP = NO;
				DEBUG_INFORMATION_FORMAT = "dwarf-with-dsym";
				DEVELOPMENT_TEAM = 643R6YSRER;
				ENABLE_NS_ASSERTIONS = NO;
				ENABLE_STRICT_OBJC_MSGSEND = YES;
				ENABLE_USER_SCRIPT_SANDBOXING = NO;
				GCC_C_LANGUAGE_STANDARD = gnu11;
				GCC_NO_COMMON_BLOCKS = YES;
				GCC_WARN_64_TO_32_BIT_CONVERSION = YES;
				GCC_WARN_ABOUT_RETURN_TYPE = YES_ERROR;
				GCC_WARN_UNDECLARED_SELECTOR = YES;
				GCC_WARN_UNINITIALIZED_AUTOS = YES_AGGRESSIVE;
				GCC_WARN_UNUSED_FUNCTION = YES;
				GCC_WARN_UNUSED_VARIABLE = YES;
				IPHONEOS_DEPLOYMENT_TARGET = 18.0;
				MTL_ENABLE_DEBUG_INFO = NO;
				MTL_FAST_MATH = YES;
				SDKROOT = iphoneos;
				STRING_CATALOG_GENERATE_SYMBOLS = YES;
				SWIFT_COMPILATION_MODE = wholemodule;
				SWIFT_OPTIMIZATION_LEVEL = "-O";
				VALIDATE_PRODUCT = YES;
			};
			name = Release;
		};
		2253F90022C8C008007E35A2 /* Debug */ = {
			isa = XCBuildConfiguration;
			buildSettings = {
				ASSETCATALOG_COMPILER_APPICON_NAME = AppIcon;
				CODE_SIGN_ENTITLEMENTS = MQTTAnalyzer/MQTTAnalyzer.entitlements;
				"CODE_SIGN_ENTITLEMENTS[sdk=macosx*]" = "MQTTAnalyzer-macOS/MQTTAnalyzer.entitlements";
				CODE_SIGN_STYLE = Automatic;
				CURRENT_PROJECT_VERSION = 356;
				DEVELOPMENT_ASSET_PATHS = "MQTTAnalyzer/Preview\\ Content";
				ENABLE_APP_SANDBOX = YES;
				ENABLE_HARDENED_RUNTIME = YES;
				ENABLE_OUTGOING_NETWORK_CONNECTIONS = YES;
				ENABLE_PREVIEWS = YES;
				INFOPLIST_FILE = MQTTAnalyzer/Info.plist;
				"INFOPLIST_FILE[sdk=macosx*]" = "MQTTAnalyzer-macOS/Info.plist";
				INFOPLIST_KEY_LSApplicationCategoryType = "public.app-category.developer-tools";
				IPHONEOS_DEPLOYMENT_TARGET = 18.0;
				LD_RUNPATH_SEARCH_PATHS = (
					"$(inherited)",
					"@executable_path/Frameworks",
					"@executable_path/../Frameworks",
				);
				MACOSX_DEPLOYMENT_TARGET = 15.6;
				MARKETING_VERSION = 3.3.3;
				PRODUCT_BUNDLE_IDENTIFIER = de.rnd7.MQTTAnalyzer;
				PRODUCT_NAME = "$(TARGET_NAME)";
				REGISTER_APP_GROUPS = YES;
				SUPPORTED_PLATFORMS = "iphoneos iphonesimulator macosx";
				SUPPORTS_MACCATALYST = NO;
				SUPPORTS_MAC_DESIGNED_FOR_IPHONE_IPAD = NO;
				SWIFT_VERSION = 5.0;
				TARGETED_DEVICE_FAMILY = "1,2,6";
			};
			name = Debug;
		};
		2253F90122C8C008007E35A2 /* Release */ = {
			isa = XCBuildConfiguration;
			buildSettings = {
				ASSETCATALOG_COMPILER_APPICON_NAME = AppIcon;
				CODE_SIGN_ENTITLEMENTS = MQTTAnalyzer/MQTTAnalyzer.entitlements;
				"CODE_SIGN_ENTITLEMENTS[sdk=macosx*]" = "MQTTAnalyzer-macOS/MQTTAnalyzer.entitlements";
				CODE_SIGN_STYLE = Automatic;
				CURRENT_PROJECT_VERSION = 356;
				DEVELOPMENT_ASSET_PATHS = "MQTTAnalyzer/Preview\\ Content";
				ENABLE_APP_SANDBOX = YES;
				ENABLE_HARDENED_RUNTIME = YES;
				ENABLE_OUTGOING_NETWORK_CONNECTIONS = YES;
				ENABLE_PREVIEWS = YES;
				INFOPLIST_FILE = MQTTAnalyzer/Info.plist;
				"INFOPLIST_FILE[sdk=macosx*]" = "MQTTAnalyzer-macOS/Info.plist";
				INFOPLIST_KEY_LSApplicationCategoryType = "public.app-category.developer-tools";
				IPHONEOS_DEPLOYMENT_TARGET = 18.0;
				LD_RUNPATH_SEARCH_PATHS = (
					"$(inherited)",
					"@executable_path/Frameworks",
					"@executable_path/../Frameworks",
				);
				MACOSX_DEPLOYMENT_TARGET = 15.6;
				MARKETING_VERSION = 3.3.3;
				PRODUCT_BUNDLE_IDENTIFIER = de.rnd7.MQTTAnalyzer;
				PRODUCT_NAME = "$(TARGET_NAME)";
				REGISTER_APP_GROUPS = YES;
				SUPPORTED_PLATFORMS = "iphoneos iphonesimulator macosx";
				SUPPORTS_MACCATALYST = NO;
				SUPPORTS_MAC_DESIGNED_FOR_IPHONE_IPAD = NO;
				SWIFT_VERSION = 5.0;
				TARGETED_DEVICE_FAMILY = "1,2,6";
			};
			name = Release;
		};
		2253F90322C8C008007E35A2 /* Debug */ = {
			isa = XCBuildConfiguration;
			buildSettings = {
				BUNDLE_LOADER = "$(TEST_HOST)";
				CODE_SIGN_STYLE = Automatic;
				INFOPLIST_FILE = MQTTAnalyzerTests/Info.plist;
				LD_RUNPATH_SEARCH_PATHS = (
					"$(inherited)",
					"@executable_path/Frameworks",
					"@loader_path/Frameworks",
				);
				PRODUCT_BUNDLE_IDENTIFIER = de.rnd7.MQTTAnalyzerTests;
				PRODUCT_NAME = "$(TARGET_NAME)";
				SUPPORTED_PLATFORMS = "iphoneos iphonesimulator macosx";
				SUPPORTS_MACCATALYST = NO;
				SUPPORTS_MAC_DESIGNED_FOR_IPHONE_IPAD = NO;
				SWIFT_VERSION = 5.0;
				TARGETED_DEVICE_FAMILY = "1,2";
				TEST_HOST = "$(BUILT_PRODUCTS_DIR)/MQTTAnalyzer.app/$(BUNDLE_EXECUTABLE_FOLDER_PATH)/MQTTAnalyzer";
			};
			name = Debug;
		};
		2253F90422C8C008007E35A2 /* Release */ = {
			isa = XCBuildConfiguration;
			buildSettings = {
				BUNDLE_LOADER = "$(TEST_HOST)";
				CODE_SIGN_STYLE = Automatic;
				INFOPLIST_FILE = MQTTAnalyzerTests/Info.plist;
				LD_RUNPATH_SEARCH_PATHS = (
					"$(inherited)",
					"@executable_path/Frameworks",
					"@loader_path/Frameworks",
				);
				PRODUCT_BUNDLE_IDENTIFIER = de.rnd7.MQTTAnalyzerTests;
				PRODUCT_NAME = "$(TARGET_NAME)";
				SUPPORTED_PLATFORMS = "iphoneos iphonesimulator macosx";
				SUPPORTS_MACCATALYST = NO;
				SUPPORTS_MAC_DESIGNED_FOR_IPHONE_IPAD = NO;
				SWIFT_VERSION = 5.0;
				TARGETED_DEVICE_FAMILY = "1,2";
				TEST_HOST = "$(BUILT_PRODUCTS_DIR)/MQTTAnalyzer.app/$(BUNDLE_EXECUTABLE_FOLDER_PATH)/MQTTAnalyzer";
			};
			name = Release;
		};
		2282D9FB28102EB100F79E65 /* Debug */ = {
			isa = XCBuildConfiguration;
			buildSettings = {
				CLANG_CXX_LANGUAGE_STANDARD = "gnu++17";
				CODE_SIGN_ENTITLEMENTS = MQTTAnalyzerIntent/MQTTAnalyzerIntent.entitlements;
				CODE_SIGN_STYLE = Automatic;
				CURRENT_PROJECT_VERSION = 356;
				GENERATE_INFOPLIST_FILE = YES;
				INFOPLIST_FILE = MQTTAnalyzerIntent/Info.plist;
				INFOPLIST_KEY_CFBundleDisplayName = MQTTAnalyzerIntent;
				INFOPLIST_KEY_NSHumanReadableCopyright = "Copyright © 2022 Philipp Arndt. All rights reserved.";
				IPHONEOS_DEPLOYMENT_TARGET = 18.0;
				LD_RUNPATH_SEARCH_PATHS = (
					"$(inherited)",
					"@executable_path/Frameworks",
					"@executable_path/../../Frameworks",
				);
				MARKETING_VERSION = 3.3.3;
				PRODUCT_BUNDLE_IDENTIFIER = de.rnd7.MQTTAnalyzer.MQTTAnalyzerIntent;
				PRODUCT_NAME = "$(TARGET_NAME)";
				SKIP_INSTALL = YES;
				SUPPORTS_MACCATALYST = NO;
				SWIFT_EMIT_LOC_STRINGS = YES;
				SWIFT_VERSION = 5.0;
				TARGETED_DEVICE_FAMILY = "1,2";
			};
			name = Debug;
		};
		2282D9FC28102EB100F79E65 /* Release */ = {
			isa = XCBuildConfiguration;
			buildSettings = {
				CLANG_CXX_LANGUAGE_STANDARD = "gnu++17";
				CODE_SIGN_ENTITLEMENTS = MQTTAnalyzerIntent/MQTTAnalyzerIntent.entitlements;
				CODE_SIGN_STYLE = Automatic;
				CURRENT_PROJECT_VERSION = 356;
				GENERATE_INFOPLIST_FILE = YES;
				INFOPLIST_FILE = MQTTAnalyzerIntent/Info.plist;
				INFOPLIST_KEY_CFBundleDisplayName = MQTTAnalyzerIntent;
				INFOPLIST_KEY_NSHumanReadableCopyright = "Copyright © 2022 Philipp Arndt. All rights reserved.";
				IPHONEOS_DEPLOYMENT_TARGET = 18.0;
				LD_RUNPATH_SEARCH_PATHS = (
					"$(inherited)",
					"@executable_path/Frameworks",
					"@executable_path/../../Frameworks",
				);
				MARKETING_VERSION = 3.3.3;
				PRODUCT_BUNDLE_IDENTIFIER = de.rnd7.MQTTAnalyzer.MQTTAnalyzerIntent;
				PRODUCT_NAME = "$(TARGET_NAME)";
				SKIP_INSTALL = YES;
				SUPPORTS_MACCATALYST = NO;
				SWIFT_EMIT_LOC_STRINGS = YES;
				SWIFT_VERSION = 5.0;
				TARGETED_DEVICE_FAMILY = "1,2";
			};
			name = Release;
		};
		2282D9FD28102EB100F79E65 /* Debug */ = {
			isa = XCBuildConfiguration;
			buildSettings = {
				CLANG_CXX_LANGUAGE_STANDARD = "gnu++17";
				CODE_SIGN_ENTITLEMENTS = MQTTAnalyzerIntentUI/MQTTAnalyzerIntentUI.entitlements;
				CODE_SIGN_STYLE = Automatic;
				CURRENT_PROJECT_VERSION = 356;
				GENERATE_INFOPLIST_FILE = YES;
				INFOPLIST_FILE = MQTTAnalyzerIntentUI/Info.plist;
				INFOPLIST_KEY_CFBundleDisplayName = MQTTAnalyzerIntentUI;
				INFOPLIST_KEY_NSHumanReadableCopyright = "Copyright © 2022 Philipp Arndt. All rights reserved.";
				IPHONEOS_DEPLOYMENT_TARGET = 18.0;
				LD_RUNPATH_SEARCH_PATHS = (
					"$(inherited)",
					"@executable_path/Frameworks",
					"@executable_path/../../Frameworks",
				);
				MARKETING_VERSION = 3.3.3;
				PRODUCT_BUNDLE_IDENTIFIER = de.rnd7.MQTTAnalyzer.MQTTAnalyzerIntentUI;
				PRODUCT_NAME = "$(TARGET_NAME)";
				SKIP_INSTALL = YES;
				SUPPORTS_MACCATALYST = NO;
				SWIFT_EMIT_LOC_STRINGS = YES;
				SWIFT_VERSION = 5.0;
				TARGETED_DEVICE_FAMILY = "1,2";
			};
			name = Debug;
		};
		2282D9FE28102EB100F79E65 /* Release */ = {
			isa = XCBuildConfiguration;
			buildSettings = {
				CLANG_CXX_LANGUAGE_STANDARD = "gnu++17";
				CODE_SIGN_ENTITLEMENTS = MQTTAnalyzerIntentUI/MQTTAnalyzerIntentUI.entitlements;
				CODE_SIGN_STYLE = Automatic;
				CURRENT_PROJECT_VERSION = 356;
				GENERATE_INFOPLIST_FILE = YES;
				INFOPLIST_FILE = MQTTAnalyzerIntentUI/Info.plist;
				INFOPLIST_KEY_CFBundleDisplayName = MQTTAnalyzerIntentUI;
				INFOPLIST_KEY_NSHumanReadableCopyright = "Copyright © 2022 Philipp Arndt. All rights reserved.";
				IPHONEOS_DEPLOYMENT_TARGET = 18.0;
				LD_RUNPATH_SEARCH_PATHS = (
					"$(inherited)",
					"@executable_path/Frameworks",
					"@executable_path/../../Frameworks",
				);
				MARKETING_VERSION = 3.3.3;
				PRODUCT_BUNDLE_IDENTIFIER = de.rnd7.MQTTAnalyzer.MQTTAnalyzerIntentUI;
				PRODUCT_NAME = "$(TARGET_NAME)";
				SKIP_INSTALL = YES;
				SUPPORTS_MACCATALYST = NO;
				SWIFT_EMIT_LOC_STRINGS = YES;
				SWIFT_VERSION = 5.0;
				TARGETED_DEVICE_FAMILY = "1,2";
			};
			name = Release;
		};
		22C7F0D82416A16600534880 /* Debug */ = {
			isa = XCBuildConfiguration;
			buildSettings = {
				CODE_SIGN_STYLE = Automatic;
				ENABLE_APP_SANDBOX = NO;
				ENABLE_HARDENED_RUNTIME = YES;
				INFOPLIST_FILE = MQTTAnalyzerUITests/Info.plist;
				IPHONEOS_DEPLOYMENT_TARGET = 18.0;
				LD_RUNPATH_SEARCH_PATHS = (
					"$(inherited)",
					"@executable_path/Frameworks",
					"@loader_path/Frameworks",
				);
				MACOSX_DEPLOYMENT_TARGET = 15.6;
				PRODUCT_BUNDLE_IDENTIFIER = de.rnd7.MQTTAnalyzerUITests;
				PRODUCT_NAME = "$(TARGET_NAME)";
				REGISTER_APP_GROUPS = YES;
				SUPPORTED_PLATFORMS = "iphoneos iphonesimulator macosx";
				SUPPORTS_MACCATALYST = NO;
				SUPPORTS_MAC_DESIGNED_FOR_IPHONE_IPAD = NO;
				SWIFT_VERSION = 5.0;
				TARGETED_DEVICE_FAMILY = "1,2";
				TEST_TARGET_NAME = MQTTAnalyzer;
			};
			name = Debug;
		};
		22C7F0D92416A16600534880 /* Release */ = {
			isa = XCBuildConfiguration;
			buildSettings = {
				CODE_SIGN_STYLE = Automatic;
				ENABLE_APP_SANDBOX = NO;
				ENABLE_HARDENED_RUNTIME = YES;
				INFOPLIST_FILE = MQTTAnalyzerUITests/Info.plist;
				IPHONEOS_DEPLOYMENT_TARGET = 18.0;
				LD_RUNPATH_SEARCH_PATHS = (
					"$(inherited)",
					"@executable_path/Frameworks",
					"@loader_path/Frameworks",
				);
				MACOSX_DEPLOYMENT_TARGET = 15.6;
				PRODUCT_BUNDLE_IDENTIFIER = de.rnd7.MQTTAnalyzerUITests;
				PRODUCT_NAME = "$(TARGET_NAME)";
				REGISTER_APP_GROUPS = YES;
				SUPPORTED_PLATFORMS = "iphoneos iphonesimulator macosx";
				SUPPORTS_MACCATALYST = NO;
				SUPPORTS_MAC_DESIGNED_FOR_IPHONE_IPAD = NO;
				SWIFT_VERSION = 5.0;
				TARGETED_DEVICE_FAMILY = "1,2";
				TEST_TARGET_NAME = MQTTAnalyzer;
			};
			name = Release;
		};
		22C96E2D28141B9900A4F627 /* Debug */ = {
			isa = XCBuildConfiguration;
			buildSettings = {
				BUNDLE_LOADER = "$(TEST_HOST)";
				CLANG_CXX_LANGUAGE_STANDARD = "gnu++17";
				CODE_SIGN_STYLE = Automatic;
				CURRENT_PROJECT_VERSION = 356;
				GENERATE_INFOPLIST_FILE = YES;
				IPHONEOS_DEPLOYMENT_TARGET = 18.0;
				MARKETING_VERSION = 3.3.3;
				PRODUCT_BUNDLE_IDENTIFIER = de.rnd.MQTTAnalyzerIntegrationTests;
				PRODUCT_NAME = "$(TARGET_NAME)";
				SUPPORTED_PLATFORMS = "iphoneos iphonesimulator macosx";
				SUPPORTS_MACCATALYST = NO;
				SUPPORTS_MAC_DESIGNED_FOR_IPHONE_IPAD = NO;
				SWIFT_EMIT_LOC_STRINGS = NO;
				SWIFT_VERSION = 5.0;
				TARGETED_DEVICE_FAMILY = "1,2";
				TEST_HOST = "$(BUILT_PRODUCTS_DIR)/MQTTAnalyzer.app/$(BUNDLE_EXECUTABLE_FOLDER_PATH)/MQTTAnalyzer";
			};
			name = Debug;
		};
		22C96E2E28141B9900A4F627 /* Release */ = {
			isa = XCBuildConfiguration;
			buildSettings = {
				BUNDLE_LOADER = "$(TEST_HOST)";
				CLANG_CXX_LANGUAGE_STANDARD = "gnu++17";
				CODE_SIGN_STYLE = Automatic;
				CURRENT_PROJECT_VERSION = 356;
				GENERATE_INFOPLIST_FILE = YES;
				IPHONEOS_DEPLOYMENT_TARGET = 18.0;
				MARKETING_VERSION = 3.3.3;
				PRODUCT_BUNDLE_IDENTIFIER = de.rnd.MQTTAnalyzerIntegrationTests;
				PRODUCT_NAME = "$(TARGET_NAME)";
				SUPPORTED_PLATFORMS = "iphoneos iphonesimulator macosx";
				SUPPORTS_MACCATALYST = NO;
				SUPPORTS_MAC_DESIGNED_FOR_IPHONE_IPAD = NO;
				SWIFT_EMIT_LOC_STRINGS = NO;
				SWIFT_VERSION = 5.0;
				TARGETED_DEVICE_FAMILY = "1,2";
				TEST_HOST = "$(BUILT_PRODUCTS_DIR)/MQTTAnalyzer.app/$(BUNDLE_EXECUTABLE_FOLDER_PATH)/MQTTAnalyzer";
			};
			name = Release;
		};
		3AE43E2DF72E5447FCDBD16E /* Release */ = {
			isa = XCBuildConfiguration;
			buildSettings = {
				CODE_SIGN_ENTITLEMENTS = MQTTAnalyzerCLI/MQTTAnalyzerCLI.entitlements;
				CODE_SIGN_STYLE = Automatic;
				CREATE_INFOPLIST_SECTION_IN_BINARY = YES;
				DEAD_CODE_STRIPPING = YES;
				ENABLE_HARDENED_RUNTIME = YES;
				GENERATE_INFOPLIST_FILE = YES;
				LD_RUNPATH_SEARCH_PATHS = (
					"$(inherited)",
					"@executable_path/../Frameworks",
				);
				MACOSX_DEPLOYMENT_TARGET = 15.0;
				PRODUCT_BUNDLE_IDENTIFIER = de.rnd7.MQTTAnalyzer.cli;
				PRODUCT_NAME = "mqtt-analyzer";
				SDKROOT = macosx;
				SKIP_INSTALL = YES;
				SWIFT_VERSION = 5.0;
			};
			name = Release;
		};
		8062676E9C83346A693D0F95 /* Debug */ = {
			isa = XCBuildConfiguration;
			buildSettings = {
				ASSETCATALOG_COMPILER_APPICON_NAME = AppIcon;
				ASSETCATALOG_COMPILER_GLOBAL_ACCENT_COLOR_NAME = AccentColor;
				CODE_SIGN_ENTITLEMENTS = "MQTTAnalyzer-macOS/MQTTAnalyzer.entitlements";
				CODE_SIGN_STYLE = Automatic;
				COMBINE_HIDPI_IMAGES = YES;
				CURRENT_PROJECT_VERSION = 356;
				DEAD_CODE_STRIPPING = YES;
				INFOPLIST_FILE = "MQTTAnalyzer-macOS/Info.plist";
				INFOPLIST_KEY_LSApplicationCategoryType = "public.app-category.developer-tools";
				LD_RUNPATH_SEARCH_PATHS = (
					"$(inherited)",
					"@executable_path/../Frameworks",
				);
				MACOSX_DEPLOYMENT_TARGET = 15.0;
				MARKETING_VERSION = 3.3.3;
				PRODUCT_BUNDLE_IDENTIFIER = "de.2020-11.philipp.MQTTAnalyzer.macos";
				PRODUCT_NAME = MQTTAnalyzer;
				REGISTER_APP_GROUPS = YES;
				SDKROOT = macosx;
				SWIFT_VERSION = 5.0;
			};
			name = Debug;
		};
		9FBA0F0DD8DE983B06AA7867 /* Release */ = {
			isa = XCBuildConfiguration;
			buildSettings = {
				BUNDLE_LOADER = "";
				CODE_SIGN_STYLE = Automatic;
				GENERATE_INFOPLIST_FILE = YES;
				MACOSX_DEPLOYMENT_TARGET = 15.0;
				PRODUCT_BUNDLE_IDENTIFIER = de.rnd7.MQTTAnalyzerCLITests;
				PRODUCT_MODULE_NAME = MQTTAnalyzerCLITests;
				PRODUCT_NAME = MQTTAnalyzerCLITests;
				SDKROOT = macosx;
				SWIFT_VERSION = 5.0;
				TEST_HOST = "";
			};
			name = Release;
		};
		C54CA3D7F39B745A8B2E7AA7 /* Debug */ = {
			isa = XCBuildConfiguration;
			buildSettings = {
				CODE_SIGN_ENTITLEMENTS = MQTTAnalyzerCLI/MQTTAnalyzerCLI.entitlements;
				CODE_SIGN_STYLE = Automatic;
				CREATE_INFOPLIST_SECTION_IN_BINARY = YES;
				DEAD_CODE_STRIPPING = YES;
				ENABLE_HARDENED_RUNTIME = YES;
				GENERATE_INFOPLIST_FILE = YES;
				LD_RUNPATH_SEARCH_PATHS = (
					"$(inherited)",
					"@executable_path/../Frameworks",
				);
				MACOSX_DEPLOYMENT_TARGET = 15.0;
				PRODUCT_BUNDLE_IDENTIFIER = de.rnd7.MQTTAnalyzer.cli;
				PRODUCT_NAME = "mqtt-analyzer";
				SDKROOT = macosx;
				SKIP_INSTALL = YES;
				SWIFT_VERSION = 5.0;
			};
			name = Debug;
		};
		CCC9A0DEE8743CE090B461BC /* Release */ = {
			isa = XCBuildConfiguration;
			buildSettings = {
				ASSETCATALOG_COMPILER_APPICON_NAME = AppIcon;
				ASSETCATALOG_COMPILER_GLOBAL_ACCENT_COLOR_NAME = AccentColor;
				CODE_SIGN_ENTITLEMENTS = "MQTTAnalyzer-macOS/MQTTAnalyzer.entitlements";
				CODE_SIGN_STYLE = Automatic;
				COMBINE_HIDPI_IMAGES = YES;
				CURRENT_PROJECT_VERSION = 356;
				DEAD_CODE_STRIPPING = YES;
				INFOPLIST_FILE = "MQTTAnalyzer-macOS/Info.plist";
				INFOPLIST_KEY_LSApplicationCategoryType = "public.app-category.developer-tools";
				LD_RUNPATH_SEARCH_PATHS = (
					"$(inherited)",
					"@executable_path/../Frameworks",
				);
				MACOSX_DEPLOYMENT_TARGET = 15.0;
				MARKETING_VERSION = 3.3.3;
				PRODUCT_BUNDLE_IDENTIFIER = de.rnd7.MQTTAnalyzer;
				PRODUCT_NAME = MQTTAnalyzer;
				REGISTER_APP_GROUPS = YES;
				SDKROOT = macosx;
				SWIFT_VERSION = 5.0;
			};
			name = Release;
		};
		D5A83293FD6859D7091FD5E4 /* Debug */ = {
			isa = XCBuildConfiguration;
			buildSettings = {
				BUNDLE_LOADER = "";
				CODE_SIGN_STYLE = Automatic;
				GENERATE_INFOPLIST_FILE = YES;
				MACOSX_DEPLOYMENT_TARGET = 15.0;
				PRODUCT_BUNDLE_IDENTIFIER = de.rnd7.MQTTAnalyzerCLITests;
				PRODUCT_MODULE_NAME = MQTTAnalyzerCLITests;
				PRODUCT_NAME = MQTTAnalyzerCLITests;
				SDKROOT = macosx;
				SWIFT_VERSION = 5.0;
				TEST_HOST = "";
			};
			name = Debug;
		};
/* End XCBuildConfiguration section */

/* Begin XCConfigurationList section */
		16BC91015DAC16879E0981CC /* Build configuration list for PBXNativeTarget "MQTTAnalyzer-macOS" */ = {
			isa = XCConfigurationList;
			buildConfigurations = (
				CCC9A0DEE8743CE090B461BC /* Release */,
				8062676E9C83346A693D0F95 /* Debug */,
			);
			defaultConfigurationIsVisible = 0;
			defaultConfigurationName = Release;
		};
		2253F8CD22C8C007007E35A2 /* Build configuration list for PBXProject "MQTTAnalyzer" */ = {
			isa = XCConfigurationList;
			buildConfigurations = (
				2253F8FD22C8C008007E35A2 /* Debug */,
				2253F8FE22C8C008007E35A2 /* Release */,
			);
			defaultConfigurationIsVisible = 0;
			defaultConfigurationName = Release;
		};
		2253F8FF22C8C008007E35A2 /* Build configuration list for PBXNativeTarget "MQTTAnalyzer" */ = {
			isa = XCConfigurationList;
			buildConfigurations = (
				2253F90022C8C008007E35A2 /* Debug */,
				2253F90122C8C008007E35A2 /* Release */,
			);
			defaultConfigurationIsVisible = 0;
			defaultConfigurationName = Release;
		};
		2253F90222C8C008007E35A2 /* Build configuration list for PBXNativeTarget "MQTTAnalyzerTests" */ = {
			isa = XCConfigurationList;
			buildConfigurations = (
				2253F90322C8C008007E35A2 /* Debug */,
				2253F90422C8C008007E35A2 /* Release */,
			);
			defaultConfigurationIsVisible = 0;
			defaultConfigurationName = Release;
		};
		2282D9FF28102EB100F79E65 /* Build configuration list for PBXNativeTarget "MQTTAnalyzerIntentUI" */ = {
			isa = XCConfigurationList;
			buildConfigurations = (
				2282D9FD28102EB100F79E65 /* Debug */,
				2282D9FE28102EB100F79E65 /* Release */,
			);
			defaultConfigurationIsVisible = 0;
			defaultConfigurationName = Release;
		};
		2282DA0028102EB100F79E65 /* Build configuration list for PBXNativeTarget "MQTTAnalyzerIntent" */ = {
			isa = XCConfigurationList;
			buildConfigurations = (
				2282D9FB28102EB100F79E65 /* Debug */,
				2282D9FC28102EB100F79E65 /* Release */,
			);
			defaultConfigurationIsVisible = 0;
			defaultConfigurationName = Release;
		};
		22C7F0D72416A16600534880 /* Build configuration list for PBXNativeTarget "MQTTAnalyzerUITests" */ = {
			isa = XCConfigurationList;
			buildConfigurations = (
				22C7F0D82416A16600534880 /* Debug */,
				22C7F0D92416A16600534880 /* Release */,
			);
			defaultConfigurationIsVisible = 0;
			defaultConfigurationName = Release;
		};
		22C96E2F28141B9900A4F627 /* Build configuration list for PBXNativeTarget "MQTTAnalyzerIntegrationTests" */ = {
			isa = XCConfigurationList;
			buildConfigurations = (
				22C96E2D28141B9900A4F627 /* Debug */,
				22C96E2E28141B9900A4F627 /* Release */,
			);
			defaultConfigurationIsVisible = 0;
			defaultConfigurationName = Release;
		};
		4F6EC4E86006E6FEB07D1E60 /* Build configuration list for PBXNativeTarget "MQTTAnalyzerCLITests" */ = {
			isa = XCConfigurationList;
			buildConfigurations = (
				9FBA0F0DD8DE983B06AA7867 /* Release */,
				D5A83293FD6859D7091FD5E4 /* Debug */,
			);
			defaultConfigurationIsVisible = 0;
			defaultConfigurationName = Release;
		};
		C39B70DBFE49DE17FA5F8D35 /* Build configuration list for PBXNativeTarget "MQTTAnalyzerCLI" */ = {
			isa = XCConfigurationList;
			buildConfigurations = (
				3AE43E2DF72E5447FCDBD16E /* Release */,
				C54CA3D7F39B745A8B2E7AA7 /* Debug */,
			);
			defaultConfigurationIsVisible = 0;
			defaultConfigurationName = Release;
		};
/* End XCConfigurationList section */

/* Begin XCRemoteSwiftPackageReference section */
		08B1C977709A6CD8AAE921D6 /* XCRemoteSwiftPackageReference "swift-argument-parser" */ = {
			isa = XCRemoteSwiftPackageReference;
			repositoryURL = "https://github.com/apple/swift-argument-parser.git";
			requirement = {
				kind = upToNextMajorVersion;
				minimumVersion = 1.3.0;
			};
		};
		22COCOA0127C60000MQTT01 /* XCRemoteSwiftPackageReference "CocoaMQTT" */ = {
			isa = XCRemoteSwiftPackageReference;
			repositoryURL = "https://github.com/philipparndt/CocoaMQTT.git";
			requirement = {
				kind = exactVersion;
				version = "2.2.5-apple-network";
			};
		};
		22GRDB00127C50000SWIFT01 /* XCRemoteSwiftPackageReference "GRDB" */ = {
			isa = XCRemoteSwiftPackageReference;
			repositoryURL = "https://github.com/groue/GRDB.swift";
			requirement = {
				kind = upToNextMajorVersion;
				minimumVersion = 7.0.0;
			};
		};
/* End XCRemoteSwiftPackageReference section */

/* Begin XCSwiftPackageProductDependency section */
		08F59FB5EA634AF890270790 /* CocoaMQTT */ = {
			isa = XCSwiftPackageProductDependency;
			package = 22COCOA0127C60000MQTT01 /* XCRemoteSwiftPackageReference "CocoaMQTT" */;
			productName = CocoaMQTT;
		};
		228466D42F59586600027A13 /* GRDB */ = {
			isa = XCSwiftPackageProductDependency;
			package = 22GRDB00127C50000SWIFT01 /* XCRemoteSwiftPackageReference "GRDB" */;
			productName = GRDB;
		};
		228466D62F59586600027A13 /* CocoaMQTT */ = {
			isa = XCSwiftPackageProductDependency;
			package = 22COCOA0127C60000MQTT01 /* XCRemoteSwiftPackageReference "CocoaMQTT" */;
			productName = CocoaMQTT;
		};
		228466D82F59586600027A13 /* CocoaMQTTWebSocket */ = {
			isa = XCSwiftPackageProductDependency;
			package = 22COCOA0127C60000MQTT01 /* XCRemoteSwiftPackageReference "CocoaMQTT" */;
			productName = CocoaMQTTWebSocket;
		};
		22COCOA0227C60000MQTT02 /* CocoaMQTT */ = {
			isa = XCSwiftPackageProductDependency;
			package = 22COCOA0127C60000MQTT01 /* XCRemoteSwiftPackageReference "CocoaMQTT" */;
			productName = CocoaMQTT;
		};
		22COCOA0427C60000MQTT04 /* CocoaMQTTWebSocket */ = {
			isa = XCSwiftPackageProductDependency;
			package = 22COCOA0127C60000MQTT01 /* XCRemoteSwiftPackageReference "CocoaMQTT" */;
			productName = CocoaMQTTWebSocket;
		};
		22COCOA0627C60000MQTT06 /* CocoaMQTT */ = {
			isa = XCSwiftPackageProductDependency;
			package = 22COCOA0127C60000MQTT01 /* XCRemoteSwiftPackageReference "CocoaMQTT" */;
			productName = CocoaMQTT;
		};
		22COCOA0827C60000MQTT08 /* CocoaMQTTWebSocket */ = {
			isa = XCSwiftPackageProductDependency;
			package = 22COCOA0127C60000MQTT01 /* XCRemoteSwiftPackageReference "CocoaMQTT" */;
			productName = CocoaMQTTWebSocket;
		};
		22COCOA0A27C60000MQTT0A /* CocoaMQTT */ = {
			isa = XCSwiftPackageProductDependency;
			package = 22COCOA0127C60000MQTT01 /* XCRemoteSwiftPackageReference "CocoaMQTT" */;
			productName = CocoaMQTT;
		};
		22COCOA0C27C60000MQTT0C /* CocoaMQTTWebSocket */ = {
			isa = XCSwiftPackageProductDependency;
			package = 22COCOA0127C60000MQTT01 /* XCRemoteSwiftPackageReference "CocoaMQTT" */;
			productName = CocoaMQTTWebSocket;
		};
		22COCOA0E27C60000MQTT0E /* CocoaMQTT */ = {
			isa = XCSwiftPackageProductDependency;
			package = 22COCOA0127C60000MQTT01 /* XCRemoteSwiftPackageReference "CocoaMQTT" */;
			productName = CocoaMQTT;
		};
		22COCOA1027C60000MQTT10 /* CocoaMQTTWebSocket */ = {
			isa = XCSwiftPackageProductDependency;
			package = 22COCOA0127C60000MQTT01 /* XCRemoteSwiftPackageReference "CocoaMQTT" */;
			productName = CocoaMQTTWebSocket;
		};
		22GRDB00227C50000SWIFT02 /* GRDB */ = {
			isa = XCSwiftPackageProductDependency;
			package = 22GRDB00127C50000SWIFT01 /* XCRemoteSwiftPackageReference "GRDB" */;
			productName = GRDB;
		};
		22GRDB00427C50000SWIFT04 /* GRDB */ = {
			isa = XCSwiftPackageProductDependency;
			package = 22GRDB00127C50000SWIFT01 /* XCRemoteSwiftPackageReference "GRDB" */;
			productName = GRDB;
		};
		3008872BD482F48069158E5A /* ArgumentParser */ = {
			isa = XCSwiftPackageProductDependency;
			package = 08B1C977709A6CD8AAE921D6 /* XCRemoteSwiftPackageReference "swift-argument-parser" */;
			productName = ArgumentParser;
		};
		45F49BADF6B84BA4053B9800 /* CocoaMQTT */ = {
			isa = XCSwiftPackageProductDependency;
			package = 22COCOA0127C60000MQTT01 /* XCRemoteSwiftPackageReference "CocoaMQTT" */;
			productName = CocoaMQTT;
		};
		584F3A5C2B99BC379DB4D038 /* ArgumentParser */ = {
			isa = XCSwiftPackageProductDependency;
			package = 08B1C977709A6CD8AAE921D6 /* XCRemoteSwiftPackageReference "swift-argument-parser" */;
			productName = ArgumentParser;
		};
		692B9BA67F244871BE8F2032 /* CocoaMQTTWebSocket */ = {
			isa = XCSwiftPackageProductDependency;
			package = 22COCOA0127C60000MQTT01 /* XCRemoteSwiftPackageReference "CocoaMQTT" */;
			productName = CocoaMQTTWebSocket;
		};
		B0CF8F19D36778510A5298FA /* CocoaMQTTWebSocket */ = {
			isa = XCSwiftPackageProductDependency;
			package = 22COCOA0127C60000MQTT01 /* XCRemoteSwiftPackageReference "CocoaMQTT" */;
			productName = CocoaMQTTWebSocket;
		};
/* End XCSwiftPackageProductDependency section */
	};
	rootObject = 2253F8CA22C8C007007E35A2 /* Project object */;
}
