{
  "originHash" : "f6cf615eba0dc4413b23ea063666b32778b9b7e2ac4f2c61ebea94ff87a87e2c",
  "pins" : [
    {
      "identity" : "cocoamqtt",
      "kind" : "remoteSourceControl",
      "location" : "https://github.com/philipparndt/CocoaMQTT.git",
      "state" : {
        "revision" : "a555809aa23898830b85c77c6275cb5d1ff376f1",
        "version" : "2.2.2-apple-netowrk"
      }
    },
    {
      "identity" : "dynamic",
      "kind" : "remoteSourceControl",
      "location" : "https://github.com/mhdhejazi/Dynamic.git",
      "state" : {
        "revision" : "ab9a2570862d54aed2663691bb767f881226a12f",
        "version" : "1.2.0"
      }
    },
    {
      "identity" : "grdb.swift",
      "kind" : "remoteSourceControl",
      "location" : "https://github.com/groue/GRDB.swift",
      "state" : {
        "revision" : "36e30a6f1ef10e4194f6af0cff90888526f0c115",
        "version" : "7.10.0"
      }
    },
    {
      "identity" : "swift-petitparser",
      "kind" : "remoteSourceControl",
      "location" : "https://github.com/philipparndt/swift-petitparser",
      "state" : {
        "revision" : "0988dd0285a85e99fdc747d99bc8147239f7ad63",
        "version" : "1.3.0"
      }
    },
    {
      "identity" : "swiftyjson",
      "kind" : "remoteSourceControl",
      "location" : "https://github.com/SwiftyJSON/SwiftyJSON",
      "state" : {
        "revision" : "af76cf3ef710b6ca5f8c05f3a31307d44a3c5828",
        "version" : "5.0.2"
      }
    }
  ],
  "version" : 3
}
