PODS:
  - CocoaAsyncSocket (7.6.4)
  - CocoaMQTT (1.3.0-rc.1):
    - CocoaMQTT/Core (= 1.3.0-rc.1)
  - CocoaMQTT/Core (1.3.0-rc.1):
    - CocoaAsyncSocket (~> 7.6.3)
  - CocoaMQTT/WebSockets (1.3.0-rc.1):
    - CocoaMQTT/Core
    - Starscream (~> 3.0.2)
  - Highlightr (2.1.0)
  - IceCream (1.13.1):
    - RealmSwift
  - Moscapsule (0.6.4)
  - OpenSSL-Universal (1.0.2.20):
    - OpenSSL-Universal/Static (= 1.0.2.20)
  - OpenSSL-Universal/Static (1.0.2.20)
  - Realm (4.4.1):
    - Realm/Headers (= 4.4.1)
  - Realm/Headers (4.4.1)
  - RealmSwift (4.4.1):
    - Realm (= 4.4.1)
  - Starscream (3.0.6)
  - swift-petitparser (1.2.1)
  - SwiftLint (0.39.2)
  - SwiftyJSON (5.0.0)

DEPENDENCIES:
  - CocoaMQTT (= 1.3.0-rc.1)
  - CocoaMQTT/WebSockets (= 1.3.0-rc.1)
  - Highlightr (from `https://github.com/raspu/Highlightr.git`)
  - IceCream
  - Moscapsule (from `https://github.com/flightonary/Moscapsule.git`)
  - OpenSSL-Universal (= 1.0.2.20)
  - RealmSwift (~> 4.4.1)
  - swift-petitparser
  - SwiftLint
  - SwiftyJSON

SPEC REPOS:
  trunk:
    - CocoaAsyncSocket
    - CocoaMQTT
    - IceCream
    - OpenSSL-Universal
    - Realm
    - RealmSwift
    - Starscream
    - swift-petitparser
    - SwiftLint
    - SwiftyJSON

EXTERNAL SOURCES:
  Highlightr:
    :git: https://github.com/raspu/Highlightr.git
  Moscapsule:
    :git: https://github.com/flightonary/Moscapsule.git

CHECKOUT OPTIONS:
  Highlightr:
    :commit: 87465e7ac116a4c8672fa29aae840e9c9e68bedb
    :git: https://github.com/raspu/Highlightr.git
  Moscapsule:
    :commit: dac89a1b5ad1163e88aaad2c2627dee4eea6e572
    :git: https://github.com/flightonary/Moscapsule.git

SPEC CHECKSUMS:
  CocoaAsyncSocket: 694058e7c0ed05a9e217d1b3c7ded962f4180845
  CocoaMQTT: 3a24a180c2d7759465abbd96d49c655e4399ac35
  Highlightr: 683f05d5223cade533a78528a35c9f06e4caddf8
  IceCream: 0447d87b55df85651dd60b15712cef64dbe1cb54
  Moscapsule: 6bb834c60e24251897dc1cb2c4552fd674f887f3
  OpenSSL-Universal: ff34003318d5e1163e9529b08470708e389ffcdd
  Realm: 4eb04d7487bd43c0581256f40b424eafb711deff
  RealmSwift: 3eb8924ff7100df5928c7602f71d0fec51e7c9c5
  Starscream: ef3ece99d765eeccb67de105bfa143f929026cf5
  swift-petitparser: 3a4ef1e19bbf198200d73036459a9ce02a0a3068
  SwiftLint: 22ccbbe3b8008684be5955693bab135e0ed6a447
  SwiftyJSON: 36413e04c44ee145039d332b4f4e2d3e8d6c4db7

PODFILE CHECKSUM: bae5286e11804cc4d47e5c2c8ed4da519b5363ed

COCOAPODS: 1.9.2
