PODS:
  - CocoaMQTT (2.0.7):
    - CocoaMQTT/Core (= 2.0.7)
  - CocoaMQTT/Core (2.0.7)
  - CocoaMQTT/WebSockets (2.0.7):
    - CocoaMQTT/Core
  - GRDB.swift (6.27.0):
    - GRDB.swift/standard (= 6.27.0)
  - GRDB.swift/standard (6.27.0)

DEPENDENCIES:
  - CocoaMQTT (from `https://github.com/philipparndt/CocoaMQTT.git`, branch `apple-network`)
  - CocoaMQTT/WebSockets (from `https://github.com/philipparndt/CocoaMQTT.git`, branch `apple-network`)
  - GRDB.swift (from `https://github.com/groue/GRDB.swift`, tag `v6.27.0`)

EXTERNAL SOURCES:
  CocoaMQTT:
    :branch: apple-network
    :git: https://github.com/philipparndt/CocoaMQTT.git
  GRDB.swift:
    :git: https://github.com/groue/GRDB.swift
    :tag: v6.27.0

CHECKOUT OPTIONS:
  CocoaMQTT:
    :commit: 885e984c186f8b950fb697918a99284e9fb9e6a3
    :git: https://github.com/philipparndt/CocoaMQTT.git
  GRDB.swift:
    :git: https://github.com/groue/GRDB.swift
    :tag: v6.27.0

SPEC CHECKSUMS:
  CocoaMQTT: 8c7af7e0a76f81428eb7b8bd9ce8e4fba84afb33
  GRDB.swift: 384773f598284a05f230fe796dfc646d1925669e

PODFILE CHECKSUM: 4e600d86943f0db9a48711d88f5264fce738bfd0

COCOAPODS: 1.16.2
